// !$*UTF8*$!
{
	archiveVersion = 1;
	classes = {
	};
	objectVersion = 45;
	objects = {

/* Begin PBXBuildFile section */
		1DDD582C0DA1D0D100B32029 /* MyDocument.xib in Resources */ = {isa = PBXBuildFile; fileRef = 1DDD58280DA1D0D100B32029 /* MyDocument.xib */; };
		1DDD582D0DA1D0D100B32029 /* MainMenu.xib in Resources */ = {isa = PBXBuildFile; fileRef = 1DDD582A0DA1D0D100B32029 /* MainMenu.xib */; };
		8D15AC2C0486D014006FF6A4 /* Credits.rtf in Resources */ = {isa = PBXBuildFile; fileRef = 2A37F4B9FDCFA73011CA2CEA /* Credits.rtf */; };
		8D15AC2F0486D014006FF6A4 /* InfoPlist.strings in Resources */ = {isa = PBXBuildFile; fileRef = 089C165FFE840EACC02AAC07 /* InfoPlist.strings */; };
		8D15AC310486D014006FF6A4 /* MyDocument.m in Sources */ = {isa = PBXBuildFile; fileRef = 2A37F4ACFDCFA73011CA2CEA /* MyDocument.m */; settings = {ATTRIBUTES = (); }; };
		8D15AC320486D014006FF6A4 /* main.mm in Sources */ = {isa = PBXBuildFile; fileRef = 2A37F4B0FDCFA73011CA2CEA /* main.mm */; settings = {ATTRIBUTES = (); }; };
		8D15AC340486D014006FF6A4 /* Cocoa.framework in Frameworks */ = {isa = PBXBuildFile; fileRef = 1058C7A7FEA54F5311CA2CBB /* Cocoa.framework */; };
		A91103E40F321DBA0013D1E0 /* libuniversaldetector.a in Frameworks */ = {isa = PBXBuildFile; fileRef = A91103930F321CF60013D1E0 /* libuniversaldetector.a */; };
		A911064B0F323D450013D1E0 /* AppDelegate.m in Sources */ = {isa = PBXBuildFile; fileRef = A911064A0F323D450013D1E0 /* AppDelegate.m */; };
		A96AAE920F33888000BD6D64 /* MP4Utilities.m in Sources */ = {isa = PBXBuildFile; fileRef = A96AAE910F33888000BD6D64 /* MP4Utilities.m */; };
		A97CB16A0F3467F400CC1049 /* MP4FileWrapper.m in Sources */ = {isa = PBXBuildFile; fileRef = A97CB1690F3467F400CC1049 /* MP4FileWrapper.m */; };
		A97CB1850F34689400CC1049 /* MP4TrackWrapper.m in Sources */ = {isa = PBXBuildFile; fileRef = A97CB1840F34689400CC1049 /* MP4TrackWrapper.m */; };
		A97CB37B0F347C6700CC1049 /* MP4SubtitleTrackWrapper.m in Sources */ = {isa = PBXBuildFile; fileRef = A97CB37A0F347C6700CC1049 /* MP4SubtitleTrackWrapper.m */; };
		A9C1E8560F31F395003A08F3 /* libmp4v2.a in Frameworks */ = {isa = PBXBuildFile; fileRef = A9C1E8550F31F395003A08F3 /* libmp4v2.a */; };
		A9C1EB2F0F31FF24003A08F3 /* SubMuxer.m in Sources */ = {isa = PBXBuildFile; fileRef = A9C1EB2E0F31FF24003A08F3 /* SubMuxer.m */; };
		A9F5EA800F32E55000C057E0 /* SubUtilities.m in Sources */ = {isa = PBXBuildFile; fileRef = A9F5EA7F0F32E55000C057E0 /* SubUtilities.m */; };
		A9F5EBAE0F32F2DB00C057E0 /* lang.c in Sources */ = {isa = PBXBuildFile; fileRef = A9F5EBAD0F32F2DB00C057E0 /* lang.c */; };
		A9FD5D340F3C69BE00817716 /* ChapterViewController.m in Sources */ = {isa = PBXBuildFile; fileRef = A9FD5D330F3C69BE00817716 /* ChapterViewController.m */; };
		A9FD5D420F3C6A6300817716 /* EmptyViewController.m in Sources */ = {isa = PBXBuildFile; fileRef = A9FD5D410F3C6A6300817716 /* EmptyViewController.m */; };
		A9FD5DA40F3C6F8100817716 /* EmptyView.xib in Resources */ = {isa = PBXBuildFile; fileRef = A9FD5DA30F3C6F8100817716 /* EmptyView.xib */; };
		A9FD5DA60F3C6F8A00817716 /* ChapterView.xib in Resources */ = {isa = PBXBuildFile; fileRef = A9FD5DA50F3C6F8A00817716 /* ChapterView.xib */; };
		A9FD5E110F3C7BF400817716 /* MP4ChapterTrackWrapper.m in Sources */ = {isa = PBXBuildFile; fileRef = A9FD5E100F3C7BF400817716 /* MP4ChapterTrackWrapper.m */; };
		A9FD5EBF0F3C889C00817716 /* MP4Metadata.m in Sources */ = {isa = PBXBuildFile; fileRef = A9FD5EBE0F3C889C00817716 /* MP4Metadata.m */; };
		A9FD5EC70F3C8A4800817716 /* MovieView.xib in Resources */ = {isa = PBXBuildFile; fileRef = A9FD5EC50F3C8A4800817716 /* MovieView.xib */; };
		A9FD5ECF0F3C8AF100817716 /* MovieViewController.m in Sources */ = {isa = PBXBuildFile; fileRef = A9FD5ECE0F3C8AF100817716 /* MovieViewController.m */; };
/* End PBXBuildFile section */

/* Begin PBXContainerItemProxy section */
		A911038E0F321CF60013D1E0 /* PBXContainerItemProxy */ = {
			isa = PBXContainerItemProxy;
			containerPortal = A91103850F321CF60013D1E0 /* UniversalDetector.xcodeproj */;
			proxyType = 2;
			remoteGlobalIDString = 8DC2EF5B0486A6940098B216;
			remoteInfo = UniversalDetector;
		};
		A91103900F321CF60013D1E0 /* PBXContainerItemProxy */ = {
			isa = PBXContainerItemProxy;
			containerPortal = A91103850F321CF60013D1E0 /* UniversalDetector.xcodeproj */;
			proxyType = 2;
			remoteGlobalIDString = 1B0DDCAB0A2D0AD10009B697;
			remoteInfo = DetectorTest;
		};
		A91103920F321CF60013D1E0 /* PBXContainerItemProxy */ = {
			isa = PBXContainerItemProxy;
			containerPortal = A91103850F321CF60013D1E0 /* UniversalDetector.xcodeproj */;
			proxyType = 2;
			remoteGlobalIDString = 3DBF4F570BCD396800DA401A;
			remoteInfo = universaldetector;
		};
		A91103BB0F321D4C0013D1E0 /* PBXContainerItemProxy */ = {
			isa = PBXContainerItemProxy;
			containerPortal = A91103850F321CF60013D1E0 /* UniversalDetector.xcodeproj */;
			proxyType = 1;
			remoteGlobalIDString = 3DBF4F560BCD396800DA401A;
			remoteInfo = universaldetector;
		};
/* End PBXContainerItemProxy section */

/* Begin PBXFileReference section */
		089C1660FE840EACC02AAC07 /* English */ = {isa = PBXFileReference; fileEncoding = 10; lastKnownFileType = text.plist.strings; name = English; path = English.lproj/InfoPlist.strings; sourceTree = "<group>"; };
		1058C7A7FEA54F5311CA2CBB /* Cocoa.framework */ = {isa = PBXFileReference; lastKnownFileType = wrapper.framework; name = Cocoa.framework; path = /System/Library/Frameworks/Cocoa.framework; sourceTree = "<absolute>"; };
		13E42FBA07B3F13500E4EEF1 /* CoreData.framework */ = {isa = PBXFileReference; lastKnownFileType = wrapper.framework; name = CoreData.framework; path = /System/Library/Frameworks/CoreData.framework; sourceTree = "<absolute>"; };
		1DDD58290DA1D0D100B32029 /* English */ = {isa = PBXFileReference; lastKnownFileType = file.xib; name = English; path = English.lproj/MyDocument.xib; sourceTree = "<group>"; };
		1DDD582B0DA1D0D100B32029 /* English */ = {isa = PBXFileReference; lastKnownFileType = file.xib; name = English; path = English.lproj/MainMenu.xib; sourceTree = "<group>"; };
		2A37F4ACFDCFA73011CA2CEA /* MyDocument.m */ = {isa = PBXFileReference; fileEncoding = 4; lastKnownFileType = sourcecode.c.objc; path = MyDocument.m; sourceTree = "<group>"; };
		2A37F4AEFDCFA73011CA2CEA /* MyDocument.h */ = {isa = PBXFileReference; fileEncoding = 4; lastKnownFileType = sourcecode.c.h; path = MyDocument.h; sourceTree = "<group>"; };
		2A37F4B0FDCFA73011CA2CEA /* main.mm */ = {isa = PBXFileReference; fileEncoding = 4; lastKnownFileType = sourcecode.cpp.objcpp; path = main.mm; sourceTree = "<group>"; };
		2A37F4BAFDCFA73011CA2CEA /* English */ = {isa = PBXFileReference; lastKnownFileType = text.rtf; name = English; path = English.lproj/Credits.rtf; sourceTree = "<group>"; };
		2A37F4C4FDCFA73011CA2CEA /* AppKit.framework */ = {isa = PBXFileReference; lastKnownFileType = wrapper.framework; name = AppKit.framework; path = /System/Library/Frameworks/AppKit.framework; sourceTree = "<absolute>"; };
		2A37F4C5FDCFA73011CA2CEA /* Foundation.framework */ = {isa = PBXFileReference; lastKnownFileType = wrapper.framework; name = Foundation.framework; path = /System/Library/Frameworks/Foundation.framework; sourceTree = "<absolute>"; };
		32DBCF750370BD2300C91783 /* Subler_Prefix.pch */ = {isa = PBXFileReference; fileEncoding = 4; lastKnownFileType = sourcecode.c.h; path = Subler_Prefix.pch; sourceTree = "<group>"; };
		8D15AC360486D014006FF6A4 /* Info.plist */ = {isa = PBXFileReference; fileEncoding = 4; lastKnownFileType = text.plist.xml; path = Info.plist; sourceTree = "<group>"; };
		8D15AC370486D014006FF6A4 /* Subler.app */ = {isa = PBXFileReference; explicitFileType = wrapper.application; includeInIndex = 0; path = Subler.app; sourceTree = BUILT_PRODUCTS_DIR; };
		A91103850F321CF60013D1E0 /* UniversalDetector.xcodeproj */ = {isa = PBXFileReference; lastKnownFileType = "wrapper.pb-project"; name = UniversalDetector.xcodeproj; path = UniversalDetector/UniversalDetector.xcodeproj; sourceTree = "<group>"; };
		A911049C0F321DFC0013D1E0 /* UniversalDetector.h */ = {isa = PBXFileReference; fileEncoding = 4; lastKnownFileType = sourcecode.c.h; name = UniversalDetector.h; path = UniversalDetector/UniversalDetector.h; sourceTree = "<group>"; };
		A91106490F323D450013D1E0 /* AppDelegate.h */ = {isa = PBXFileReference; fileEncoding = 4; lastKnownFileType = sourcecode.c.h; path = AppDelegate.h; sourceTree = "<group>"; };
		A911064A0F323D450013D1E0 /* AppDelegate.m */ = {isa = PBXFileReference; fileEncoding = 4; lastKnownFileType = sourcecode.c.objc; path = AppDelegate.m; sourceTree = "<group>"; };
		A96AAE900F33888000BD6D64 /* MP4Utilities.h */ = {isa = PBXFileReference; fileEncoding = 4; lastKnownFileType = sourcecode.c.h; path = MP4Utilities.h; sourceTree = "<group>"; };
		A96AAE910F33888000BD6D64 /* MP4Utilities.m */ = {isa = PBXFileReference; fileEncoding = 4; lastKnownFileType = sourcecode.c.objc; path = MP4Utilities.m; sourceTree = "<group>"; };
		A97CB1680F3467F400CC1049 /* MP4FileWrapper.h */ = {isa = PBXFileReference; fileEncoding = 4; lastKnownFileType = sourcecode.c.h; path = MP4FileWrapper.h; sourceTree = "<group>"; };
		A97CB1690F3467F400CC1049 /* MP4FileWrapper.m */ = {isa = PBXFileReference; fileEncoding = 4; lastKnownFileType = sourcecode.c.objc; path = MP4FileWrapper.m; sourceTree = "<group>"; };
		A97CB1830F34689400CC1049 /* MP4TrackWrapper.h */ = {isa = PBXFileReference; fileEncoding = 4; lastKnownFileType = sourcecode.c.h; path = MP4TrackWrapper.h; sourceTree = "<group>"; };
		A97CB1840F34689400CC1049 /* MP4TrackWrapper.m */ = {isa = PBXFileReference; fileEncoding = 4; lastKnownFileType = sourcecode.c.objc; path = MP4TrackWrapper.m; sourceTree = "<group>"; };
		A97CB3790F347C6700CC1049 /* MP4SubtitleTrackWrapper.h */ = {isa = PBXFileReference; fileEncoding = 4; lastKnownFileType = sourcecode.c.h; path = MP4SubtitleTrackWrapper.h; sourceTree = "<group>"; };
		A97CB37A0F347C6700CC1049 /* MP4SubtitleTrackWrapper.m */ = {isa = PBXFileReference; fileEncoding = 4; lastKnownFileType = sourcecode.c.objc; path = MP4SubtitleTrackWrapper.m; sourceTree = "<group>"; };
		A9C1E8550F31F395003A08F3 /* libmp4v2.a */ = {isa = PBXFileReference; lastKnownFileType = archive.ar; name = libmp4v2.a; path = mp4v2/libmp4v2.a; sourceTree = "<group>"; };
		A9C1EB2D0F31FF24003A08F3 /* SubMuxer.h */ = {isa = PBXFileReference; fileEncoding = 4; lastKnownFileType = sourcecode.c.h; path = SubMuxer.h; sourceTree = "<group>"; };
		A9C1EB2E0F31FF24003A08F3 /* SubMuxer.m */ = {isa = PBXFileReference; fileEncoding = 4; lastKnownFileType = sourcecode.c.objc; path = SubMuxer.m; sourceTree = "<group>"; };
		A9F5EA7E0F32E55000C057E0 /* SubUtilities.h */ = {isa = PBXFileReference; fileEncoding = 4; lastKnownFileType = sourcecode.c.h; path = SubUtilities.h; sourceTree = "<group>"; };
		A9F5EA7F0F32E55000C057E0 /* SubUtilities.m */ = {isa = PBXFileReference; fileEncoding = 4; lastKnownFileType = sourcecode.c.objc; path = SubUtilities.m; sourceTree = "<group>"; };
		A9F5EBAD0F32F2DB00C057E0 /* lang.c */ = {isa = PBXFileReference; fileEncoding = 4; lastKnownFileType = sourcecode.c.c; path = lang.c; sourceTree = "<group>"; };
		A9F5EBB00F32F31600C057E0 /* lang.h */ = {isa = PBXFileReference; fileEncoding = 4; lastKnownFileType = sourcecode.c.h; path = lang.h; sourceTree = "<group>"; };
		A9FD5CE30F3C64D000817716 /* English */ = {isa = PBXFileReference; lastKnownFileType = file.xib; name = English; path = PropertyView/English.lproj/EmptyView.xib; sourceTree = "<group>"; };
		A9FD5D320F3C69BE00817716 /* ChapterViewController.h */ = {isa = PBXFileReference; fileEncoding = 4; lastKnownFileType = sourcecode.c.h; name = ChapterViewController.h; path = PropertyView/ChapterViewController.h; sourceTree = "<group>"; };
		A9FD5D330F3C69BE00817716 /* ChapterViewController.m */ = {isa = PBXFileReference; fileEncoding = 4; lastKnownFileType = sourcecode.c.objc; name = ChapterViewController.m; path = PropertyView/ChapterViewController.m; sourceTree = "<group>"; };
		A9FD5D380F3C69EE00817716 /* English */ = {isa = PBXFileReference; lastKnownFileType = file.xib; name = English; path = PropertyView/English.lproj/ChapterView.xib; sourceTree = "<group>"; };
		A9FD5D400F3C6A6300817716 /* EmptyViewController.h */ = {isa = PBXFileReference; fileEncoding = 4; lastKnownFileType = sourcecode.c.h; name = EmptyViewController.h; path = PropertyView/EmptyViewController.h; sourceTree = "<group>"; };
		A9FD5D410F3C6A6300817716 /* EmptyViewController.m */ = {isa = PBXFileReference; fileEncoding = 4; lastKnownFileType = sourcecode.c.objc; name = EmptyViewController.m; path = PropertyView/EmptyViewController.m; sourceTree = "<group>"; };
		A9FD5E0F0F3C7BF400817716 /* MP4ChapterTrackWrapper.h */ = {isa = PBXFileReference; fileEncoding = 4; lastKnownFileType = sourcecode.c.h; path = MP4ChapterTrackWrapper.h; sourceTree = "<group>"; };
		A9FD5E100F3C7BF400817716 /* MP4ChapterTrackWrapper.m */ = {isa = PBXFileReference; fileEncoding = 4; lastKnownFileType = sourcecode.c.objc; path = MP4ChapterTrackWrapper.m; sourceTree = "<group>"; };
		A9FD5EBD0F3C889C00817716 /* MP4Metadata.h */ = {isa = PBXFileReference; fileEncoding = 4; lastKnownFileType = sourcecode.c.h; path = MP4Metadata.h; sourceTree = "<group>"; };
		A9FD5EBE0F3C889C00817716 /* MP4Metadata.m */ = {isa = PBXFileReference; fileEncoding = 4; lastKnownFileType = sourcecode.c.objc; path = MP4Metadata.m; sourceTree = "<group>"; };
		A9FD5EC60F3C8A4800817716 /* English */ = {isa = PBXFileReference; lastKnownFileType = file.xib; name = English; path = PropertyView/English.lproj/MovieView.xib; sourceTree = "<group>"; };
		A9FD5ECD0F3C8AF100817716 /* MovieViewController.h */ = {isa = PBXFileReference; fileEncoding = 4; lastKnownFileType = sourcecode.c.h; name = MovieViewController.h; path = PropertyView/MovieViewController.h; sourceTree = "<group>"; };
		A9FD5ECE0F3C8AF100817716 /* MovieViewController.m */ = {isa = PBXFileReference; fileEncoding = 4; lastKnownFileType = sourcecode.c.objc; name = MovieViewController.m; path = PropertyView/MovieViewController.m; sourceTree = "<group>"; };
/* End PBXFileReference section */

/* Begin PBXFrameworksBuildPhase section */
		8D15AC330486D014006FF6A4 /* Frameworks */ = {
			isa = PBXFrameworksBuildPhase;
			buildActionMask = 2147483647;
			files = (
				A91103E40F321DBA0013D1E0 /* libuniversaldetector.a in Frameworks */,
				A9C1E8560F31F395003A08F3 /* libmp4v2.a in Frameworks */,
				8D15AC340486D014006FF6A4 /* Cocoa.framework in Frameworks */,
			);
			runOnlyForDeploymentPostprocessing = 0;
		};
/* End PBXFrameworksBuildPhase section */

/* Begin PBXGroup section */
		1058C7A6FEA54F5311CA2CBB /* Linked Frameworks */ = {
			isa = PBXGroup;
			children = (
				1058C7A7FEA54F5311CA2CBB /* Cocoa.framework */,
			);
			name = "Linked Frameworks";
			sourceTree = "<group>";
		};
		1058C7A8FEA54F5311CA2CBB /* Other Frameworks */ = {
			isa = PBXGroup;
			children = (
				A91103850F321CF60013D1E0 /* UniversalDetector.xcodeproj */,
				A9C1E8550F31F395003A08F3 /* libmp4v2.a */,
				2A37F4C4FDCFA73011CA2CEA /* AppKit.framework */,
				13E42FBA07B3F13500E4EEF1 /* CoreData.framework */,
				2A37F4C5FDCFA73011CA2CEA /* Foundation.framework */,
			);
			name = "Other Frameworks";
			sourceTree = "<group>";
		};
		19C28FB0FE9D524F11CA2CBB /* Products */ = {
			isa = PBXGroup;
			children = (
				8D15AC370486D014006FF6A4 /* Subler.app */,
			);
			name = Products;
			sourceTree = "<group>";
		};
		2A37F4AAFDCFA73011CA2CEA /* MP4Sub */ = {
			isa = PBXGroup;
			children = (
				2A37F4ABFDCFA73011CA2CEA /* Classes */,
				2A37F4AFFDCFA73011CA2CEA /* Other Sources */,
				2A37F4B8FDCFA73011CA2CEA /* Resources */,
				2A37F4C3FDCFA73011CA2CEA /* Frameworks */,
				19C28FB0FE9D524F11CA2CBB /* Products */,
			);
			name = MP4Sub;
			sourceTree = "<group>";
		};
		2A37F4ABFDCFA73011CA2CEA /* Classes */ = {
			isa = PBXGroup;
			children = (
				A9FD5E020F3C7B0400817716 /* mp4v2 wrapper */,
				A9FD5D150F3C692400817716 /* PropertyView */,
				A96AAE900F33888000BD6D64 /* MP4Utilities.h */,
				A96AAE910F33888000BD6D64 /* MP4Utilities.m */,
				A9F5EA7E0F32E55000C057E0 /* SubUtilities.h */,
				A9F5EA7F0F32E55000C057E0 /* SubUtilities.m */,
				A9C1EB2D0F31FF24003A08F3 /* SubMuxer.h */,
				A9C1EB2E0F31FF24003A08F3 /* SubMuxer.m */,
				2A37F4AEFDCFA73011CA2CEA /* MyDocument.h */,
				2A37F4ACFDCFA73011CA2CEA /* MyDocument.m */,
			);
			name = Classes;
			sourceTree = "<group>";
		};
		2A37F4AFFDCFA73011CA2CEA /* Other Sources */ = {
			isa = PBXGroup;
			children = (
				A91106490F323D450013D1E0 /* AppDelegate.h */,
				A911064A0F323D450013D1E0 /* AppDelegate.m */,
				32DBCF750370BD2300C91783 /* Subler_Prefix.pch */,
				A911049C0F321DFC0013D1E0 /* UniversalDetector.h */,
				A9F5EBB00F32F31600C057E0 /* lang.h */,
				A9F5EBAD0F32F2DB00C057E0 /* lang.c */,
				2A37F4B0FDCFA73011CA2CEA /* main.mm */,
			);
			name = "Other Sources";
			sourceTree = "<group>";
		};
		2A37F4B8FDCFA73011CA2CEA /* Resources */ = {
			isa = PBXGroup;
			children = (
				2A37F4B9FDCFA73011CA2CEA /* Credits.rtf */,
				8D15AC360486D014006FF6A4 /* Info.plist */,
				089C165FFE840EACC02AAC07 /* InfoPlist.strings */,
				1DDD58280DA1D0D100B32029 /* MyDocument.xib */,
				1DDD582A0DA1D0D100B32029 /* MainMenu.xib */,
				A9FD5DA30F3C6F8100817716 /* EmptyView.xib */,
				A9FD5DA50F3C6F8A00817716 /* ChapterView.xib */,
				A9FD5EC50F3C8A4800817716 /* MovieView.xib */,
			);
			name = Resources;
			sourceTree = "<group>";
		};
		2A37F4C3FDCFA73011CA2CEA /* Frameworks */ = {
			isa = PBXGroup;
			children = (
				1058C7A6FEA54F5311CA2CBB /* Linked Frameworks */,
				1058C7A8FEA54F5311CA2CBB /* Other Frameworks */,
			);
			name = Frameworks;
			sourceTree = "<group>";
		};
		A91103860F321CF60013D1E0 /* Products */ = {
			isa = PBXGroup;
			children = (
				A911038F0F321CF60013D1E0 /* UniversalDetector.framework */,
				A91103910F321CF60013D1E0 /* DetectorTest */,
				A91103930F321CF60013D1E0 /* libuniversaldetector.a */,
			);
			name = Products;
			sourceTree = "<group>";
		};
		A9FD5D150F3C692400817716 /* PropertyView */ = {
			isa = PBXGroup;
			children = (
				A9FD5ECD0F3C8AF100817716 /* MovieViewController.h */,
				A9FD5ECE0F3C8AF100817716 /* MovieViewController.m */,
				A9FD5D400F3C6A6300817716 /* EmptyViewController.h */,
				A9FD5D410F3C6A6300817716 /* EmptyViewController.m */,
				A9FD5D320F3C69BE00817716 /* ChapterViewController.h */,
				A9FD5D330F3C69BE00817716 /* ChapterViewController.m */,
			);
			name = PropertyView;
			sourceTree = "<group>";
		};
		A9FD5E020F3C7B0400817716 /* mp4v2 wrapper */ = {
			isa = PBXGroup;
			children = (
				A97CB1680F3467F400CC1049 /* MP4FileWrapper.h */,
				A97CB1690F3467F400CC1049 /* MP4FileWrapper.m */,
				A97CB1830F34689400CC1049 /* MP4TrackWrapper.h */,
				A97CB1840F34689400CC1049 /* MP4TrackWrapper.m */,
				A97CB3790F347C6700CC1049 /* MP4SubtitleTrackWrapper.h */,
				A97CB37A0F347C6700CC1049 /* MP4SubtitleTrackWrapper.m */,
				A9FD5E0F0F3C7BF400817716 /* MP4ChapterTrackWrapper.h */,
				A9FD5E100F3C7BF400817716 /* MP4ChapterTrackWrapper.m */,
				A9FD5EBD0F3C889C00817716 /* MP4Metadata.h */,
				A9FD5EBE0F3C889C00817716 /* MP4Metadata.m */,
			);
			name = "mp4v2 wrapper";
			sourceTree = "<group>";
		};
/* End PBXGroup section */

/* Begin PBXNativeTarget section */
		8D15AC270486D014006FF6A4 /* Subler */ = {
			isa = PBXNativeTarget;
			buildConfigurationList = C05733C708A9546B00998B17 /* Build configuration list for PBXNativeTarget "Subler" */;
			buildPhases = (
				8D15AC2B0486D014006FF6A4 /* Resources */,
				8D15AC300486D014006FF6A4 /* Sources */,
				8D15AC330486D014006FF6A4 /* Frameworks */,
			);
			buildRules = (
			);
			dependencies = (
				A91103BC0F321D4C0013D1E0 /* PBXTargetDependency */,
			);
			name = Subler;
			productInstallPath = "$(HOME)/Applications";
			productName = MP4Sub;
			productReference = 8D15AC370486D014006FF6A4 /* Subler.app */;
			productType = "com.apple.product-type.application";
		};
/* End PBXNativeTarget section */

/* Begin PBXProject section */
		2A37F4A9FDCFA73011CA2CEA /* Project object */ = {
			isa = PBXProject;
			buildConfigurationList = C05733CB08A9546B00998B17 /* Build configuration list for PBXProject "Subler" */;
			compatibilityVersion = "Xcode 3.1";
			hasScannedForEncodings = 1;
			mainGroup = 2A37F4AAFDCFA73011CA2CEA /* MP4Sub */;
			projectDirPath = "";
			projectReferences = (
				{
					ProductGroup = A91103860F321CF60013D1E0 /* Products */;
					ProjectRef = A91103850F321CF60013D1E0 /* UniversalDetector.xcodeproj */;
				},
			);
			projectRoot = "";
			targets = (
				8D15AC270486D014006FF6A4 /* Subler */,
			);
		};
/* End PBXProject section */

/* Begin PBXReferenceProxy section */
		A911038F0F321CF60013D1E0 /* UniversalDetector.framework */ = {
			isa = PBXReferenceProxy;
			fileType = wrapper.framework;
			path = UniversalDetector.framework;
			remoteRef = A911038E0F321CF60013D1E0 /* PBXContainerItemProxy */;
			sourceTree = BUILT_PRODUCTS_DIR;
		};
		A91103910F321CF60013D1E0 /* DetectorTest */ = {
			isa = PBXReferenceProxy;
			fileType = "compiled.mach-o.executable";
			path = DetectorTest;
			remoteRef = A91103900F321CF60013D1E0 /* PBXContainerItemProxy */;
			sourceTree = BUILT_PRODUCTS_DIR;
		};
		A91103930F321CF60013D1E0 /* libuniversaldetector.a */ = {
			isa = PBXReferenceProxy;
			fileType = archive.ar;
			path = libuniversaldetector.a;
			remoteRef = A91103920F321CF60013D1E0 /* PBXContainerItemProxy */;
			sourceTree = BUILT_PRODUCTS_DIR;
		};
/* End PBXReferenceProxy section */

/* Begin PBXResourcesBuildPhase section */
		8D15AC2B0486D014006FF6A4 /* Resources */ = {
			isa = PBXResourcesBuildPhase;
			buildActionMask = 2147483647;
			files = (
				8D15AC2C0486D014006FF6A4 /* Credits.rtf in Resources */,
				8D15AC2F0486D014006FF6A4 /* InfoPlist.strings in Resources */,
				1DDD582C0DA1D0D100B32029 /* MyDocument.xib in Resources */,
				1DDD582D0DA1D0D100B32029 /* MainMenu.xib in Resources */,
				A9FD5DA40F3C6F8100817716 /* EmptyView.xib in Resources */,
				A9FD5DA60F3C6F8A00817716 /* ChapterView.xib in Resources */,
				A9FD5EC70F3C8A4800817716 /* MovieView.xib in Resources */,
			);
			runOnlyForDeploymentPostprocessing = 0;
		};
/* End PBXResourcesBuildPhase section */

/* Begin PBXSourcesBuildPhase section */
		8D15AC300486D014006FF6A4 /* Sources */ = {
			isa = PBXSourcesBuildPhase;
			buildActionMask = 2147483647;
			files = (
				8D15AC310486D014006FF6A4 /* MyDocument.m in Sources */,
				8D15AC320486D014006FF6A4 /* main.mm in Sources */,
				A9C1EB2F0F31FF24003A08F3 /* SubMuxer.m in Sources */,
				A911064B0F323D450013D1E0 /* AppDelegate.m in Sources */,
				A9F5EA800F32E55000C057E0 /* SubUtilities.m in Sources */,
				A9F5EBAE0F32F2DB00C057E0 /* lang.c in Sources */,
				A96AAE920F33888000BD6D64 /* MP4Utilities.m in Sources */,
				A97CB16A0F3467F400CC1049 /* MP4FileWrapper.m in Sources */,
				A97CB1850F34689400CC1049 /* MP4TrackWrapper.m in Sources */,
				A97CB37B0F347C6700CC1049 /* MP4SubtitleTrackWrapper.m in Sources */,
				A9FD5D340F3C69BE00817716 /* ChapterViewController.m in Sources */,
				A9FD5D420F3C6A6300817716 /* EmptyViewController.m in Sources */,
				A9FD5E110F3C7BF400817716 /* MP4ChapterTrackWrapper.m in Sources */,
				A9FD5EBF0F3C889C00817716 /* MP4Metadata.m in Sources */,
				A9FD5ECF0F3C8AF100817716 /* MovieViewController.m in Sources */,
			);
			runOnlyForDeploymentPostprocessing = 0;
		};
/* End PBXSourcesBuildPhase section */

/* Begin PBXTargetDependency section */
		A91103BC0F321D4C0013D1E0 /* PBXTargetDependency */ = {
			isa = PBXTargetDependency;
			name = universaldetector;
			targetProxy = A91103BB0F321D4C0013D1E0 /* PBXContainerItemProxy */;
		};
/* End PBXTargetDependency section */

/* Begin PBXVariantGroup section */
		089C165FFE840EACC02AAC07 /* InfoPlist.strings */ = {
			isa = PBXVariantGroup;
			children = (
				089C1660FE840EACC02AAC07 /* English */,
			);
			name = InfoPlist.strings;
			sourceTree = "<group>";
		};
		1DDD58280DA1D0D100B32029 /* MyDocument.xib */ = {
			isa = PBXVariantGroup;
			children = (
				1DDD58290DA1D0D100B32029 /* English */,
			);
			name = MyDocument.xib;
			sourceTree = "<group>";
		};
		1DDD582A0DA1D0D100B32029 /* MainMenu.xib */ = {
			isa = PBXVariantGroup;
			children = (
				1DDD582B0DA1D0D100B32029 /* English */,
			);
			name = MainMenu.xib;
			sourceTree = "<group>";
		};
		2A37F4B9FDCFA73011CA2CEA /* Credits.rtf */ = {
			isa = PBXVariantGroup;
			children = (
				2A37F4BAFDCFA73011CA2CEA /* English */,
			);
			name = Credits.rtf;
			sourceTree = "<group>";
		};
		A9FD5DA30F3C6F8100817716 /* EmptyView.xib */ = {
			isa = PBXVariantGroup;
			children = (
				A9FD5CE30F3C64D000817716 /* English */,
			);
			name = EmptyView.xib;
			sourceTree = "<group>";
		};
		A9FD5DA50F3C6F8A00817716 /* ChapterView.xib */ = {
			isa = PBXVariantGroup;
			children = (
				A9FD5D380F3C69EE00817716 /* English */,
			);
			name = ChapterView.xib;
			sourceTree = "<group>";
		};
		A9FD5EC50F3C8A4800817716 /* MovieView.xib */ = {
			isa = PBXVariantGroup;
			children = (
				A9FD5EC60F3C8A4800817716 /* English */,
			);
			name = MovieView.xib;
			sourceTree = "<group>";
		};
/* End PBXVariantGroup section */

/* Begin XCBuildConfiguration section */
		C05733C808A9546B00998B17 /* Debug */ = {
			isa = XCBuildConfiguration;
			buildSettings = {
				ALWAYS_SEARCH_USER_PATHS = NO;
				COPY_PHASE_STRIP = NO;
				GCC_DYNAMIC_NO_PIC = NO;
				GCC_ENABLE_FIX_AND_CONTINUE = YES;
				GCC_MODEL_TUNING = G5;
				GCC_OPTIMIZATION_LEVEL = 0;
				GCC_PRECOMPILE_PREFIX_HEADER = YES;
				GCC_PREFIX_HEADER = Subler_Prefix.pch;
				INFOPLIST_FILE = Info.plist;
				INSTALL_PATH = "$(HOME)/Applications";
				LIBRARY_SEARCH_PATHS = (
					"$(inherited)",
					"\"$(SRCROOT)/mp4v2\"",
				);
				PRODUCT_NAME = Subler;
			};
			name = Debug;
		};
		C05733C908A9546B00998B17 /* Release */ = {
			isa = XCBuildConfiguration;
			buildSettings = {
				ALWAYS_SEARCH_USER_PATHS = NO;
				DEBUG_INFORMATION_FORMAT = "dwarf-with-dsym";
				GCC_MODEL_TUNING = G5;
				GCC_PRECOMPILE_PREFIX_HEADER = YES;
				GCC_PREFIX_HEADER = Subler_Prefix.pch;
				INFOPLIST_FILE = Info.plist;
				INSTALL_PATH = "$(HOME)/Applications";
				LIBRARY_SEARCH_PATHS = (
					"$(inherited)",
					"\"$(SRCROOT)/mp4v2\"",
				);
				PRODUCT_NAME = Subler;
			};
			name = Release;
		};
		C05733CC08A9546B00998B17 /* Debug */ = {
			isa = XCBuildConfiguration;
			buildSettings = {
				ARCHS = "$(NATIVE_ARCH)";
				GCC_C_LANGUAGE_STANDARD = c99;
				GCC_OPTIMIZATION_LEVEL = 0;
				GCC_WARN_ABOUT_RETURN_TYPE = YES;
				GCC_WARN_UNUSED_VARIABLE = YES;
				HEADER_SEARCH_PATHS = "\"$(SRCROOT)/mp4v2\"/**";
				ONLY_ACTIVE_ARCH = YES;
				PREBINDING = NO;
				SDKROOT = macosx10.5;
				STANDARD_C_PLUS_PLUS_LIBRARY_TYPE = dynamic;
				USER_HEADER_SEARCH_PATHS = "\"$(SRCROOT)/mp4v2\"/**";
			};
			name = Debug;
		};
		C05733CD08A9546B00998B17 /* Release */ = {
			isa = XCBuildConfiguration;
			buildSettings = {
				ARCHS = "$(ARCHS_STANDARD_32_BIT)";
				GCC_C_LANGUAGE_STANDARD = c99;
				GCC_WARN_ABOUT_RETURN_TYPE = YES;
				GCC_WARN_UNUSED_VARIABLE = YES;
				HEADER_SEARCH_PATHS = "\"$(SRCROOT)/mp4v2\"/**";
				PREBINDING = NO;
				SDKROOT = macosx10.5;
				STANDARD_C_PLUS_PLUS_LIBRARY_TYPE = dynamic;
				USER_HEADER_SEARCH_PATHS = "\"$(SRCROOT)/mp4v2\"/**";
			};
			name = Release;
		};
/* End XCBuildConfiguration section */

/* Begin XCConfigurationList section */
		C05733C708A9546B00998B17 /* Build configuration list for PBXNativeTarget "Subler" */ = {
			isa = XCConfigurationList;
			buildConfigurations = (
				C05733C808A9546B00998B17 /* Debug */,
				C05733C908A9546B00998B17 /* Release */,
			);
			defaultConfigurationIsVisible = 0;
			defaultConfigurationName = Release;
		};
		C05733CB08A9546B00998B17 /* Build configuration list for PBXProject "Subler" */ = {
			isa = XCConfigurationList;
			buildConfigurations = (
				C05733CC08A9546B00998B17 /* Debug */,
				C05733CD08A9546B00998B17 /* Release */,
			);
			defaultConfigurationIsVisible = 0;
			defaultConfigurationName = Release;
		};
/* End XCConfigurationList section */
	};
	rootObject = 2A37F4A9FDCFA73011CA2CEA /* Project object */;
}
