// !$*UTF8*$!
{
	archiveVersion = 1;
	classes = {
	};
	objectVersion = 45;
	objects = {

/* Begin PBXBuildFile section */
		1DDD582C0DA1D0D100B32029 /* MyDocument.xib in Resources */ = {isa = PBXBuildFile; fileRef = 1DDD58280DA1D0D100B32029 /* MyDocument.xib */; };
		1DDD582D0DA1D0D100B32029 /* MainMenu.xib in Resources */ = {isa = PBXBuildFile; fileRef = 1DDD582A0DA1D0D100B32029 /* MainMenu.xib */; };
		8D15AC2C0486D014006FF6A4 /* Credits.rtf in Resources */ = {isa = PBXBuildFile; fileRef = 2A37F4B9FDCFA73011CA2CEA /* Credits.rtf */; };
		8D15AC2F0486D014006FF6A4 /* InfoPlist.strings in Resources */ = {isa = PBXBuildFile; fileRef = 089C165FFE840EACC02AAC07 /* InfoPlist.strings */; };
		8D15AC310486D014006FF6A4 /* MyDocument.m in Sources */ = {isa = PBXBuildFile; fileRef = 2A37F4ACFDCFA73011CA2CEA /* MyDocument.m */; settings = {ATTRIBUTES = (); }; };
		8D15AC320486D014006FF6A4 /* main.mm in Sources */ = {isa = PBXBuildFile; fileRef = 2A37F4B0FDCFA73011CA2CEA /* main.mm */; settings = {ATTRIBUTES = (); }; };
		8D15AC340486D014006FF6A4 /* Cocoa.framework in Frameworks */ = {isa = PBXBuildFile; fileRef = 1058C7A7FEA54F5311CA2CBB /* Cocoa.framework */; };
		9480588B106E031F0037A911 /* FileImport.m in Sources */ = {isa = PBXBuildFile; fileRef = 9480588A106E031F0037A911 /* FileImport.m */; };
		94805896106E03440037A911 /* MatroskaFile.c in Sources */ = {isa = PBXBuildFile; fileRef = 94805892106E03440037A911 /* MatroskaFile.c */; };
		94805897106E03440037A911 /* MatroskaParser.c in Sources */ = {isa = PBXBuildFile; fileRef = 94805894106E03440037A911 /* MatroskaParser.c */; };
		948058AC106E074A0037A911 /* SubMuxer.m in Sources */ = {isa = PBXBuildFile; fileRef = A9C054A50F6D288D00AF15B5 /* SubMuxer.m */; };
		948058B6106E07990037A911 /* libz.dylib in Frameworks */ = {isa = PBXBuildFile; fileRef = 948058B5106E07990037A911 /* libz.dylib */; };
		A905E5520FB054B500B926FF /* CCMuxer.m in Sources */ = {isa = PBXBuildFile; fileRef = A905E5510FB054B500B926FF /* CCMuxer.m */; };
		A905E58A0FB05A8100B926FF /* MP42ClosedCaptionTrack.m in Sources */ = {isa = PBXBuildFile; fileRef = A905E5880FB05A8100B926FF /* MP42ClosedCaptionTrack.m */; };
		A90B023510F328EA000416F3 /* PrefsController.m in Sources */ = {isa = PBXBuildFile; fileRef = A90B023410F328EA000416F3 /* PrefsController.m */; };
		A90B023B10F3290A000416F3 /* Prefs.xib in Resources */ = {isa = PBXBuildFile; fileRef = A90B023910F3290A000416F3 /* Prefs.xib */; };
		A91103E40F321DBA0013D1E0 /* libuniversaldetector.a in Frameworks */ = {isa = PBXBuildFile; fileRef = A91103930F321CF60013D1E0 /* libuniversaldetector.a */; };
		A911064B0F323D450013D1E0 /* AppDelegate.m in Sources */ = {isa = PBXBuildFile; fileRef = A911064A0F323D450013D1E0 /* AppDelegate.m */; };
		A91E7DEA0F8A2E6800AF387E /* SoundViewController.m in Sources */ = {isa = PBXBuildFile; fileRef = A91E7DE90F8A2E6800AF387E /* SoundViewController.m */; };
		A91E7DEE0F8A2F3D00AF387E /* SoundView.xib in Resources */ = {isa = PBXBuildFile; fileRef = A91E7DEC0F8A2F3D00AF387E /* SoundView.xib */; };
		A91F62260FB0A50D00B96B33 /* RegexKitLite.m in Sources */ = {isa = PBXBuildFile; fileRef = A91F62240FB0A50D00B96B33 /* RegexKitLite.m */; };
		A91F622D0FB0A56F00B96B33 /* libicucore.dylib in Frameworks */ = {isa = PBXBuildFile; fileRef = A91F622C0FB0A56F00B96B33 /* libicucore.dylib */; };
		A92E6E2D0FE8FD6C00CDF1F9 /* SBView.m in Sources */ = {isa = PBXBuildFile; fileRef = A92E6E2C0FE8FD6C00CDF1F9 /* SBView.m */; };
		A92E6EDC0FE9064000CDF1F9 /* SBTableView.m in Sources */ = {isa = PBXBuildFile; fileRef = A92E6EDB0FE9064000CDF1F9 /* SBTableView.m */; };
		A941AE1B1074B7A60055022C /* Subler.icns in Resources */ = {isa = PBXBuildFile; fileRef = A941AE1A1074B7A60055022C /* Subler.icns */; };
		A9569CEB0F616926002F79F8 /* MP42VideoTrack.m in Sources */ = {isa = PBXBuildFile; fileRef = A9569CEA0F616926002F79F8 /* MP42VideoTrack.m */; };
		A95C87AE0F82798200F51A22 /* ButtonToolbarItem.m in Sources */ = {isa = PBXBuildFile; fileRef = A95C87AC0F82798200F51A22 /* ButtonToolbarItem.m */; };
		A95C881D0F827BFB00F51A22 /* ToolbarRemoveTemplate.png in Resources */ = {isa = PBXBuildFile; fileRef = A95C881C0F827BFB00F51A22 /* ToolbarRemoveTemplate.png */; };
		A9629C8D0F56F7B6001D6A75 /* MP42ChapterTrack.m in Sources */ = {isa = PBXBuildFile; fileRef = A9629C820F56F7B6001D6A75 /* MP42ChapterTrack.m */; };
		A9629C8E0F56F7B6001D6A75 /* MP42File.m in Sources */ = {isa = PBXBuildFile; fileRef = A9629C840F56F7B6001D6A75 /* MP42File.m */; };
		A9629C8F0F56F7B6001D6A75 /* MP42Metadata.m in Sources */ = {isa = PBXBuildFile; fileRef = A9629C860F56F7B6001D6A75 /* MP42Metadata.m */; };
		A9629C900F56F7B6001D6A75 /* MP42SubtitleTrack.m in Sources */ = {isa = PBXBuildFile; fileRef = A9629C880F56F7B6001D6A75 /* MP42SubtitleTrack.m */; };
		A9629C910F56F7B6001D6A75 /* MP42Track.m in Sources */ = {isa = PBXBuildFile; fileRef = A9629C8A0F56F7B6001D6A75 /* MP42Track.m */; };
		A9629C920F56F7B6001D6A75 /* MP42Utilities.m in Sources */ = {isa = PBXBuildFile; fileRef = A9629C8C0F56F7B6001D6A75 /* MP42Utilities.m */; };
		A9629D070F56FB2A001D6A75 /* VideoView.xib in Resources */ = {isa = PBXBuildFile; fileRef = A9629D050F56FB2A001D6A75 /* VideoView.xib */; };
		A9629D0A0F56FB36001D6A75 /* VideoViewController.m in Sources */ = {isa = PBXBuildFile; fileRef = A9629D080F56FB36001D6A75 /* VideoViewController.m */; };
		A96A542210831D710081AA98 /* mathematics.c in Sources */ = {isa = PBXBuildFile; fileRef = A96A542010831D710081AA98 /* mathematics.c */; };
		A974463F1083132F00C82989 /* rational.c in Sources */ = {isa = PBXBuildFile; fileRef = A974463C1083132F00C82989 /* rational.c */; };
		A97BE36F0F73D72E00652CBD /* QTKit.framework in Frameworks */ = {isa = PBXBuildFile; fileRef = A97BE36E0F73D72E00652CBD /* QTKit.framework */; };
		A98475851242294C004FD093 /* SBAudioConverter.m in Sources */ = {isa = PBXBuildFile; fileRef = A98475841242294C004FD093 /* SBAudioConverter.m */; };
		A984758C12422A6F004FD093 /* sfifo.c in Sources */ = {isa = PBXBuildFile; fileRef = A984758A12422A6F004FD093 /* sfifo.c */; };
		A984DB4B0F52D644001A20B2 /* Sparkle.framework in Frameworks */ = {isa = PBXBuildFile; fileRef = A984DB4A0F52D644001A20B2 /* Sparkle.framework */; };
		A984DB530F52D679001A20B2 /* Sparkle.framework in CopyFiles */ = {isa = PBXBuildFile; fileRef = A984DB4A0F52D644001A20B2 /* Sparkle.framework */; };
		A984DB740F52DD4B001A20B2 /* dsa_pub.pem in Resources */ = {isa = PBXBuildFile; fileRef = A984DB730F52DD4B001A20B2 /* dsa_pub.pem */; };
		A9891D5E124502C000427CF9 /* MP42SrtImporter.m in Sources */ = {isa = PBXBuildFile; fileRef = A9891D5D124502C000427CF9 /* MP42SrtImporter.m */; };
		A996C43210F4CA1D0055C85C /* tagChimp_tiny.png in Resources */ = {isa = PBXBuildFile; fileRef = A996C43110F4CA1D0055C85C /* tagChimp_tiny.png */; };
		A99EAC7C1115BED200D89903 /* MP42FileImporter.m in Sources */ = {isa = PBXBuildFile; fileRef = A99EAC7B1115BED200D89903 /* MP42FileImporter.m */; };
		A99EACA31115C18000D89903 /* MP42MkvImporter.m in Sources */ = {isa = PBXBuildFile; fileRef = A99EACA21115C18000D89903 /* MP42MkvImporter.m */; };
		A99F4D270F6D5825003BA2B9 /* MP42AudioTrack.m in Sources */ = {isa = PBXBuildFile; fileRef = A99F4D260F6D5825003BA2B9 /* MP42AudioTrack.m */; };
		A9AB990D10F4B53F009986EB /* tagChimpController.m in Sources */ = {isa = PBXBuildFile; fileRef = A9AB990C10F4B53F009986EB /* tagChimpController.m */; };
		A9B74A7D10F4B75400C244E4 /* MetadataImport.xib in Resources */ = {isa = PBXBuildFile; fileRef = A9B74A7B10F4B75400C244E4 /* MetadataImport.xib */; };
		A9B8E895123A95BA006A6EB8 /* MP42Muxer.m in Sources */ = {isa = PBXBuildFile; fileRef = A9B8E892123A95BA006A6EB8 /* MP42Muxer.m */; };
		A9B8E896123A95BA006A6EB8 /* MP42Sample.m in Sources */ = {isa = PBXBuildFile; fileRef = A9B8E894123A95BA006A6EB8 /* MP42Sample.m */; };
		A9BB60690F833D2E005CD0BB /* h264.cpp in Sources */ = {isa = PBXBuildFile; fileRef = A9BB60680F833D2E005CD0BB /* h264.cpp */; };
		A9BB60D80F834E0A005CD0BB /* mbs.cpp in Sources */ = {isa = PBXBuildFile; fileRef = A9BB60D70F834E0A005CD0BB /* mbs.cpp */; };
		A9C054B20F6D295A00AF15B5 /* AudioMuxer.m in Sources */ = {isa = PBXBuildFile; fileRef = A9C054B00F6D295A00AF15B5 /* AudioMuxer.m */; };
		A9C054D00F6D2D9800AF15B5 /* VideoMuxer.m in Sources */ = {isa = PBXBuildFile; fileRef = A9C054CF0F6D2D9800AF15B5 /* VideoMuxer.m */; };
		A9C055370F6D395B00AF15B5 /* FileImport.xib in Resources */ = {isa = PBXBuildFile; fileRef = A9C055360F6D395B00AF15B5 /* FileImport.xib */; };
		A9C095800F7B6C8C00170CAF /* AudioToolbox.framework in Frameworks */ = {isa = PBXBuildFile; fileRef = A9C0957F0F7B6C8C00170CAF /* AudioToolbox.framework */; };
		A9C1E8560F31F395003A08F3 /* libmp4v2.a in Frameworks */ = {isa = PBXBuildFile; fileRef = A9C1E8550F31F395003A08F3 /* libmp4v2.a */; };
		A9C4E54110F5F01C00B60B59 /* tagChimp_medium.png in Resources */ = {isa = PBXBuildFile; fileRef = A9C4E54010F5F01C00B60B59 /* tagChimp_medium.png */; };
		A9C4ECF712AE562A00BDBB7D /* MP42AACImporter.mm in Sources */ = {isa = PBXBuildFile; fileRef = A9C4ECF612AE562A00BDBB7D /* MP42AACImporter.mm */; };
		A9C8182D0F74D6E300019BFF /* QuickTime.framework in Frameworks */ = {isa = PBXBuildFile; fileRef = A9C8182C0F74D6E300019BFF /* QuickTime.framework */; };
		A9D825A912ABF72D00C1AA54 /* MP42CCImporter.m in Sources */ = {isa = PBXBuildFile; fileRef = A9D825A812ABF72D00C1AA54 /* MP42CCImporter.m */; };
		A9EBA68912AE28DF0092D645 /* MP42AC3Importer.m in Sources */ = {isa = PBXBuildFile; fileRef = A9EBA68812AE28DF0092D645 /* MP42AC3Importer.m */; };
		A9ED7C4E1115CFBD00423241 /* MP42Mp4Importer.m in Sources */ = {isa = PBXBuildFile; fileRef = A9ED7C4D1115CFBD00423241 /* MP42Mp4Importer.m */; };
		A9ED7C8B1115D32E00423241 /* MP42MovImporter.m in Sources */ = {isa = PBXBuildFile; fileRef = A9ED7C8A1115D32E00423241 /* MP42MovImporter.m */; };
		A9F5EA800F32E55000C057E0 /* SubUtilities.m in Sources */ = {isa = PBXBuildFile; fileRef = A9F5EA7F0F32E55000C057E0 /* SubUtilities.m */; };
		A9F5EBAE0F32F2DB00C057E0 /* lang.c in Sources */ = {isa = PBXBuildFile; fileRef = A9F5EBAD0F32F2DB00C057E0 /* lang.c */; };
		A9FB9D4B0F83A6FF00AB791A /* VideoFramerate.m in Sources */ = {isa = PBXBuildFile; fileRef = A9FB9D4A0F83A6FF00AB791A /* VideoFramerate.m */; };
		A9FB9DC90F83AAC100AB791A /* VideoFramerate.xib in Resources */ = {isa = PBXBuildFile; fileRef = A9FB9DC80F83AAC100AB791A /* VideoFramerate.xib */; };
		A9FD5D340F3C69BE00817716 /* ChapterViewController.m in Sources */ = {isa = PBXBuildFile; fileRef = A9FD5D330F3C69BE00817716 /* ChapterViewController.m */; };
		A9FD5D420F3C6A6300817716 /* EmptyViewController.m in Sources */ = {isa = PBXBuildFile; fileRef = A9FD5D410F3C6A6300817716 /* EmptyViewController.m */; };
		A9FD5DA40F3C6F8100817716 /* EmptyView.xib in Resources */ = {isa = PBXBuildFile; fileRef = A9FD5DA30F3C6F8100817716 /* EmptyView.xib */; };
		A9FD5DA60F3C6F8A00817716 /* ChapterView.xib in Resources */ = {isa = PBXBuildFile; fileRef = A9FD5DA50F3C6F8A00817716 /* ChapterView.xib */; };
		A9FD5EC70F3C8A4800817716 /* MovieView.xib in Resources */ = {isa = PBXBuildFile; fileRef = A9FD5EC50F3C8A4800817716 /* MovieView.xib */; };
		A9FD5ECF0F3C8AF100817716 /* MovieViewController.m in Sources */ = {isa = PBXBuildFile; fileRef = A9FD5ECE0F3C8AF100817716 /* MovieViewController.m */; };
/* End PBXBuildFile section */

/* Begin PBXContainerItemProxy section */
		A911038E0F321CF60013D1E0 /* PBXContainerItemProxy */ = {
			isa = PBXContainerItemProxy;
			containerPortal = A91103850F321CF60013D1E0 /* UniversalDetector.xcodeproj */;
			proxyType = 2;
			remoteGlobalIDString = 8DC2EF5B0486A6940098B216;
			remoteInfo = UniversalDetector;
		};
		A91103900F321CF60013D1E0 /* PBXContainerItemProxy */ = {
			isa = PBXContainerItemProxy;
			containerPortal = A91103850F321CF60013D1E0 /* UniversalDetector.xcodeproj */;
			proxyType = 2;
			remoteGlobalIDString = 1B0DDCAB0A2D0AD10009B697;
			remoteInfo = DetectorTest;
		};
		A91103920F321CF60013D1E0 /* PBXContainerItemProxy */ = {
			isa = PBXContainerItemProxy;
			containerPortal = A91103850F321CF60013D1E0 /* UniversalDetector.xcodeproj */;
			proxyType = 2;
			remoteGlobalIDString = 3DBF4F570BCD396800DA401A;
			remoteInfo = universaldetector;
		};
		A91103BB0F321D4C0013D1E0 /* PBXContainerItemProxy */ = {
			isa = PBXContainerItemProxy;
			containerPortal = A91103850F321CF60013D1E0 /* UniversalDetector.xcodeproj */;
			proxyType = 1;
			remoteGlobalIDString = 3DBF4F560BCD396800DA401A;
			remoteInfo = universaldetector;
		};
/* End PBXContainerItemProxy section */

/* Begin PBXCopyFilesBuildPhase section */
		A984DB5E0F52D68E001A20B2 /* CopyFiles */ = {
			isa = PBXCopyFilesBuildPhase;
			buildActionMask = 2147483647;
			dstPath = "";
			dstSubfolderSpec = 10;
			files = (
				A984DB530F52D679001A20B2 /* Sparkle.framework in CopyFiles */,
			);
			runOnlyForDeploymentPostprocessing = 0;
		};
/* End PBXCopyFilesBuildPhase section */

/* Begin PBXFileReference section */
		089C1660FE840EACC02AAC07 /* English */ = {isa = PBXFileReference; fileEncoding = 10; lastKnownFileType = text.plist.strings; name = English; path = English.lproj/InfoPlist.strings; sourceTree = "<group>"; };
		1058C7A7FEA54F5311CA2CBB /* Cocoa.framework */ = {isa = PBXFileReference; lastKnownFileType = wrapper.framework; name = Cocoa.framework; path = /System/Library/Frameworks/Cocoa.framework; sourceTree = "<absolute>"; };
		13E42FBA07B3F13500E4EEF1 /* CoreData.framework */ = {isa = PBXFileReference; lastKnownFileType = wrapper.framework; name = CoreData.framework; path = /System/Library/Frameworks/CoreData.framework; sourceTree = "<absolute>"; };
		1DDD58290DA1D0D100B32029 /* English */ = {isa = PBXFileReference; lastKnownFileType = file.xib; name = English; path = English.lproj/MyDocument.xib; sourceTree = "<group>"; };
		1DDD582B0DA1D0D100B32029 /* English */ = {isa = PBXFileReference; lastKnownFileType = file.xib; name = English; path = English.lproj/MainMenu.xib; sourceTree = "<group>"; };
		2A37F4ACFDCFA73011CA2CEA /* MyDocument.m */ = {isa = PBXFileReference; fileEncoding = 4; lastKnownFileType = sourcecode.c.objc; path = MyDocument.m; sourceTree = "<group>"; };
		2A37F4AEFDCFA73011CA2CEA /* MyDocument.h */ = {isa = PBXFileReference; fileEncoding = 4; lastKnownFileType = sourcecode.c.h; path = MyDocument.h; sourceTree = "<group>"; };
		2A37F4B0FDCFA73011CA2CEA /* main.mm */ = {isa = PBXFileReference; fileEncoding = 4; lastKnownFileType = sourcecode.cpp.objcpp; path = main.mm; sourceTree = "<group>"; };
		2A37F4BAFDCFA73011CA2CEA /* English */ = {isa = PBXFileReference; lastKnownFileType = text.rtf; name = English; path = English.lproj/Credits.rtf; sourceTree = "<group>"; };
		2A37F4C4FDCFA73011CA2CEA /* AppKit.framework */ = {isa = PBXFileReference; lastKnownFileType = wrapper.framework; name = AppKit.framework; path = /System/Library/Frameworks/AppKit.framework; sourceTree = "<absolute>"; };
		2A37F4C5FDCFA73011CA2CEA /* Foundation.framework */ = {isa = PBXFileReference; lastKnownFileType = wrapper.framework; name = Foundation.framework; path = /System/Library/Frameworks/Foundation.framework; sourceTree = "<absolute>"; };
		32DBCF750370BD2300C91783 /* Subler_Prefix.pch */ = {isa = PBXFileReference; fileEncoding = 4; lastKnownFileType = sourcecode.c.h; path = Subler_Prefix.pch; sourceTree = "<group>"; };
		8D15AC360486D014006FF6A4 /* Info.plist */ = {isa = PBXFileReference; fileEncoding = 4; lastKnownFileType = text.plist.xml; path = Info.plist; sourceTree = "<group>"; };
		8D15AC370486D014006FF6A4 /* Subler.app */ = {isa = PBXFileReference; explicitFileType = wrapper.application; includeInIndex = 0; path = Subler.app; sourceTree = BUILT_PRODUCTS_DIR; };
		94805889106E031F0037A911 /* FileImport.h */ = {isa = PBXFileReference; fileEncoding = 4; lastKnownFileType = sourcecode.c.h; path = FileImport.h; sourceTree = "<group>"; };
		9480588A106E031F0037A911 /* FileImport.m */ = {isa = PBXFileReference; fileEncoding = 4; lastKnownFileType = sourcecode.c.objc; path = FileImport.m; sourceTree = "<group>"; };
		94805892106E03440037A911 /* MatroskaFile.c */ = {isa = PBXFileReference; fileEncoding = 4; lastKnownFileType = sourcecode.c.c; path = MatroskaFile.c; sourceTree = "<group>"; };
		94805893106E03440037A911 /* MatroskaFile.h */ = {isa = PBXFileReference; fileEncoding = 4; lastKnownFileType = sourcecode.c.h; path = MatroskaFile.h; sourceTree = "<group>"; };
		94805894106E03440037A911 /* MatroskaParser.c */ = {isa = PBXFileReference; fileEncoding = 4; lastKnownFileType = sourcecode.c.c; path = MatroskaParser.c; sourceTree = "<group>"; };
		94805895106E03440037A911 /* MatroskaParser.h */ = {isa = PBXFileReference; fileEncoding = 4; lastKnownFileType = sourcecode.c.h; path = MatroskaParser.h; sourceTree = "<group>"; };
		948058B5106E07990037A911 /* libz.dylib */ = {isa = PBXFileReference; lastKnownFileType = "compiled.mach-o.dylib"; name = libz.dylib; path = /usr/lib/libz.dylib; sourceTree = "<absolute>"; };
		A905E5500FB054B500B926FF /* CCMuxer.h */ = {isa = PBXFileReference; fileEncoding = 4; lastKnownFileType = sourcecode.c.h; path = CCMuxer.h; sourceTree = "<group>"; };
		A905E5510FB054B500B926FF /* CCMuxer.m */ = {isa = PBXFileReference; fileEncoding = 4; lastKnownFileType = sourcecode.c.objc; path = CCMuxer.m; sourceTree = "<group>"; };
		A905E5880FB05A8100B926FF /* MP42ClosedCaptionTrack.m */ = {isa = PBXFileReference; fileEncoding = 4; lastKnownFileType = sourcecode.c.objc; name = MP42ClosedCaptionTrack.m; path = "mp4v2 wrapper/MP42ClosedCaptionTrack.m"; sourceTree = "<group>"; };
		A905E5890FB05A8100B926FF /* MP42ClosedCaptionTrack.h */ = {isa = PBXFileReference; fileEncoding = 4; lastKnownFileType = sourcecode.c.h; name = MP42ClosedCaptionTrack.h; path = "mp4v2 wrapper/MP42ClosedCaptionTrack.h"; sourceTree = "<group>"; };
		A90B023310F328EA000416F3 /* PrefsController.h */ = {isa = PBXFileReference; fileEncoding = 4; lastKnownFileType = sourcecode.c.h; path = PrefsController.h; sourceTree = "<group>"; };
		A90B023410F328EA000416F3 /* PrefsController.m */ = {isa = PBXFileReference; fileEncoding = 4; lastKnownFileType = sourcecode.c.objc; path = PrefsController.m; sourceTree = "<group>"; };
		A90B023A10F3290A000416F3 /* English */ = {isa = PBXFileReference; lastKnownFileType = file.xib; name = English; path = English.lproj/Prefs.xib; sourceTree = "<group>"; };
		A91103850F321CF60013D1E0 /* UniversalDetector.xcodeproj */ = {isa = PBXFileReference; lastKnownFileType = "wrapper.pb-project"; name = UniversalDetector.xcodeproj; path = UniversalDetector/UniversalDetector.xcodeproj; sourceTree = "<group>"; };
		A911049C0F321DFC0013D1E0 /* UniversalDetector.h */ = {isa = PBXFileReference; fileEncoding = 4; lastKnownFileType = sourcecode.c.h; name = UniversalDetector.h; path = UniversalDetector/UniversalDetector.h; sourceTree = "<group>"; };
		A91106490F323D450013D1E0 /* AppDelegate.h */ = {isa = PBXFileReference; fileEncoding = 4; lastKnownFileType = sourcecode.c.h; path = AppDelegate.h; sourceTree = "<group>"; };
		A911064A0F323D450013D1E0 /* AppDelegate.m */ = {isa = PBXFileReference; fileEncoding = 4; lastKnownFileType = sourcecode.c.objc; path = AppDelegate.m; sourceTree = "<group>"; };
		A91E7DE80F8A2E6800AF387E /* SoundViewController.h */ = {isa = PBXFileReference; fileEncoding = 4; lastKnownFileType = sourcecode.c.h; name = SoundViewController.h; path = PropertyView/SoundViewController.h; sourceTree = "<group>"; };
		A91E7DE90F8A2E6800AF387E /* SoundViewController.m */ = {isa = PBXFileReference; fileEncoding = 4; lastKnownFileType = sourcecode.c.objc; name = SoundViewController.m; path = PropertyView/SoundViewController.m; sourceTree = "<group>"; };
		A91E7DED0F8A2F3D00AF387E /* English */ = {isa = PBXFileReference; lastKnownFileType = file.xib; name = English; path = PropertyView/English.lproj/SoundView.xib; sourceTree = "<group>"; };
		A91F62240FB0A50D00B96B33 /* RegexKitLite.m */ = {isa = PBXFileReference; fileEncoding = 4; lastKnownFileType = sourcecode.c.objc; path = RegexKitLite.m; sourceTree = "<group>"; };
		A91F62250FB0A50D00B96B33 /* RegexKitLite.h */ = {isa = PBXFileReference; fileEncoding = 4; lastKnownFileType = sourcecode.c.h; path = RegexKitLite.h; sourceTree = "<group>"; };
		A91F622C0FB0A56F00B96B33 /* libicucore.dylib */ = {isa = PBXFileReference; lastKnownFileType = "compiled.mach-o.dylib"; name = libicucore.dylib; path = /usr/lib/libicucore.dylib; sourceTree = "<absolute>"; };
		A92E6E2B0FE8FD6C00CDF1F9 /* SBView.h */ = {isa = PBXFileReference; fileEncoding = 4; lastKnownFileType = sourcecode.c.h; path = SBView.h; sourceTree = "<group>"; };
		A92E6E2C0FE8FD6C00CDF1F9 /* SBView.m */ = {isa = PBXFileReference; fileEncoding = 4; lastKnownFileType = sourcecode.c.objc; path = SBView.m; sourceTree = "<group>"; };
		A92E6EDA0FE9064000CDF1F9 /* SBTableView.h */ = {isa = PBXFileReference; fileEncoding = 4; lastKnownFileType = sourcecode.c.h; path = SBTableView.h; sourceTree = "<group>"; };
		A92E6EDB0FE9064000CDF1F9 /* SBTableView.m */ = {isa = PBXFileReference; fileEncoding = 4; lastKnownFileType = sourcecode.c.objc; path = SBTableView.m; sourceTree = "<group>"; };
		A941AE1A1074B7A60055022C /* Subler.icns */ = {isa = PBXFileReference; lastKnownFileType = image.icns; path = Subler.icns; sourceTree = "<group>"; };
		A9569CE90F616926002F79F8 /* MP42VideoTrack.h */ = {isa = PBXFileReference; fileEncoding = 4; lastKnownFileType = sourcecode.c.h; name = MP42VideoTrack.h; path = "mp4v2 wrapper/MP42VideoTrack.h"; sourceTree = "<group>"; };
		A9569CEA0F616926002F79F8 /* MP42VideoTrack.m */ = {isa = PBXFileReference; fileEncoding = 4; lastKnownFileType = sourcecode.c.objc; name = MP42VideoTrack.m; path = "mp4v2 wrapper/MP42VideoTrack.m"; sourceTree = "<group>"; };
		A95A60470F4422DB00767D87 /* mp4v2.h */ = {isa = PBXFileReference; fileEncoding = 4; lastKnownFileType = sourcecode.c.h; name = mp4v2.h; path = mp4v2/mp4v2.h; sourceTree = "<group>"; };
		A95C87AC0F82798200F51A22 /* ButtonToolbarItem.m */ = {isa = PBXFileReference; fileEncoding = 4; lastKnownFileType = sourcecode.c.objc; path = ButtonToolbarItem.m; sourceTree = "<group>"; };
		A95C87AD0F82798200F51A22 /* ButtonToolbarItem.h */ = {isa = PBXFileReference; fileEncoding = 4; lastKnownFileType = sourcecode.c.h; path = ButtonToolbarItem.h; sourceTree = "<group>"; };
		A95C881C0F827BFB00F51A22 /* ToolbarRemoveTemplate.png */ = {isa = PBXFileReference; lastKnownFileType = image.png; name = ToolbarRemoveTemplate.png; path = images/ToolbarRemoveTemplate.png; sourceTree = "<group>"; };
		A9629C810F56F7B6001D6A75 /* MP42ChapterTrack.h */ = {isa = PBXFileReference; fileEncoding = 4; lastKnownFileType = sourcecode.c.h; name = MP42ChapterTrack.h; path = "mp4v2 wrapper/MP42ChapterTrack.h"; sourceTree = "<group>"; };
		A9629C820F56F7B6001D6A75 /* MP42ChapterTrack.m */ = {isa = PBXFileReference; fileEncoding = 4; lastKnownFileType = sourcecode.c.objc; name = MP42ChapterTrack.m; path = "mp4v2 wrapper/MP42ChapterTrack.m"; sourceTree = "<group>"; };
		A9629C830F56F7B6001D6A75 /* MP42File.h */ = {isa = PBXFileReference; fileEncoding = 4; lastKnownFileType = sourcecode.c.h; name = MP42File.h; path = "mp4v2 wrapper/MP42File.h"; sourceTree = "<group>"; };
		A9629C840F56F7B6001D6A75 /* MP42File.m */ = {isa = PBXFileReference; fileEncoding = 4; lastKnownFileType = sourcecode.c.objc; name = MP42File.m; path = "mp4v2 wrapper/MP42File.m"; sourceTree = "<group>"; };
		A9629C850F56F7B6001D6A75 /* MP42Metadata.h */ = {isa = PBXFileReference; fileEncoding = 4; lastKnownFileType = sourcecode.c.h; name = MP42Metadata.h; path = "mp4v2 wrapper/MP42Metadata.h"; sourceTree = "<group>"; };
		A9629C860F56F7B6001D6A75 /* MP42Metadata.m */ = {isa = PBXFileReference; explicitFileType = sourcecode.c.objc; fileEncoding = 4; name = MP42Metadata.m; path = "mp4v2 wrapper/MP42Metadata.m"; sourceTree = "<group>"; };
		A9629C870F56F7B6001D6A75 /* MP42SubtitleTrack.h */ = {isa = PBXFileReference; fileEncoding = 4; lastKnownFileType = sourcecode.c.h; name = MP42SubtitleTrack.h; path = "mp4v2 wrapper/MP42SubtitleTrack.h"; sourceTree = "<group>"; };
		A9629C880F56F7B6001D6A75 /* MP42SubtitleTrack.m */ = {isa = PBXFileReference; fileEncoding = 4; lastKnownFileType = sourcecode.c.objc; name = MP42SubtitleTrack.m; path = "mp4v2 wrapper/MP42SubtitleTrack.m"; sourceTree = "<group>"; };
		A9629C890F56F7B6001D6A75 /* MP42Track.h */ = {isa = PBXFileReference; fileEncoding = 4; lastKnownFileType = sourcecode.c.h; name = MP42Track.h; path = "mp4v2 wrapper/MP42Track.h"; sourceTree = "<group>"; };
		A9629C8A0F56F7B6001D6A75 /* MP42Track.m */ = {isa = PBXFileReference; fileEncoding = 4; lastKnownFileType = sourcecode.c.objc; name = MP42Track.m; path = "mp4v2 wrapper/MP42Track.m"; sourceTree = "<group>"; };
		A9629C8B0F56F7B6001D6A75 /* MP42Utilities.h */ = {isa = PBXFileReference; fileEncoding = 4; lastKnownFileType = sourcecode.c.h; name = MP42Utilities.h; path = "mp4v2 wrapper/MP42Utilities.h"; sourceTree = "<group>"; };
		A9629C8C0F56F7B6001D6A75 /* MP42Utilities.m */ = {isa = PBXFileReference; fileEncoding = 4; lastKnownFileType = sourcecode.c.objc; name = MP42Utilities.m; path = "mp4v2 wrapper/MP42Utilities.m"; sourceTree = "<group>"; };
		A9629D060F56FB2A001D6A75 /* English */ = {isa = PBXFileReference; lastKnownFileType = file.xib; name = English; path = PropertyView/English.lproj/VideoView.xib; sourceTree = "<group>"; };
		A9629D080F56FB36001D6A75 /* VideoViewController.m */ = {isa = PBXFileReference; fileEncoding = 4; lastKnownFileType = sourcecode.c.objc; name = VideoViewController.m; path = PropertyView/VideoViewController.m; sourceTree = "<group>"; };
		A9629D090F56FB36001D6A75 /* VideoViewController.h */ = {isa = PBXFileReference; fileEncoding = 4; lastKnownFileType = sourcecode.c.h; name = VideoViewController.h; path = PropertyView/VideoViewController.h; sourceTree = "<group>"; };
		A96A542010831D710081AA98 /* mathematics.c */ = {isa = PBXFileReference; fileEncoding = 4; lastKnownFileType = sourcecode.c.c; path = mathematics.c; sourceTree = "<group>"; };
		A96A542110831D710081AA98 /* mathematics.h */ = {isa = PBXFileReference; fileEncoding = 4; lastKnownFileType = sourcecode.c.h; path = mathematics.h; sourceTree = "<group>"; };
		A974463C1083132F00C82989 /* rational.c */ = {isa = PBXFileReference; fileEncoding = 4; lastKnownFileType = sourcecode.c.c; path = rational.c; sourceTree = "<group>"; };
		A974463D1083132F00C82989 /* rational.h */ = {isa = PBXFileReference; fileEncoding = 4; lastKnownFileType = sourcecode.c.h; path = rational.h; sourceTree = "<group>"; };
		A9744651108313C800C82989 /* common.h */ = {isa = PBXFileReference; fileEncoding = 4; lastKnownFileType = sourcecode.c.h; path = common.h; sourceTree = "<group>"; };
		A97BE36E0F73D72E00652CBD /* QTKit.framework */ = {isa = PBXFileReference; lastKnownFileType = wrapper.framework; name = QTKit.framework; path = /System/Library/Frameworks/QTKit.framework; sourceTree = "<absolute>"; };
		A98475831242294C004FD093 /* SBAudioConverter.h */ = {isa = PBXFileReference; fileEncoding = 4; lastKnownFileType = sourcecode.c.h; path = SBAudioConverter.h; sourceTree = "<group>"; };
		A98475841242294C004FD093 /* SBAudioConverter.m */ = {isa = PBXFileReference; fileEncoding = 4; lastKnownFileType = sourcecode.c.objc; path = SBAudioConverter.m; sourceTree = "<group>"; };
		A984758A12422A6F004FD093 /* sfifo.c */ = {isa = PBXFileReference; fileEncoding = 4; lastKnownFileType = sourcecode.c.c; path = sfifo.c; sourceTree = "<group>"; };
		A984758B12422A6F004FD093 /* sfifo.h */ = {isa = PBXFileReference; fileEncoding = 4; lastKnownFileType = sourcecode.c.h; path = sfifo.h; sourceTree = "<group>"; };
		A984DB4A0F52D644001A20B2 /* Sparkle.framework */ = {isa = PBXFileReference; lastKnownFileType = wrapper.framework; path = Sparkle.framework; sourceTree = "<group>"; };
		A984DB730F52DD4B001A20B2 /* dsa_pub.pem */ = {isa = PBXFileReference; fileEncoding = 4; lastKnownFileType = text; path = dsa_pub.pem; sourceTree = "<group>"; };
		A9891D5C124502C000427CF9 /* MP42SrtImporter.h */ = {isa = PBXFileReference; fileEncoding = 4; lastKnownFileType = sourcecode.c.h; name = MP42SrtImporter.h; path = "mp4v2 wrapper/MP42SrtImporter.h"; sourceTree = "<group>"; };
		A9891D5D124502C000427CF9 /* MP42SrtImporter.m */ = {isa = PBXFileReference; fileEncoding = 4; lastKnownFileType = sourcecode.c.objc; name = MP42SrtImporter.m; path = "mp4v2 wrapper/MP42SrtImporter.m"; sourceTree = "<group>"; };
		A996C43110F4CA1D0055C85C /* tagChimp_tiny.png */ = {isa = PBXFileReference; lastKnownFileType = image.png; name = tagChimp_tiny.png; path = images/tagChimp_tiny.png; sourceTree = "<group>"; };
		A99EAC7A1115BED200D89903 /* MP42FileImporter.h */ = {isa = PBXFileReference; fileEncoding = 4; lastKnownFileType = sourcecode.c.h; name = MP42FileImporter.h; path = "mp4v2 wrapper/MP42FileImporter.h"; sourceTree = "<group>"; };
		A99EAC7B1115BED200D89903 /* MP42FileImporter.m */ = {isa = PBXFileReference; fileEncoding = 4; lastKnownFileType = sourcecode.c.objc; name = MP42FileImporter.m; path = "mp4v2 wrapper/MP42FileImporter.m"; sourceTree = "<group>"; };
		A99EACA11115C18000D89903 /* MP42MkvImporter.h */ = {isa = PBXFileReference; fileEncoding = 4; lastKnownFileType = sourcecode.c.h; name = MP42MkvImporter.h; path = "mp4v2 wrapper/MP42MkvImporter.h"; sourceTree = "<group>"; };
		A99EACA21115C18000D89903 /* MP42MkvImporter.m */ = {isa = PBXFileReference; fileEncoding = 4; lastKnownFileType = sourcecode.c.objc; name = MP42MkvImporter.m; path = "mp4v2 wrapper/MP42MkvImporter.m"; sourceTree = "<group>"; };
		A99F4D250F6D5825003BA2B9 /* MP42AudioTrack.h */ = {isa = PBXFileReference; fileEncoding = 4; lastKnownFileType = sourcecode.c.h; name = MP42AudioTrack.h; path = "mp4v2 wrapper/MP42AudioTrack.h"; sourceTree = "<group>"; };
		A99F4D260F6D5825003BA2B9 /* MP42AudioTrack.m */ = {isa = PBXFileReference; fileEncoding = 4; lastKnownFileType = sourcecode.c.objc; name = MP42AudioTrack.m; path = "mp4v2 wrapper/MP42AudioTrack.m"; sourceTree = "<group>"; };
		A9AB990B10F4B53F009986EB /* tagChimpController.h */ = {isa = PBXFileReference; fileEncoding = 4; lastKnownFileType = sourcecode.c.h; path = tagChimpController.h; sourceTree = "<group>"; };
		A9AB990C10F4B53F009986EB /* tagChimpController.m */ = {isa = PBXFileReference; fileEncoding = 4; lastKnownFileType = sourcecode.c.objc; path = tagChimpController.m; sourceTree = "<group>"; };
		A9B74A7C10F4B75400C244E4 /* English */ = {isa = PBXFileReference; lastKnownFileType = file.xib; name = English; path = English.lproj/MetadataImport.xib; sourceTree = "<group>"; };
		A9B8E892123A95BA006A6EB8 /* MP42Muxer.m */ = {isa = PBXFileReference; fileEncoding = 4; lastKnownFileType = sourcecode.c.objc; name = MP42Muxer.m; path = "mp4v2 wrapper/MP42Muxer.m"; sourceTree = "<group>"; };
		A9B8E893123A95BA006A6EB8 /* MP42Sample.h */ = {isa = PBXFileReference; fileEncoding = 4; lastKnownFileType = sourcecode.c.h; name = MP42Sample.h; path = "mp4v2 wrapper/MP42Sample.h"; sourceTree = "<group>"; };
		A9B8E894123A95BA006A6EB8 /* MP42Sample.m */ = {isa = PBXFileReference; fileEncoding = 4; lastKnownFileType = sourcecode.c.objc; name = MP42Sample.m; path = "mp4v2 wrapper/MP42Sample.m"; sourceTree = "<group>"; };
		A9B8E923123AA03D006A6EB8 /* MP42Muxer.h */ = {isa = PBXFileReference; fileEncoding = 4; lastKnownFileType = sourcecode.c.h; name = MP42Muxer.h; path = "mp4v2 wrapper/MP42Muxer.h"; sourceTree = "<group>"; };
		A9BB60670F833D2E005CD0BB /* mpeg4ip_bitstream.h */ = {isa = PBXFileReference; fileEncoding = 4; lastKnownFileType = sourcecode.c.h; name = mpeg4ip_bitstream.h; path = "mp4v2 wrapper/muxer/mpeg4ip_bitstream.h"; sourceTree = "<group>"; };
		A9BB60680F833D2E005CD0BB /* h264.cpp */ = {isa = PBXFileReference; fileEncoding = 4; lastKnownFileType = sourcecode.cpp.cpp; name = h264.cpp; path = "mp4v2 wrapper/muxer/h264.cpp"; sourceTree = "<group>"; };
		A9BB60D60F834E0A005CD0BB /* mbs.h */ = {isa = PBXFileReference; fileEncoding = 4; lastKnownFileType = sourcecode.c.h; name = mbs.h; path = "mp4v2 wrapper/muxer/mbs.h"; sourceTree = "<group>"; };
		A9BB60D70F834E0A005CD0BB /* mbs.cpp */ = {isa = PBXFileReference; fileEncoding = 4; lastKnownFileType = sourcecode.cpp.cpp; name = mbs.cpp; path = "mp4v2 wrapper/muxer/mbs.cpp"; sourceTree = "<group>"; };
		A9C054A40F6D288D00AF15B5 /* SubMuxer.h */ = {isa = PBXFileReference; fileEncoding = 4; lastKnownFileType = sourcecode.c.h; path = SubMuxer.h; sourceTree = "<group>"; };
		A9C054A50F6D288D00AF15B5 /* SubMuxer.m */ = {isa = PBXFileReference; fileEncoding = 4; lastKnownFileType = sourcecode.c.objc; path = SubMuxer.m; sourceTree = "<group>"; };
		A9C054B00F6D295A00AF15B5 /* AudioMuxer.m */ = {isa = PBXFileReference; fileEncoding = 4; lastKnownFileType = sourcecode.c.objc; path = AudioMuxer.m; sourceTree = "<group>"; };
		A9C054B10F6D295A00AF15B5 /* AudioMuxer.h */ = {isa = PBXFileReference; fileEncoding = 4; lastKnownFileType = sourcecode.c.h; path = AudioMuxer.h; sourceTree = "<group>"; };
		A9C054CE0F6D2D9800AF15B5 /* VideoMuxer.h */ = {isa = PBXFileReference; fileEncoding = 4; lastKnownFileType = sourcecode.c.h; path = VideoMuxer.h; sourceTree = "<group>"; };
		A9C054CF0F6D2D9800AF15B5 /* VideoMuxer.m */ = {isa = PBXFileReference; fileEncoding = 4; lastKnownFileType = sourcecode.c.objc; path = VideoMuxer.m; sourceTree = "<group>"; };
		A9C055330F6D394F00AF15B5 /* English */ = {isa = PBXFileReference; lastKnownFileType = file.xib; name = English; path = English.lproj/FileImport.xib; sourceTree = "<group>"; };
		A9C0957F0F7B6C8C00170CAF /* AudioToolbox.framework */ = {isa = PBXFileReference; lastKnownFileType = wrapper.framework; name = AudioToolbox.framework; path = /System/Library/Frameworks/AudioToolbox.framework; sourceTree = "<absolute>"; };
		A9C1E8550F31F395003A08F3 /* libmp4v2.a */ = {isa = PBXFileReference; lastKnownFileType = archive.ar; name = libmp4v2.a; path = mp4v2/libmp4v2.a; sourceTree = "<group>"; };
		A9C4E54010F5F01C00B60B59 /* tagChimp_medium.png */ = {isa = PBXFileReference; lastKnownFileType = image.png; name = tagChimp_medium.png; path = images/tagChimp_medium.png; sourceTree = "<group>"; };
		A9C4ECF512AE562A00BDBB7D /* MP42AACImporter.h */ = {isa = PBXFileReference; fileEncoding = 4; lastKnownFileType = sourcecode.c.h; name = MP42AACImporter.h; path = "mp4v2 wrapper/MP42AACImporter.h"; sourceTree = "<group>"; };
		A9C4ECF612AE562A00BDBB7D /* MP42AACImporter.mm */ = {isa = PBXFileReference; fileEncoding = 4; lastKnownFileType = sourcecode.cpp.objcpp; name = MP42AACImporter.mm; path = "mp4v2 wrapper/MP42AACImporter.mm"; sourceTree = "<group>"; };
		A9C8182C0F74D6E300019BFF /* QuickTime.framework */ = {isa = PBXFileReference; lastKnownFileType = wrapper.framework; name = QuickTime.framework; path = /System/Library/Frameworks/QuickTime.framework; sourceTree = "<absolute>"; };
		A9D1C2031125454B0088168C /* h264.h */ = {isa = PBXFileReference; fileEncoding = 4; lastKnownFileType = sourcecode.c.h; name = h264.h; path = "mp4v2 wrapper/muxer/h264.h"; sourceTree = "<group>"; };
		A9D825A712ABF72D00C1AA54 /* MP42CCImporter.h */ = {isa = PBXFileReference; fileEncoding = 4; lastKnownFileType = sourcecode.c.h; name = MP42CCImporter.h; path = "mp4v2 wrapper/MP42CCImporter.h"; sourceTree = "<group>"; };
		A9D825A812ABF72D00C1AA54 /* MP42CCImporter.m */ = {isa = PBXFileReference; fileEncoding = 4; lastKnownFileType = sourcecode.c.objc; name = MP42CCImporter.m; path = "mp4v2 wrapper/MP42CCImporter.m"; sourceTree = "<group>"; };
		A9EBA68712AE28DF0092D645 /* MP42AC3Importer.h */ = {isa = PBXFileReference; fileEncoding = 4; lastKnownFileType = sourcecode.c.h; name = MP42AC3Importer.h; path = "mp4v2 wrapper/MP42AC3Importer.h"; sourceTree = "<group>"; };
		A9EBA68812AE28DF0092D645 /* MP42AC3Importer.m */ = {isa = PBXFileReference; fileEncoding = 4; lastKnownFileType = sourcecode.c.objc; name = MP42AC3Importer.m; path = "mp4v2 wrapper/MP42AC3Importer.m"; sourceTree = "<group>"; };
		A9ED7C4C1115CFBD00423241 /* MP42Mp4Importer.h */ = {isa = PBXFileReference; fileEncoding = 4; lastKnownFileType = sourcecode.c.h; name = MP42Mp4Importer.h; path = "mp4v2 wrapper/MP42Mp4Importer.h"; sourceTree = "<group>"; };
		A9ED7C4D1115CFBD00423241 /* MP42Mp4Importer.m */ = {isa = PBXFileReference; fileEncoding = 4; lastKnownFileType = sourcecode.c.objc; name = MP42Mp4Importer.m; path = "mp4v2 wrapper/MP42Mp4Importer.m"; sourceTree = "<group>"; };
		A9ED7C891115D32E00423241 /* MP42MovImporter.h */ = {isa = PBXFileReference; fileEncoding = 4; lastKnownFileType = sourcecode.c.h; name = MP42MovImporter.h; path = "mp4v2 wrapper/MP42MovImporter.h"; sourceTree = "<group>"; };
		A9ED7C8A1115D32E00423241 /* MP42MovImporter.m */ = {isa = PBXFileReference; fileEncoding = 4; lastKnownFileType = sourcecode.c.objc; name = MP42MovImporter.m; path = "mp4v2 wrapper/MP42MovImporter.m"; sourceTree = "<group>"; };
		A9F5EA7E0F32E55000C057E0 /* SubUtilities.h */ = {isa = PBXFileReference; fileEncoding = 4; lastKnownFileType = sourcecode.c.h; path = SubUtilities.h; sourceTree = "<group>"; };
		A9F5EA7F0F32E55000C057E0 /* SubUtilities.m */ = {isa = PBXFileReference; fileEncoding = 4; lastKnownFileType = sourcecode.c.objc; path = SubUtilities.m; sourceTree = "<group>"; };
		A9F5EBAD0F32F2DB00C057E0 /* lang.c */ = {isa = PBXFileReference; fileEncoding = 4; lastKnownFileType = sourcecode.c.c; path = lang.c; sourceTree = "<group>"; };
		A9F5EBB00F32F31600C057E0 /* lang.h */ = {isa = PBXFileReference; fileEncoding = 4; lastKnownFileType = sourcecode.c.h; path = lang.h; sourceTree = "<group>"; };
		A9FB9D3C0F83A5CF00AB791A /* English */ = {isa = PBXFileReference; lastKnownFileType = file.xib; name = English; path = English.lproj/VideoFramerate.xib; sourceTree = "<group>"; };
		A9FB9D490F83A6FF00AB791A /* VideoFramerate.h */ = {isa = PBXFileReference; fileEncoding = 4; lastKnownFileType = sourcecode.c.h; path = VideoFramerate.h; sourceTree = "<group>"; };
		A9FB9D4A0F83A6FF00AB791A /* VideoFramerate.m */ = {isa = PBXFileReference; fileEncoding = 4; lastKnownFileType = sourcecode.c.objc; path = VideoFramerate.m; sourceTree = "<group>"; };
		A9FD5CE30F3C64D000817716 /* English */ = {isa = PBXFileReference; lastKnownFileType = file.xib; name = English; path = PropertyView/English.lproj/EmptyView.xib; sourceTree = "<group>"; };
		A9FD5D320F3C69BE00817716 /* ChapterViewController.h */ = {isa = PBXFileReference; fileEncoding = 4; lastKnownFileType = sourcecode.c.h; name = ChapterViewController.h; path = PropertyView/ChapterViewController.h; sourceTree = "<group>"; };
		A9FD5D330F3C69BE00817716 /* ChapterViewController.m */ = {isa = PBXFileReference; fileEncoding = 4; lastKnownFileType = sourcecode.c.objc; name = ChapterViewController.m; path = PropertyView/ChapterViewController.m; sourceTree = "<group>"; };
		A9FD5D380F3C69EE00817716 /* English */ = {isa = PBXFileReference; lastKnownFileType = file.xib; name = English; path = PropertyView/English.lproj/ChapterView.xib; sourceTree = "<group>"; };
		A9FD5D400F3C6A6300817716 /* EmptyViewController.h */ = {isa = PBXFileReference; fileEncoding = 4; lastKnownFileType = sourcecode.c.h; name = EmptyViewController.h; path = PropertyView/EmptyViewController.h; sourceTree = "<group>"; };
		A9FD5D410F3C6A6300817716 /* EmptyViewController.m */ = {isa = PBXFileReference; fileEncoding = 4; lastKnownFileType = sourcecode.c.objc; name = EmptyViewController.m; path = PropertyView/EmptyViewController.m; sourceTree = "<group>"; };
		A9FD5EC60F3C8A4800817716 /* English */ = {isa = PBXFileReference; lastKnownFileType = file.xib; name = English; path = PropertyView/English.lproj/MovieView.xib; sourceTree = "<group>"; };
		A9FD5ECD0F3C8AF100817716 /* MovieViewController.h */ = {isa = PBXFileReference; fileEncoding = 4; lastKnownFileType = sourcecode.c.h; name = MovieViewController.h; path = PropertyView/MovieViewController.h; sourceTree = "<group>"; };
		A9FD5ECE0F3C8AF100817716 /* MovieViewController.m */ = {isa = PBXFileReference; fileEncoding = 4; lastKnownFileType = sourcecode.c.objc; name = MovieViewController.m; path = PropertyView/MovieViewController.m; sourceTree = "<group>"; };
		CD4A86AA1234AFA10054970A /* Simple.pm */ = {isa = PBXFileReference; fileEncoding = 4; lastKnownFileType = text.script.perl; path = Simple.pm; sourceTree = "<group>"; };
		CD4A86AC1234AFA10054970A /* Roman.pm */ = {isa = PBXFileReference; fileEncoding = 4; lastKnownFileType = text.script.perl; path = Roman.pm; sourceTree = "<group>"; };
		CD4A86AF1234AFA10054970A /* Filename.pm */ = {isa = PBXFileReference; fileEncoding = 4; lastKnownFileType = text.script.perl; path = Filename.pm; sourceTree = "<group>"; };
		CD4A86B01234AFA10054970A /* ParseFilename.pl */ = {isa = PBXFileReference; fileEncoding = 4; lastKnownFileType = text.script.perl; path = ParseFilename.pl; sourceTree = "<group>"; };
/* End PBXFileReference section */

/* Begin PBXFrameworksBuildPhase section */
		8D15AC330486D014006FF6A4 /* Frameworks */ = {
			isa = PBXFrameworksBuildPhase;
			buildActionMask = 2147483647;
			files = (
				A91103E40F321DBA0013D1E0 /* libuniversaldetector.a in Frameworks */,
				A9C1E8560F31F395003A08F3 /* libmp4v2.a in Frameworks */,
				8D15AC340486D014006FF6A4 /* Cocoa.framework in Frameworks */,
				A984DB4B0F52D644001A20B2 /* Sparkle.framework in Frameworks */,
				A97BE36F0F73D72E00652CBD /* QTKit.framework in Frameworks */,
				A9C8182D0F74D6E300019BFF /* QuickTime.framework in Frameworks */,
				A9C095800F7B6C8C00170CAF /* AudioToolbox.framework in Frameworks */,
				A91F622D0FB0A56F00B96B33 /* libicucore.dylib in Frameworks */,
				948058B6106E07990037A911 /* libz.dylib in Frameworks */,
			);
			runOnlyForDeploymentPostprocessing = 0;
		};
/* End PBXFrameworksBuildPhase section */

/* Begin PBXGroup section */
		1058C7A6FEA54F5311CA2CBB /* Linked Frameworks */ = {
			isa = PBXGroup;
			children = (
				A91F622C0FB0A56F00B96B33 /* libicucore.dylib */,
				A9C0957F0F7B6C8C00170CAF /* AudioToolbox.framework */,
				A9C8182C0F74D6E300019BFF /* QuickTime.framework */,
				A97BE36E0F73D72E00652CBD /* QTKit.framework */,
				A984DB4A0F52D644001A20B2 /* Sparkle.framework */,
				1058C7A7FEA54F5311CA2CBB /* Cocoa.framework */,
				948058B5106E07990037A911 /* libz.dylib */,
			);
			name = "Linked Frameworks";
			sourceTree = "<group>";
		};
		1058C7A8FEA54F5311CA2CBB /* Other Frameworks */ = {
			isa = PBXGroup;
			children = (
				A91103850F321CF60013D1E0 /* UniversalDetector.xcodeproj */,
				A9C1E8550F31F395003A08F3 /* libmp4v2.a */,
				2A37F4C4FDCFA73011CA2CEA /* AppKit.framework */,
				13E42FBA07B3F13500E4EEF1 /* CoreData.framework */,
				2A37F4C5FDCFA73011CA2CEA /* Foundation.framework */,
			);
			name = "Other Frameworks";
			sourceTree = "<group>";
		};
		19C28FB0FE9D524F11CA2CBB /* Products */ = {
			isa = PBXGroup;
			children = (
				8D15AC370486D014006FF6A4 /* Subler.app */,
			);
			name = Products;
			sourceTree = "<group>";
		};
		2A37F4AAFDCFA73011CA2CEA /* MP4Sub */ = {
			isa = PBXGroup;
			children = (
				2A37F4ABFDCFA73011CA2CEA /* Classes */,
				2A37F4AFFDCFA73011CA2CEA /* Other Sources */,
				2A37F4B8FDCFA73011CA2CEA /* Resources */,
				2A37F4C3FDCFA73011CA2CEA /* Frameworks */,
				19C28FB0FE9D524F11CA2CBB /* Products */,
			);
			name = MP4Sub;
			sourceTree = "<group>";
		};
		2A37F4ABFDCFA73011CA2CEA /* Classes */ = {
			isa = PBXGroup;
			children = (
				2A37F4AEFDCFA73011CA2CEA /* MyDocument.h */,
				2A37F4ACFDCFA73011CA2CEA /* MyDocument.m */,
				94805889106E031F0037A911 /* FileImport.h */,
				9480588A106E031F0037A911 /* FileImport.m */,
				A9FB9D490F83A6FF00AB791A /* VideoFramerate.h */,
				A9FB9D4A0F83A6FF00AB791A /* VideoFramerate.m */,
				A90B023310F328EA000416F3 /* PrefsController.h */,
				A90B023410F328EA000416F3 /* PrefsController.m */,
				A95C87AD0F82798200F51A22 /* ButtonToolbarItem.h */,
				A95C87AC0F82798200F51A22 /* ButtonToolbarItem.m */,
				A9AB990B10F4B53F009986EB /* tagChimpController.h */,
				A9AB990C10F4B53F009986EB /* tagChimpController.m */,
				A9FD5D150F3C692400817716 /* PropertyView */,
				A9FD5E020F3C7B0400817716 /* mp4v2 wrapper */,
			);
			name = Classes;
			sourceTree = "<group>";
		};
		2A37F4AFFDCFA73011CA2CEA /* Other Sources */ = {
			isa = PBXGroup;
			children = (
				A91106490F323D450013D1E0 /* AppDelegate.h */,
				A911064A0F323D450013D1E0 /* AppDelegate.m */,
				A9744651108313C800C82989 /* common.h */,
				A96A542010831D710081AA98 /* mathematics.c */,
				A96A542110831D710081AA98 /* mathematics.h */,
				A974463C1083132F00C82989 /* rational.c */,
				A974463D1083132F00C82989 /* rational.h */,
				A91F62250FB0A50D00B96B33 /* RegexKitLite.h */,
				A91F62240FB0A50D00B96B33 /* RegexKitLite.m */,
				32DBCF750370BD2300C91783 /* Subler_Prefix.pch */,
				A911049C0F321DFC0013D1E0 /* UniversalDetector.h */,
				A95A60470F4422DB00767D87 /* mp4v2.h */,
				A9F5EBB00F32F31600C057E0 /* lang.h */,
				A9F5EBAD0F32F2DB00C057E0 /* lang.c */,
				2A37F4B0FDCFA73011CA2CEA /* main.mm */,
			);
			name = "Other Sources";
			sourceTree = "<group>";
		};
		2A37F4B8FDCFA73011CA2CEA /* Resources */ = {
			isa = PBXGroup;
			children = (
				A941AE1A1074B7A60055022C /* Subler.icns */,
				A984DB730F52DD4B001A20B2 /* dsa_pub.pem */,
				2A37F4B9FDCFA73011CA2CEA /* Credits.rtf */,
				8D15AC360486D014006FF6A4 /* Info.plist */,
				089C165FFE840EACC02AAC07 /* InfoPlist.strings */,
				1DDD58280DA1D0D100B32029 /* MyDocument.xib */,
				A90B023910F3290A000416F3 /* Prefs.xib */,
				1DDD582A0DA1D0D100B32029 /* MainMenu.xib */,
				A9629D050F56FB2A001D6A75 /* VideoView.xib */,
				A91E7DEC0F8A2F3D00AF387E /* SoundView.xib */,
				A9FD5DA30F3C6F8100817716 /* EmptyView.xib */,
				A9FD5DA50F3C6F8A00817716 /* ChapterView.xib */,
				A9FD5EC50F3C8A4800817716 /* MovieView.xib */,
				A9C055360F6D395B00AF15B5 /* FileImport.xib */,
				A9B74A7B10F4B75400C244E4 /* MetadataImport.xib */,
				A9FB9DC80F83AAC100AB791A /* VideoFramerate.xib */,
				A95C881C0F827BFB00F51A22 /* ToolbarRemoveTemplate.png */,
				A996C43110F4CA1D0055C85C /* tagChimp_tiny.png */,
				A9C4E54010F5F01C00B60B59 /* tagChimp_medium.png */,
				CD4A86A71234AFA10054970A /* ParseFilename */,
			);
			name = Resources;
			sourceTree = "<group>";
		};
		2A37F4C3FDCFA73011CA2CEA /* Frameworks */ = {
			isa = PBXGroup;
			children = (
				1058C7A6FEA54F5311CA2CBB /* Linked Frameworks */,
				1058C7A8FEA54F5311CA2CBB /* Other Frameworks */,
			);
			name = Frameworks;
			sourceTree = "<group>";
		};
		9480588F106E032D0037A911 /* Other */ = {
			isa = PBXGroup;
			children = (
				A984758A12422A6F004FD093 /* sfifo.c */,
				A984758B12422A6F004FD093 /* sfifo.h */,
				A9D1C2031125454B0088168C /* h264.h */,
				A9BB60680F833D2E005CD0BB /* h264.cpp */,
				A9BB60D60F834E0A005CD0BB /* mbs.h */,
				A9BB60D70F834E0A005CD0BB /* mbs.cpp */,
				A9BB60670F833D2E005CD0BB /* mpeg4ip_bitstream.h */,
				94805892106E03440037A911 /* MatroskaFile.c */,
				94805893106E03440037A911 /* MatroskaFile.h */,
				94805894106E03440037A911 /* MatroskaParser.c */,
				94805895106E03440037A911 /* MatroskaParser.h */,
			);
			name = Other;
			sourceTree = "<group>";
		};
		A91103860F321CF60013D1E0 /* Products */ = {
			isa = PBXGroup;
			children = (
				A911038F0F321CF60013D1E0 /* UniversalDetector.framework */,
				A91103910F321CF60013D1E0 /* DetectorTest */,
				A91103930F321CF60013D1E0 /* libuniversaldetector.a */,
			);
			name = Products;
			sourceTree = "<group>";
		};
		A9C03EB41116DFE700DA6FF6 /* Muxer */ = {
			isa = PBXGroup;
			children = (
				9480588F106E032D0037A911 /* Other */,
				A9B8E923123AA03D006A6EB8 /* MP42Muxer.h */,
				A9B8E892123A95BA006A6EB8 /* MP42Muxer.m */,
				A9B8E893123A95BA006A6EB8 /* MP42Sample.h */,
				A9B8E894123A95BA006A6EB8 /* MP42Sample.m */,
				A99EAC7A1115BED200D89903 /* MP42FileImporter.h */,
				A99EAC7B1115BED200D89903 /* MP42FileImporter.m */,
				A99EACA11115C18000D89903 /* MP42MkvImporter.h */,
				A99EACA21115C18000D89903 /* MP42MkvImporter.m */,
				A9ED7C4C1115CFBD00423241 /* MP42Mp4Importer.h */,
				A9ED7C4D1115CFBD00423241 /* MP42Mp4Importer.m */,
				A9ED7C891115D32E00423241 /* MP42MovImporter.h */,
				A9ED7C8A1115D32E00423241 /* MP42MovImporter.m */,
				A9891D5C124502C000427CF9 /* MP42SrtImporter.h */,
				A9891D5D124502C000427CF9 /* MP42SrtImporter.m */,
				A9D825A712ABF72D00C1AA54 /* MP42CCImporter.h */,
				A9D825A812ABF72D00C1AA54 /* MP42CCImporter.m */,
				A9C4ECF512AE562A00BDBB7D /* MP42AACImporter.h */,
				A9C4ECF612AE562A00BDBB7D /* MP42AACImporter.mm */,
				A9EBA68712AE28DF0092D645 /* MP42AC3Importer.h */,
				A9EBA68812AE28DF0092D645 /* MP42AC3Importer.m */,
				A98475831242294C004FD093 /* SBAudioConverter.h */,
				A98475841242294C004FD093 /* SBAudioConverter.m */,
				A9F5EA7E0F32E55000C057E0 /* SubUtilities.h */,
				A9F5EA7F0F32E55000C057E0 /* SubUtilities.m */,
			);
			name = Muxer;
			sourceTree = "<group>";
		};
		A9C054A30F6D288D00AF15B5 /* Old muxer */ = {
			isa = PBXGroup;
			children = (
				A905E5500FB054B500B926FF /* CCMuxer.h */,
				A905E5510FB054B500B926FF /* CCMuxer.m */,
				A9C054A40F6D288D00AF15B5 /* SubMuxer.h */,
				A9C054A50F6D288D00AF15B5 /* SubMuxer.m */,
				A9C054B10F6D295A00AF15B5 /* AudioMuxer.h */,
				A9C054B00F6D295A00AF15B5 /* AudioMuxer.m */,
				A9C054CE0F6D2D9800AF15B5 /* VideoMuxer.h */,
				A9C054CF0F6D2D9800AF15B5 /* VideoMuxer.m */,
			);
			name = "Old muxer";
			path = "mp4v2 wrapper/muxer";
			sourceTree = "<group>";
		};
		A9FD5D150F3C692400817716 /* PropertyView */ = {
			isa = PBXGroup;
			children = (
				A9FD5D400F3C6A6300817716 /* EmptyViewController.h */,
				A9FD5D410F3C6A6300817716 /* EmptyViewController.m */,
				A9FD5ECD0F3C8AF100817716 /* MovieViewController.h */,
				A9FD5ECE0F3C8AF100817716 /* MovieViewController.m */,
				A9629D090F56FB36001D6A75 /* VideoViewController.h */,
				A9629D080F56FB36001D6A75 /* VideoViewController.m */,
				A91E7DE80F8A2E6800AF387E /* SoundViewController.h */,
				A91E7DE90F8A2E6800AF387E /* SoundViewController.m */,
				A9FD5D320F3C69BE00817716 /* ChapterViewController.h */,
				A9FD5D330F3C69BE00817716 /* ChapterViewController.m */,
				A92E6EDA0FE9064000CDF1F9 /* SBTableView.h */,
				A92E6EDB0FE9064000CDF1F9 /* SBTableView.m */,
				A92E6E2B0FE8FD6C00CDF1F9 /* SBView.h */,
				A92E6E2C0FE8FD6C00CDF1F9 /* SBView.m */,
			);
			name = PropertyView;
			sourceTree = "<group>";
		};
		A9FD5E020F3C7B0400817716 /* mp4v2 wrapper */ = {
			isa = PBXGroup;
			children = (
				A9629C830F56F7B6001D6A75 /* MP42File.h */,
				A9629C840F56F7B6001D6A75 /* MP42File.m */,
				A9629C890F56F7B6001D6A75 /* MP42Track.h */,
				A9629C8A0F56F7B6001D6A75 /* MP42Track.m */,
				A9569CE90F616926002F79F8 /* MP42VideoTrack.h */,
				A9569CEA0F616926002F79F8 /* MP42VideoTrack.m */,
				A99F4D250F6D5825003BA2B9 /* MP42AudioTrack.h */,
				A99F4D260F6D5825003BA2B9 /* MP42AudioTrack.m */,
				A9629C810F56F7B6001D6A75 /* MP42ChapterTrack.h */,
				A9629C820F56F7B6001D6A75 /* MP42ChapterTrack.m */,
				A9629C870F56F7B6001D6A75 /* MP42SubtitleTrack.h */,
				A9629C880F56F7B6001D6A75 /* MP42SubtitleTrack.m */,
				A905E5890FB05A8100B926FF /* MP42ClosedCaptionTrack.h */,
				A905E5880FB05A8100B926FF /* MP42ClosedCaptionTrack.m */,
				A9629C850F56F7B6001D6A75 /* MP42Metadata.h */,
				A9629C860F56F7B6001D6A75 /* MP42Metadata.m */,
				A9629C8B0F56F7B6001D6A75 /* MP42Utilities.h */,
				A9629C8C0F56F7B6001D6A75 /* MP42Utilities.m */,
				A9C03EB41116DFE700DA6FF6 /* Muxer */,
				A9C054A30F6D288D00AF15B5 /* Old muxer */,
			);
			name = "mp4v2 wrapper";
			sourceTree = "<group>";
		};
		CD4A86A71234AFA10054970A /* ParseFilename */ = {
			isa = PBXGroup;
			children = (
				CD4A86A81234AFA10054970A /* lib */,
				CD4A86B01234AFA10054970A /* ParseFilename.pl */,
			);
			name = ParseFilename;
			path = Utilities/ParseFilename;
			sourceTree = "<group>";
		};
		CD4A86A81234AFA10054970A /* lib */ = {
			isa = PBXGroup;
			children = (
				CD4A86A91234AFA10054970A /* Debug */,
				CD4A86AB1234AFA10054970A /* Text */,
				CD4A86AD1234AFA10054970A /* Video */,
			);
			path = lib;
			sourceTree = "<group>";
		};
		CD4A86A91234AFA10054970A /* Debug */ = {
			isa = PBXGroup;
			children = (
				CD4A86AA1234AFA10054970A /* Simple.pm */,
			);
			path = Debug;
			sourceTree = "<group>";
		};
		CD4A86AB1234AFA10054970A /* Text */ = {
			isa = PBXGroup;
			children = (
				CD4A86AC1234AFA10054970A /* Roman.pm */,
			);
			path = Text;
			sourceTree = "<group>";
		};
		CD4A86AD1234AFA10054970A /* Video */ = {
			isa = PBXGroup;
			children = (
				CD4A86AF1234AFA10054970A /* Filename.pm */,
			);
			path = Video;
			sourceTree = "<group>";
		};
/* End PBXGroup section */

/* Begin PBXNativeTarget section */
		8D15AC270486D014006FF6A4 /* Subler */ = {
			isa = PBXNativeTarget;
			buildConfigurationList = C05733C708A9546B00998B17 /* Build configuration list for PBXNativeTarget "Subler" */;
			buildPhases = (
				8D15AC2B0486D014006FF6A4 /* Resources */,
				CD71C7691234BE7D004A5383 /* Copy ParseFilename */,
				8D15AC300486D014006FF6A4 /* Sources */,
				8D15AC330486D014006FF6A4 /* Frameworks */,
				A984DB5E0F52D68E001A20B2 /* CopyFiles */,
			);
			buildRules = (
			);
			dependencies = (
				A91103BC0F321D4C0013D1E0 /* PBXTargetDependency */,
			);
			name = Subler;
			productInstallPath = "$(HOME)/Applications";
			productName = MP4Sub;
			productReference = 8D15AC370486D014006FF6A4 /* Subler.app */;
			productType = "com.apple.product-type.application";
		};
/* End PBXNativeTarget section */

/* Begin PBXProject section */
		2A37F4A9FDCFA73011CA2CEA /* Project object */ = {
			isa = PBXProject;
			buildConfigurationList = C05733CB08A9546B00998B17 /* Build configuration list for PBXProject "Subler" */;
			compatibilityVersion = "Xcode 3.1";
			developmentRegion = English;
			hasScannedForEncodings = 1;
			knownRegions = (
				English,
				Japanese,
				French,
				German,
			);
			mainGroup = 2A37F4AAFDCFA73011CA2CEA /* MP4Sub */;
			projectDirPath = "";
			projectReferences = (
				{
					ProductGroup = A91103860F321CF60013D1E0 /* Products */;
					ProjectRef = A91103850F321CF60013D1E0 /* UniversalDetector.xcodeproj */;
				},
			);
			projectRoot = "";
			targets = (
				8D15AC270486D014006FF6A4 /* Subler */,
			);
		};
/* End PBXProject section */

/* Begin PBXReferenceProxy section */
		A911038F0F321CF60013D1E0 /* UniversalDetector.framework */ = {
			isa = PBXReferenceProxy;
			fileType = wrapper.framework;
			path = UniversalDetector.framework;
			remoteRef = A911038E0F321CF60013D1E0 /* PBXContainerItemProxy */;
			sourceTree = BUILT_PRODUCTS_DIR;
		};
		A91103910F321CF60013D1E0 /* DetectorTest */ = {
			isa = PBXReferenceProxy;
			fileType = "compiled.mach-o.executable";
			path = DetectorTest;
			remoteRef = A91103900F321CF60013D1E0 /* PBXContainerItemProxy */;
			sourceTree = BUILT_PRODUCTS_DIR;
		};
		A91103930F321CF60013D1E0 /* libuniversaldetector.a */ = {
			isa = PBXReferenceProxy;
			fileType = archive.ar;
			path = libuniversaldetector.a;
			remoteRef = A91103920F321CF60013D1E0 /* PBXContainerItemProxy */;
			sourceTree = BUILT_PRODUCTS_DIR;
		};
/* End PBXReferenceProxy section */

/* Begin PBXResourcesBuildPhase section */
		8D15AC2B0486D014006FF6A4 /* Resources */ = {
			isa = PBXResourcesBuildPhase;
			buildActionMask = 2147483647;
			files = (
				8D15AC2C0486D014006FF6A4 /* Credits.rtf in Resources */,
				8D15AC2F0486D014006FF6A4 /* InfoPlist.strings in Resources */,
				1DDD582C0DA1D0D100B32029 /* MyDocument.xib in Resources */,
				1DDD582D0DA1D0D100B32029 /* MainMenu.xib in Resources */,
				A9FD5DA40F3C6F8100817716 /* EmptyView.xib in Resources */,
				A9FD5DA60F3C6F8A00817716 /* ChapterView.xib in Resources */,
				A9FD5EC70F3C8A4800817716 /* MovieView.xib in Resources */,
				A984DB740F52DD4B001A20B2 /* dsa_pub.pem in Resources */,
				A9629D070F56FB2A001D6A75 /* VideoView.xib in Resources */,
				A9C055370F6D395B00AF15B5 /* FileImport.xib in Resources */,
				A95C881D0F827BFB00F51A22 /* ToolbarRemoveTemplate.png in Resources */,
				A9FB9DC90F83AAC100AB791A /* VideoFramerate.xib in Resources */,
				A91E7DEE0F8A2F3D00AF387E /* SoundView.xib in Resources */,
				A941AE1B1074B7A60055022C /* Subler.icns in Resources */,
				A90B023B10F3290A000416F3 /* Prefs.xib in Resources */,
				A9B74A7D10F4B75400C244E4 /* MetadataImport.xib in Resources */,
				A996C43210F4CA1D0055C85C /* tagChimp_tiny.png in Resources */,
				A9C4E54110F5F01C00B60B59 /* tagChimp_medium.png in Resources */,
			);
			runOnlyForDeploymentPostprocessing = 0;
		};
/* End PBXResourcesBuildPhase section */

/* Begin PBXShellScriptBuildPhase section */
		CD71C7691234BE7D004A5383 /* Copy ParseFilename */ = {
			isa = PBXShellScriptBuildPhase;
			buildActionMask = 2147483647;
			files = (
			);
			inputPaths = (
			);
			name = "Copy ParseFilename";
			outputPaths = (
			);
			runOnlyForDeploymentPostprocessing = 0;
			shellPath = /bin/bash;
			shellScript = "SRC=\"${SRCROOT}/Utilities/ParseFilename\"\nDEST=\"${TARGET_BUILD_DIR}/${UNLOCALIZED_RESOURCES_FOLDER_PATH}/ParseFilename\"\n\nmkdir -p \"${DEST}/lib\"\nmkdir -p \"${DEST}/lib/Debug\"\nmkdir -p \"${DEST}/lib/Text\"\nmkdir -p \"${DEST}/lib/Video\"\ncp -p \"${SRC}/ParseFilename.pl\" \"${DEST}\"\ncp -p \"${SRC}/lib/Debug/Simple.pm\" \"${DEST}/lib/Debug/\"\ncp -p \"${SRC}/lib/Text/Roman.pm\" \"${DEST}/lib/Text/\"\ncp -p \"${SRC}/lib/Video/Filename.pm\" \"${DEST}/lib/Video/\"";
		};
/* End PBXShellScriptBuildPhase section */

/* Begin PBXSourcesBuildPhase section */
		8D15AC300486D014006FF6A4 /* Sources */ = {
			isa = PBXSourcesBuildPhase;
			buildActionMask = 2147483647;
			files = (
				8D15AC310486D014006FF6A4 /* MyDocument.m in Sources */,
				8D15AC320486D014006FF6A4 /* main.mm in Sources */,
				A911064B0F323D450013D1E0 /* AppDelegate.m in Sources */,
				A9F5EA800F32E55000C057E0 /* SubUtilities.m in Sources */,
				A9F5EBAE0F32F2DB00C057E0 /* lang.c in Sources */,
				A9FD5D340F3C69BE00817716 /* ChapterViewController.m in Sources */,
				A9FD5D420F3C6A6300817716 /* EmptyViewController.m in Sources */,
				A9FD5ECF0F3C8AF100817716 /* MovieViewController.m in Sources */,
				A9629C8D0F56F7B6001D6A75 /* MP42ChapterTrack.m in Sources */,
				A9629C8E0F56F7B6001D6A75 /* MP42File.m in Sources */,
				A9629C8F0F56F7B6001D6A75 /* MP42Metadata.m in Sources */,
				A9629C900F56F7B6001D6A75 /* MP42SubtitleTrack.m in Sources */,
				A9629C910F56F7B6001D6A75 /* MP42Track.m in Sources */,
				A9629C920F56F7B6001D6A75 /* MP42Utilities.m in Sources */,
				A9629D0A0F56FB36001D6A75 /* VideoViewController.m in Sources */,
				A9569CEB0F616926002F79F8 /* MP42VideoTrack.m in Sources */,
				A9C054B20F6D295A00AF15B5 /* AudioMuxer.m in Sources */,
				A9C054D00F6D2D9800AF15B5 /* VideoMuxer.m in Sources */,
				A99F4D270F6D5825003BA2B9 /* MP42AudioTrack.m in Sources */,
				A95C87AE0F82798200F51A22 /* ButtonToolbarItem.m in Sources */,
				A9BB60690F833D2E005CD0BB /* h264.cpp in Sources */,
				A9BB60D80F834E0A005CD0BB /* mbs.cpp in Sources */,
				A9FB9D4B0F83A6FF00AB791A /* VideoFramerate.m in Sources */,
				A91E7DEA0F8A2E6800AF387E /* SoundViewController.m in Sources */,
				A905E5520FB054B500B926FF /* CCMuxer.m in Sources */,
				A905E58A0FB05A8100B926FF /* MP42ClosedCaptionTrack.m in Sources */,
				A91F62260FB0A50D00B96B33 /* RegexKitLite.m in Sources */,
				A92E6E2D0FE8FD6C00CDF1F9 /* SBView.m in Sources */,
				A92E6EDC0FE9064000CDF1F9 /* SBTableView.m in Sources */,
				9480588B106E031F0037A911 /* FileImport.m in Sources */,
				94805896106E03440037A911 /* MatroskaFile.c in Sources */,
				94805897106E03440037A911 /* MatroskaParser.c in Sources */,
				948058AC106E074A0037A911 /* SubMuxer.m in Sources */,
				A974463F1083132F00C82989 /* rational.c in Sources */,
				A96A542210831D710081AA98 /* mathematics.c in Sources */,
				A90B023510F328EA000416F3 /* PrefsController.m in Sources */,
				A9AB990D10F4B53F009986EB /* tagChimpController.m in Sources */,
				A99EAC7C1115BED200D89903 /* MP42FileImporter.m in Sources */,
				A99EACA31115C18000D89903 /* MP42MkvImporter.m in Sources */,
				A9ED7C4E1115CFBD00423241 /* MP42Mp4Importer.m in Sources */,
				A9ED7C8B1115D32E00423241 /* MP42MovImporter.m in Sources */,
				A9B8E895123A95BA006A6EB8 /* MP42Muxer.m in Sources */,
				A9B8E896123A95BA006A6EB8 /* MP42Sample.m in Sources */,
				A98475851242294C004FD093 /* SBAudioConverter.m in Sources */,
				A984758C12422A6F004FD093 /* sfifo.c in Sources */,
				A9891D5E124502C000427CF9 /* MP42SrtImporter.m in Sources */,
				A9D825A912ABF72D00C1AA54 /* MP42CCImporter.m in Sources */,
				A9EBA68912AE28DF0092D645 /* MP42AC3Importer.m in Sources */,
				A9C4ECF712AE562A00BDBB7D /* MP42AACImporter.mm in Sources */,
			);
			runOnlyForDeploymentPostprocessing = 0;
		};
/* End PBXSourcesBuildPhase section */

/* Begin PBXTargetDependency section */
		A91103BC0F321D4C0013D1E0 /* PBXTargetDependency */ = {
			isa = PBXTargetDependency;
			name = universaldetector;
			targetProxy = A91103BB0F321D4C0013D1E0 /* PBXContainerItemProxy */;
		};
/* End PBXTargetDependency section */

/* Begin PBXVariantGroup section */
		089C165FFE840EACC02AAC07 /* InfoPlist.strings */ = {
			isa = PBXVariantGroup;
			children = (
				089C1660FE840EACC02AAC07 /* English */,
			);
			name = InfoPlist.strings;
			sourceTree = "<group>";
		};
		1DDD58280DA1D0D100B32029 /* MyDocument.xib */ = {
			isa = PBXVariantGroup;
			children = (
				1DDD58290DA1D0D100B32029 /* English */,
			);
			name = MyDocument.xib;
			sourceTree = "<group>";
		};
		1DDD582A0DA1D0D100B32029 /* MainMenu.xib */ = {
			isa = PBXVariantGroup;
			children = (
				1DDD582B0DA1D0D100B32029 /* English */,
			);
			name = MainMenu.xib;
			sourceTree = "<group>";
		};
		2A37F4B9FDCFA73011CA2CEA /* Credits.rtf */ = {
			isa = PBXVariantGroup;
			children = (
				2A37F4BAFDCFA73011CA2CEA /* English */,
			);
			name = Credits.rtf;
			sourceTree = "<group>";
		};
		A90B023910F3290A000416F3 /* Prefs.xib */ = {
			isa = PBXVariantGroup;
			children = (
				A90B023A10F3290A000416F3 /* English */,
			);
			name = Prefs.xib;
			sourceTree = "<group>";
		};
		A91E7DEC0F8A2F3D00AF387E /* SoundView.xib */ = {
			isa = PBXVariantGroup;
			children = (
				A91E7DED0F8A2F3D00AF387E /* English */,
			);
			name = SoundView.xib;
			sourceTree = "<group>";
		};
		A9629D050F56FB2A001D6A75 /* VideoView.xib */ = {
			isa = PBXVariantGroup;
			children = (
				A9629D060F56FB2A001D6A75 /* English */,
			);
			name = VideoView.xib;
			sourceTree = "<group>";
		};
		A9B74A7B10F4B75400C244E4 /* MetadataImport.xib */ = {
			isa = PBXVariantGroup;
			children = (
				A9B74A7C10F4B75400C244E4 /* English */,
			);
			name = MetadataImport.xib;
			sourceTree = "<group>";
		};
		A9C055360F6D395B00AF15B5 /* FileImport.xib */ = {
			isa = PBXVariantGroup;
			children = (
				A9C055330F6D394F00AF15B5 /* English */,
			);
			name = FileImport.xib;
			sourceTree = "<group>";
		};
		A9FB9DC80F83AAC100AB791A /* VideoFramerate.xib */ = {
			isa = PBXVariantGroup;
			children = (
				A9FB9D3C0F83A5CF00AB791A /* English */,
			);
			name = VideoFramerate.xib;
			sourceTree = "<group>";
		};
		A9FD5DA30F3C6F8100817716 /* EmptyView.xib */ = {
			isa = PBXVariantGroup;
			children = (
				A9FD5CE30F3C64D000817716 /* English */,
			);
			name = EmptyView.xib;
			sourceTree = "<group>";
		};
		A9FD5DA50F3C6F8A00817716 /* ChapterView.xib */ = {
			isa = PBXVariantGroup;
			children = (
				A9FD5D380F3C69EE00817716 /* English */,
			);
			name = ChapterView.xib;
			sourceTree = "<group>";
		};
		A9FD5EC50F3C8A4800817716 /* MovieView.xib */ = {
			isa = PBXVariantGroup;
			children = (
				A9FD5EC60F3C8A4800817716 /* English */,
			);
			name = MovieView.xib;
			sourceTree = "<group>";
		};
/* End PBXVariantGroup section */

/* Begin XCBuildConfiguration section */
		C05733C808A9546B00998B17 /* Debug */ = {
			isa = XCBuildConfiguration;
			buildSettings = {
				ALWAYS_SEARCH_USER_PATHS = NO;
				COPY_PHASE_STRIP = NO;
				FRAMEWORK_SEARCH_PATHS = (
					"$(inherited)",
					"\"$(SRCROOT)\"",
				);
				GCC_DYNAMIC_NO_PIC = NO;
				GCC_ENABLE_FIX_AND_CONTINUE = YES;
				GCC_MODEL_TUNING = G5;
				GCC_OPTIMIZATION_LEVEL = 0;
				GCC_PRECOMPILE_PREFIX_HEADER = YES;
				GCC_PREFIX_HEADER = Subler_Prefix.pch;
				INFOPLIST_FILE = Info.plist;
				INSTALL_PATH = "$(HOME)/Applications";
				LIBRARY_SEARCH_PATHS = (
					"$(inherited)",
					"\"$(SRCROOT)/mp4v2\"",
				);
				MACOSX_DEPLOYMENT_TARGET = 10.5;
				PRODUCT_NAME = Subler;
			};
			name = Debug;
		};
		C05733C908A9546B00998B17 /* Release */ = {
			isa = XCBuildConfiguration;
			buildSettings = {
				ALWAYS_SEARCH_USER_PATHS = NO;
				DEBUG_INFORMATION_FORMAT = "dwarf-with-dsym";
				FRAMEWORK_SEARCH_PATHS = (
					"$(inherited)",
					"\"$(SRCROOT)\"",
				);
				GCC_DYNAMIC_NO_PIC = YES;
				GCC_MODEL_TUNING = G5;
				GCC_PRECOMPILE_PREFIX_HEADER = YES;
				GCC_PREFIX_HEADER = Subler_Prefix.pch;
				INFOPLIST_FILE = Info.plist;
				INSTALL_PATH = "$(HOME)/Applications";
				LIBRARY_SEARCH_PATHS = (
					"$(inherited)",
					"\"$(SRCROOT)/mp4v2\"",
				);
				MACOSX_DEPLOYMENT_TARGET = 10.5;
				PRODUCT_NAME = Subler;
			};
			name = Release;
		};
		C05733CC08A9546B00998B17 /* Debug */ = {
			isa = XCBuildConfiguration;
			buildSettings = {
				ARCHS = (
					x86_64,
					"$(ARCHS_STANDARD_32_BIT)",
				);
				COPY_PHASE_STRIP = NO;
				DEBUG_INFORMATION_FORMAT = "dwarf-with-dsym";
				GCC_C_LANGUAGE_STANDARD = c99;
				GCC_OPTIMIZATION_LEVEL = 0;
				GCC_VERSION = com.apple.compilers.llvm.clang.1_0;
				GCC_WARN_64_TO_32_BIT_CONVERSION = NO;
				GCC_WARN_ABOUT_RETURN_TYPE = YES;
				GCC_WARN_SIGN_COMPARE = NO;
				GCC_WARN_UNUSED_VARIABLE = YES;
				HEADER_SEARCH_PATHS = "\"$(SRCROOT)/mp4v2\"/**";
				LIBRARY_SEARCH_PATHS = "\"$(SRCROOT)/mp4v2\"/**";
				ONLY_ACTIVE_ARCH = YES;
				PREBINDING = NO;
				RUN_CLANG_STATIC_ANALYZER = NO;
				SDKROOT = macosx10.5;
				STANDARD_C_PLUS_PLUS_LIBRARY_TYPE = dynamic;
				STRIP_INSTALLED_PRODUCT = NO;
				USER_HEADER_SEARCH_PATHS = "\"$(SRCROOT)/mp4v2\"/**";
			};
			name = Debug;
		};
		C05733CD08A9546B00998B17 /* Release */ = {
			isa = XCBuildConfiguration;
			buildSettings = {
				ARCHS = (
					"$(ARCHS_STANDARD_32_BIT)",
					ppc,
				);
				GCC_AUTO_VECTORIZATION = YES;
				GCC_C_LANGUAGE_STANDARD = c99;
				GCC_ENABLE_SSE3_EXTENSIONS = YES;
				GCC_OPTIMIZATION_LEVEL = 3;
				GCC_VERSION = com.apple.compilers.llvm.clang.1_0;
				GCC_WARN_64_TO_32_BIT_CONVERSION = NO;
				GCC_WARN_ABOUT_RETURN_TYPE = YES;
				GCC_WARN_PEDANTIC = NO;
				GCC_WARN_SIGN_COMPARE = NO;
				GCC_WARN_UNINITIALIZED_AUTOS = YES;
				GCC_WARN_UNUSED_FUNCTION = YES;
				GCC_WARN_UNUSED_LABEL = YES;
				GCC_WARN_UNUSED_PARAMETER = NO;
				GCC_WARN_UNUSED_VALUE = YES;
				GCC_WARN_UNUSED_VARIABLE = YES;
				HEADER_SEARCH_PATHS = "\"$(SRCROOT)/mp4v2\"/**";
				LIBRARY_SEARCH_PATHS = "\"$(SRCROOT)/mp4v2\"/**";
				PREBINDING = NO;
				RUN_CLANG_STATIC_ANALYZER = NO;
				SDKROOT = macosx10.5;
				STANDARD_C_PLUS_PLUS_LIBRARY_TYPE = dynamic;
				USER_HEADER_SEARCH_PATHS = "\"$(SRCROOT)/mp4v2\"/**";
			};
			name = Release;
		};
/* End XCBuildConfiguration section */

/* Begin XCConfigurationList section */
		C05733C708A9546B00998B17 /* Build configuration list for PBXNativeTarget "Subler" */ = {
			isa = XCConfigurationList;
			buildConfigurations = (
				C05733C808A9546B00998B17 /* Debug */,
				C05733C908A9546B00998B17 /* Release */,
			);
			defaultConfigurationIsVisible = 0;
			defaultConfigurationName = Release;
		};
		C05733CB08A9546B00998B17 /* Build configuration list for PBXProject "Subler" */ = {
			isa = XCConfigurationList;
			buildConfigurations = (
				C05733CC08A9546B00998B17 /* Debug */,
				C05733CD08A9546B00998B17 /* Release */,
			);
			defaultConfigurationIsVisible = 0;
			defaultConfigurationName = Release;
		};
/* End XCConfigurationList section */
	};
	rootObject = 2A37F4A9FDCFA73011CA2CEA /* Project object */;
}
