// !$*UTF8*$!
{
	archiveVersion = 1;
	classes = {
	};
	objectVersion = 45;
	objects = {

/* Begin PBXBuildFile section */
		8DD76F9C0486AA7600D96B5E /* Foundation.framework in Frameworks */ = {isa = PBXBuildFile; fileRef = 08FB779EFE84155DC02AAC07 /* Foundation.framework */; };
		8DD76F9F0486AA7600D96B5E /* SublerCLI.1 in CopyFiles */ = {isa = PBXBuildFile; fileRef = C6859EA3029092ED04C91782 /* SublerCLI.1 */; };
		A90C272410AF31D700991030 /* MatroskaFile.c in Sources */ = {isa = PBXBuildFile; fileRef = A90C272010AF31D700991030 /* MatroskaFile.c */; };
		A90C272510AF31D700991030 /* MatroskaParser.c in Sources */ = {isa = PBXBuildFile; fileRef = A90C272210AF31D700991030 /* MatroskaParser.c */; };
		A90C273110AF31FA00991030 /* rational.c in Sources */ = {isa = PBXBuildFile; fileRef = A90C272F10AF31FA00991030 /* rational.c */; };
		A90C274710AF327500991030 /* mathematics.c in Sources */ = {isa = PBXBuildFile; fileRef = A90C274510AF327500991030 /* mathematics.c */; };
		A90C277110AF32AF00991030 /* libz.dylib in Frameworks */ = {isa = PBXBuildFile; fileRef = A90C277010AF32AF00991030 /* libz.dylib */; };
		A91F633B0FB0C6D800B96B33 /* CCMuxer.m in Sources */ = {isa = PBXBuildFile; fileRef = A91F63390FB0C6D800B96B33 /* CCMuxer.m */; };
		A91F633F0FB0C6ED00B96B33 /* RegexKitLite.m in Sources */ = {isa = PBXBuildFile; fileRef = A91F633E0FB0C6ED00B96B33 /* RegexKitLite.m */; };
		A91F634A0FB0C70100B96B33 /* libicucore.dylib in Frameworks */ = {isa = PBXBuildFile; fileRef = A91F63490FB0C70100B96B33 /* libicucore.dylib */; };
		A91F63510FB0C76300B96B33 /* MP42ClosedCaptionTrack.m in Sources */ = {isa = PBXBuildFile; fileRef = A91F63500FB0C76300B96B33 /* MP42ClosedCaptionTrack.m */; };
		A94871D20F7914D2008DBC94 /* QTKit.framework in Frameworks */ = {isa = PBXBuildFile; fileRef = A94871D10F7914D2008DBC94 /* QTKit.framework */; };
		A94871D70F7914E7008DBC94 /* QuickTime.framework in Frameworks */ = {isa = PBXBuildFile; fileRef = A94871D60F7914E7008DBC94 /* QuickTime.framework */; };
		A9726A270F7B89F0008A828C /* AudioToolbox.framework in Frameworks */ = {isa = PBXBuildFile; fileRef = A9726A260F7B89F0008A828C /* AudioToolbox.framework */; };
		A98ED2FE0F59E00E00885A49 /* SubUtilities.m in Sources */ = {isa = PBXBuildFile; fileRef = A98ED2FC0F59E00E00885A49 /* SubUtilities.m */; };
		A98ED30C0F59E01400885A49 /* MP42ChapterTrack.m in Sources */ = {isa = PBXBuildFile; fileRef = A98ED3010F59E01400885A49 /* MP42ChapterTrack.m */; };
		A98ED30D0F59E01400885A49 /* MP42File.m in Sources */ = {isa = PBXBuildFile; fileRef = A98ED3030F59E01400885A49 /* MP42File.m */; };
		A98ED30E0F59E01400885A49 /* MP42Metadata.m in Sources */ = {isa = PBXBuildFile; fileRef = A98ED3050F59E01400885A49 /* MP42Metadata.m */; };
		A98ED30F0F59E01400885A49 /* MP42SubtitleTrack.m in Sources */ = {isa = PBXBuildFile; fileRef = A98ED3070F59E01400885A49 /* MP42SubtitleTrack.m */; };
		A98ED3100F59E01400885A49 /* MP42Track.m in Sources */ = {isa = PBXBuildFile; fileRef = A98ED3090F59E01400885A49 /* MP42Track.m */; };
		A98ED3110F59E01400885A49 /* MP42Utilities.m in Sources */ = {isa = PBXBuildFile; fileRef = A98ED30B0F59E01400885A49 /* MP42Utilities.m */; };
		A98ED3140F59E02300885A49 /* lang.c in Sources */ = {isa = PBXBuildFile; fileRef = A98ED3130F59E02300885A49 /* lang.c */; };
		A98ED3330F59E08D00885A49 /* libmp4v2.a in Frameworks */ = {isa = PBXBuildFile; fileRef = A98ED3240F59E08D00885A49 /* libmp4v2.a */; };
		A98ED3FC0F59E24A00885A49 /* libuniversaldetector.a in Frameworks */ = {isa = PBXBuildFile; fileRef = A98ED3550F59E17A00885A49 /* libuniversaldetector.a */; };
		A98ED4030F59E28300885A49 /* Cocoa.framework in Frameworks */ = {isa = PBXBuildFile; fileRef = A98ED4020F59E28300885A49 /* Cocoa.framework */; };
		A99530FA0F65699A00EC456B /* MP42VideoTrack.m in Sources */ = {isa = PBXBuildFile; fileRef = A99530F80F65699A00EC456B /* MP42VideoTrack.m */; };
		A9AFB6590F8CF1EE0050583E /* ac3.cpp in Sources */ = {isa = PBXBuildFile; fileRef = A9AFB6530F8CF1EE0050583E /* ac3.cpp */; };
		A9AFB65A0F8CF1EE0050583E /* h264.cpp in Sources */ = {isa = PBXBuildFile; fileRef = A9AFB6550F8CF1EE0050583E /* h264.cpp */; };
		A9AFB65B0F8CF1EE0050583E /* aac.cpp in Sources */ = {isa = PBXBuildFile; fileRef = A9AFB6560F8CF1EE0050583E /* aac.cpp */; };
		A9AFB65C0F8CF1EE0050583E /* mbs.cpp in Sources */ = {isa = PBXBuildFile; fileRef = A9AFB6570F8CF1EE0050583E /* mbs.cpp */; };
		A9EAE1190F6E7FB1002853C9 /* AudioMuxer.m in Sources */ = {isa = PBXBuildFile; fileRef = A9EAE1140F6E7FB1002853C9 /* AudioMuxer.m */; };
		A9EAE11A0F6E7FB1002853C9 /* SubMuxer.m in Sources */ = {isa = PBXBuildFile; fileRef = A9EAE1160F6E7FB1002853C9 /* SubMuxer.m */; };
		A9EAE11B0F6E7FB1002853C9 /* VideoMuxer.m in Sources */ = {isa = PBXBuildFile; fileRef = A9EAE1180F6E7FB1002853C9 /* VideoMuxer.m */; };
		A9EAE11E0F6E7FBB002853C9 /* MP42AudioTrack.m in Sources */ = {isa = PBXBuildFile; fileRef = A9EAE11D0F6E7FBB002853C9 /* MP42AudioTrack.m */; };
		CB7C2FD51118A236001C2594 /* SublerCLI.mm in Sources */ = {isa = PBXBuildFile; fileRef = CB7C2FD41118A236001C2594 /* SublerCLI.mm */; };
/* End PBXBuildFile section */

/* Begin PBXContainerItemProxy section */
		A98ED3500F59E17A00885A49 /* PBXContainerItemProxy */ = {
			isa = PBXContainerItemProxy;
			containerPortal = A98ED34A0F59E17A00885A49 /* UniversalDetector.xcodeproj */;
			proxyType = 2;
			remoteGlobalIDString = 8DC2EF5B0486A6940098B216;
			remoteInfo = UniversalDetector;
		};
		A98ED3520F59E17A00885A49 /* PBXContainerItemProxy */ = {
			isa = PBXContainerItemProxy;
			containerPortal = A98ED34A0F59E17A00885A49 /* UniversalDetector.xcodeproj */;
			proxyType = 2;
			remoteGlobalIDString = 1B0DDCAB0A2D0AD10009B697;
			remoteInfo = DetectorTest;
		};
		A98ED3540F59E17A00885A49 /* PBXContainerItemProxy */ = {
			isa = PBXContainerItemProxy;
			containerPortal = A98ED34A0F59E17A00885A49 /* UniversalDetector.xcodeproj */;
			proxyType = 2;
			remoteGlobalIDString = 3DBF4F570BCD396800DA401A;
			remoteInfo = universaldetector;
		};
		A98ED3FA0F59E23E00885A49 /* PBXContainerItemProxy */ = {
			isa = PBXContainerItemProxy;
			containerPortal = A98ED34A0F59E17A00885A49 /* UniversalDetector.xcodeproj */;
			proxyType = 1;
			remoteGlobalIDString = 3DBF4F560BCD396800DA401A;
			remoteInfo = universaldetector;
		};
/* End PBXContainerItemProxy section */

/* Begin PBXCopyFilesBuildPhase section */
		8DD76F9E0486AA7600D96B5E /* CopyFiles */ = {
			isa = PBXCopyFilesBuildPhase;
			buildActionMask = 8;
			dstPath = /usr/share/man/man1/;
			dstSubfolderSpec = 0;
			files = (
				8DD76F9F0486AA7600D96B5E /* SublerCLI.1 in CopyFiles */,
			);
			runOnlyForDeploymentPostprocessing = 1;
		};
/* End PBXCopyFilesBuildPhase section */

/* Begin PBXFileReference section */
		08FB779EFE84155DC02AAC07 /* Foundation.framework */ = {isa = PBXFileReference; lastKnownFileType = wrapper.framework; name = Foundation.framework; path = /System/Library/Frameworks/Foundation.framework; sourceTree = "<absolute>"; };
		32A70AAB03705E1F00C91783 /* SublerCLI_Prefix.pch */ = {isa = PBXFileReference; fileEncoding = 4; lastKnownFileType = sourcecode.c.h; path = SublerCLI_Prefix.pch; sourceTree = "<group>"; };
		8DD76FA10486AA7600D96B5E /* SublerCLI */ = {isa = PBXFileReference; explicitFileType = "compiled.mach-o.executable"; includeInIndex = 0; path = SublerCLI; sourceTree = BUILT_PRODUCTS_DIR; };
		A90C272010AF31D700991030 /* MatroskaFile.c */ = {isa = PBXFileReference; fileEncoding = 4; lastKnownFileType = sourcecode.c.c; name = MatroskaFile.c; path = ../MatroskaFile.c; sourceTree = SOURCE_ROOT; };
		A90C272110AF31D700991030 /* MatroskaFile.h */ = {isa = PBXFileReference; fileEncoding = 4; lastKnownFileType = sourcecode.c.h; name = MatroskaFile.h; path = ../MatroskaFile.h; sourceTree = SOURCE_ROOT; };
		A90C272210AF31D700991030 /* MatroskaParser.c */ = {isa = PBXFileReference; fileEncoding = 4; lastKnownFileType = sourcecode.c.c; name = MatroskaParser.c; path = ../MatroskaParser.c; sourceTree = SOURCE_ROOT; };
		A90C272310AF31D700991030 /* MatroskaParser.h */ = {isa = PBXFileReference; fileEncoding = 4; lastKnownFileType = sourcecode.c.h; name = MatroskaParser.h; path = ../MatroskaParser.h; sourceTree = SOURCE_ROOT; };
		A90C272F10AF31FA00991030 /* rational.c */ = {isa = PBXFileReference; fileEncoding = 4; lastKnownFileType = sourcecode.c.c; name = rational.c; path = ../rational.c; sourceTree = SOURCE_ROOT; };
		A90C273010AF31FA00991030 /* rational.h */ = {isa = PBXFileReference; fileEncoding = 4; lastKnownFileType = sourcecode.c.h; name = rational.h; path = ../rational.h; sourceTree = SOURCE_ROOT; };
		A90C273E10AF325900991030 /* common.h */ = {isa = PBXFileReference; fileEncoding = 4; lastKnownFileType = sourcecode.c.h; name = common.h; path = ../common.h; sourceTree = SOURCE_ROOT; };
		A90C274510AF327500991030 /* mathematics.c */ = {isa = PBXFileReference; fileEncoding = 4; lastKnownFileType = sourcecode.c.c; name = mathematics.c; path = ../mathematics.c; sourceTree = SOURCE_ROOT; };
		A90C274610AF327500991030 /* mathematics.h */ = {isa = PBXFileReference; fileEncoding = 4; lastKnownFileType = sourcecode.c.h; name = mathematics.h; path = ../mathematics.h; sourceTree = SOURCE_ROOT; };
		A90C277010AF32AF00991030 /* libz.dylib */ = {isa = PBXFileReference; lastKnownFileType = "compiled.mach-o.dylib"; name = libz.dylib; path = /usr/lib/libz.dylib; sourceTree = "<absolute>"; };
		A91F63390FB0C6D800B96B33 /* CCMuxer.m */ = {isa = PBXFileReference; fileEncoding = 4; lastKnownFileType = sourcecode.c.objc; path = CCMuxer.m; sourceTree = "<group>"; };
		A91F633A0FB0C6D800B96B33 /* CCMuxer.h */ = {isa = PBXFileReference; fileEncoding = 4; lastKnownFileType = sourcecode.c.h; path = CCMuxer.h; sourceTree = "<group>"; };
		A91F633D0FB0C6ED00B96B33 /* RegexKitLite.h */ = {isa = PBXFileReference; fileEncoding = 4; lastKnownFileType = sourcecode.c.h; name = RegexKitLite.h; path = ../RegexKitLite.h; sourceTree = SOURCE_ROOT; };
		A91F633E0FB0C6ED00B96B33 /* RegexKitLite.m */ = {isa = PBXFileReference; fileEncoding = 4; lastKnownFileType = sourcecode.c.objc; name = RegexKitLite.m; path = ../RegexKitLite.m; sourceTree = SOURCE_ROOT; };
		A91F63490FB0C70100B96B33 /* libicucore.dylib */ = {isa = PBXFileReference; lastKnownFileType = "compiled.mach-o.dylib"; name = libicucore.dylib; path = /usr/lib/libicucore.dylib; sourceTree = "<absolute>"; };
		A91F634F0FB0C76300B96B33 /* MP42ClosedCaptionTrack.h */ = {isa = PBXFileReference; fileEncoding = 4; lastKnownFileType = sourcecode.c.h; path = MP42ClosedCaptionTrack.h; sourceTree = "<group>"; };
		A91F63500FB0C76300B96B33 /* MP42ClosedCaptionTrack.m */ = {isa = PBXFileReference; fileEncoding = 4; lastKnownFileType = sourcecode.c.objc; path = MP42ClosedCaptionTrack.m; sourceTree = "<group>"; };
		A94871D10F7914D2008DBC94 /* QTKit.framework */ = {isa = PBXFileReference; lastKnownFileType = wrapper.framework; name = QTKit.framework; path = /System/Library/Frameworks/QTKit.framework; sourceTree = "<absolute>"; };
		A94871D60F7914E7008DBC94 /* QuickTime.framework */ = {isa = PBXFileReference; lastKnownFileType = wrapper.framework; name = QuickTime.framework; path = /System/Library/Frameworks/QuickTime.framework; sourceTree = "<absolute>"; };
		A9726A260F7B89F0008A828C /* AudioToolbox.framework */ = {isa = PBXFileReference; lastKnownFileType = wrapper.framework; name = AudioToolbox.framework; path = /System/Library/Frameworks/AudioToolbox.framework; sourceTree = "<absolute>"; };
		A98ED2FA0F59E00E00885A49 /* SubUtilities.h */ = {isa = PBXFileReference; fileEncoding = 4; lastKnownFileType = sourcecode.c.h; name = SubUtilities.h; path = ../SubUtilities.h; sourceTree = SOURCE_ROOT; };
		A98ED2FC0F59E00E00885A49 /* SubUtilities.m */ = {isa = PBXFileReference; fileEncoding = 4; lastKnownFileType = sourcecode.c.objc; name = SubUtilities.m; path = ../SubUtilities.m; sourceTree = SOURCE_ROOT; };
		A98ED3000F59E01400885A49 /* MP42ChapterTrack.h */ = {isa = PBXFileReference; fileEncoding = 4; lastKnownFileType = sourcecode.c.h; path = MP42ChapterTrack.h; sourceTree = "<group>"; };
		A98ED3010F59E01400885A49 /* MP42ChapterTrack.m */ = {isa = PBXFileReference; fileEncoding = 4; lastKnownFileType = sourcecode.c.objc; path = MP42ChapterTrack.m; sourceTree = "<group>"; };
		A98ED3020F59E01400885A49 /* MP42File.h */ = {isa = PBXFileReference; fileEncoding = 4; lastKnownFileType = sourcecode.c.h; path = MP42File.h; sourceTree = "<group>"; };
		A98ED3030F59E01400885A49 /* MP42File.m */ = {isa = PBXFileReference; fileEncoding = 4; lastKnownFileType = sourcecode.c.objc; path = MP42File.m; sourceTree = "<group>"; };
		A98ED3040F59E01400885A49 /* MP42Metadata.h */ = {isa = PBXFileReference; fileEncoding = 4; lastKnownFileType = sourcecode.c.h; path = MP42Metadata.h; sourceTree = "<group>"; };
		A98ED3050F59E01400885A49 /* MP42Metadata.m */ = {isa = PBXFileReference; fileEncoding = 4; lastKnownFileType = sourcecode.c.objc; path = MP42Metadata.m; sourceTree = "<group>"; };
		A98ED3060F59E01400885A49 /* MP42SubtitleTrack.h */ = {isa = PBXFileReference; fileEncoding = 4; lastKnownFileType = sourcecode.c.h; path = MP42SubtitleTrack.h; sourceTree = "<group>"; };
		A98ED3070F59E01400885A49 /* MP42SubtitleTrack.m */ = {isa = PBXFileReference; fileEncoding = 4; lastKnownFileType = sourcecode.c.objc; path = MP42SubtitleTrack.m; sourceTree = "<group>"; };
		A98ED3080F59E01400885A49 /* MP42Track.h */ = {isa = PBXFileReference; fileEncoding = 4; lastKnownFileType = sourcecode.c.h; path = MP42Track.h; sourceTree = "<group>"; };
		A98ED3090F59E01400885A49 /* MP42Track.m */ = {isa = PBXFileReference; fileEncoding = 4; lastKnownFileType = sourcecode.c.objc; path = MP42Track.m; sourceTree = "<group>"; };
		A98ED30A0F59E01400885A49 /* MP42Utilities.h */ = {isa = PBXFileReference; fileEncoding = 4; lastKnownFileType = sourcecode.c.h; path = MP42Utilities.h; sourceTree = "<group>"; };
		A98ED30B0F59E01400885A49 /* MP42Utilities.m */ = {isa = PBXFileReference; fileEncoding = 4; lastKnownFileType = sourcecode.c.objc; path = MP42Utilities.m; sourceTree = "<group>"; };
		A98ED3120F59E02300885A49 /* lang.h */ = {isa = PBXFileReference; fileEncoding = 4; lastKnownFileType = sourcecode.c.h; name = lang.h; path = ../lang.h; sourceTree = SOURCE_ROOT; };
		A98ED3130F59E02300885A49 /* lang.c */ = {isa = PBXFileReference; fileEncoding = 4; lastKnownFileType = sourcecode.c.c; name = lang.c; path = ../lang.c; sourceTree = SOURCE_ROOT; };
		A98ED3150F59E03300885A49 /* UniversalDetector.h */ = {isa = PBXFileReference; fileEncoding = 4; lastKnownFileType = sourcecode.c.h; name = UniversalDetector.h; path = ../UniversalDetector/UniversalDetector.h; sourceTree = SOURCE_ROOT; };
		A98ED3240F59E08D00885A49 /* libmp4v2.a */ = {isa = PBXFileReference; lastKnownFileType = archive.ar; path = libmp4v2.a; sourceTree = "<group>"; };
		A98ED3320F59E08D00885A49 /* mp4v2.h */ = {isa = PBXFileReference; fileEncoding = 4; lastKnownFileType = sourcecode.c.h; path = mp4v2.h; sourceTree = "<group>"; };
		A98ED34A0F59E17A00885A49 /* UniversalDetector.xcodeproj */ = {isa = PBXFileReference; lastKnownFileType = "wrapper.pb-project"; name = UniversalDetector.xcodeproj; path = ../UniversalDetector/UniversalDetector.xcodeproj; sourceTree = SOURCE_ROOT; };
		A98ED4020F59E28300885A49 /* Cocoa.framework */ = {isa = PBXFileReference; lastKnownFileType = wrapper.framework; name = Cocoa.framework; path = System/Library/Frameworks/Cocoa.framework; sourceTree = SDKROOT; };
		A99530F80F65699A00EC456B /* MP42VideoTrack.m */ = {isa = PBXFileReference; fileEncoding = 4; lastKnownFileType = sourcecode.c.objc; path = MP42VideoTrack.m; sourceTree = "<group>"; };
		A99530F90F65699A00EC456B /* MP42VideoTrack.h */ = {isa = PBXFileReference; fileEncoding = 4; lastKnownFileType = sourcecode.c.h; path = MP42VideoTrack.h; sourceTree = "<group>"; };
		A9AFB6530F8CF1EE0050583E /* ac3.cpp */ = {isa = PBXFileReference; fileEncoding = 4; lastKnownFileType = sourcecode.cpp.cpp; path = ac3.cpp; sourceTree = "<group>"; };
		A9AFB6540F8CF1EE0050583E /* mpeg4ip_bitstream.h */ = {isa = PBXFileReference; fileEncoding = 4; lastKnownFileType = sourcecode.c.h; path = mpeg4ip_bitstream.h; sourceTree = "<group>"; };
		A9AFB6550F8CF1EE0050583E /* h264.cpp */ = {isa = PBXFileReference; fileEncoding = 4; lastKnownFileType = sourcecode.cpp.cpp; path = h264.cpp; sourceTree = "<group>"; };
		A9AFB6560F8CF1EE0050583E /* aac.cpp */ = {isa = PBXFileReference; fileEncoding = 4; lastKnownFileType = sourcecode.cpp.cpp; path = aac.cpp; sourceTree = "<group>"; };
		A9AFB6570F8CF1EE0050583E /* mbs.cpp */ = {isa = PBXFileReference; fileEncoding = 4; lastKnownFileType = sourcecode.cpp.cpp; path = mbs.cpp; sourceTree = "<group>"; };
		A9AFB6580F8CF1EE0050583E /* mbs.h */ = {isa = PBXFileReference; fileEncoding = 4; lastKnownFileType = sourcecode.c.h; path = mbs.h; sourceTree = "<group>"; };
		A9EAE1130F6E7FB1002853C9 /* AudioMuxer.h */ = {isa = PBXFileReference; fileEncoding = 4; lastKnownFileType = sourcecode.c.h; path = AudioMuxer.h; sourceTree = "<group>"; };
		A9EAE1140F6E7FB1002853C9 /* AudioMuxer.m */ = {isa = PBXFileReference; fileEncoding = 4; lastKnownFileType = sourcecode.c.objc; path = AudioMuxer.m; sourceTree = "<group>"; };
		A9EAE1150F6E7FB1002853C9 /* SubMuxer.h */ = {isa = PBXFileReference; fileEncoding = 4; lastKnownFileType = sourcecode.c.h; path = SubMuxer.h; sourceTree = "<group>"; };
		A9EAE1160F6E7FB1002853C9 /* SubMuxer.m */ = {isa = PBXFileReference; fileEncoding = 4; lastKnownFileType = sourcecode.c.objc; path = SubMuxer.m; sourceTree = "<group>"; };
		A9EAE1170F6E7FB1002853C9 /* VideoMuxer.h */ = {isa = PBXFileReference; fileEncoding = 4; lastKnownFileType = sourcecode.c.h; path = VideoMuxer.h; sourceTree = "<group>"; };
		A9EAE1180F6E7FB1002853C9 /* VideoMuxer.m */ = {isa = PBXFileReference; fileEncoding = 4; lastKnownFileType = sourcecode.c.objc; path = VideoMuxer.m; sourceTree = "<group>"; };
		A9EAE11C0F6E7FBB002853C9 /* MP42AudioTrack.h */ = {isa = PBXFileReference; fileEncoding = 4; lastKnownFileType = sourcecode.c.h; path = MP42AudioTrack.h; sourceTree = "<group>"; };
		A9EAE11D0F6E7FBB002853C9 /* MP42AudioTrack.m */ = {isa = PBXFileReference; fileEncoding = 4; lastKnownFileType = sourcecode.c.objc; path = MP42AudioTrack.m; sourceTree = "<group>"; };
		C6859EA3029092ED04C91782 /* SublerCLI.1 */ = {isa = PBXFileReference; lastKnownFileType = text.man; path = SublerCLI.1; sourceTree = "<group>"; };
		CB7C2FD41118A236001C2594 /* SublerCLI.mm */ = {isa = PBXFileReference; fileEncoding = 4; lastKnownFileType = sourcecode.cpp.objcpp; path = SublerCLI.mm; sourceTree = "<group>"; };
/* End PBXFileReference section */

/* Begin PBXFrameworksBuildPhase section */
		8DD76F9B0486AA7600D96B5E /* Frameworks */ = {
			isa = PBXFrameworksBuildPhase;
			buildActionMask = 2147483647;
			files = (
				8DD76F9C0486AA7600D96B5E /* Foundation.framework in Frameworks */,
				A98ED3330F59E08D00885A49 /* libmp4v2.a in Frameworks */,
				A98ED3FC0F59E24A00885A49 /* libuniversaldetector.a in Frameworks */,
				A98ED4030F59E28300885A49 /* Cocoa.framework in Frameworks */,
				A94871D20F7914D2008DBC94 /* QTKit.framework in Frameworks */,
				A94871D70F7914E7008DBC94 /* QuickTime.framework in Frameworks */,
				A9726A270F7B89F0008A828C /* AudioToolbox.framework in Frameworks */,
				A91F634A0FB0C70100B96B33 /* libicucore.dylib in Frameworks */,
				A90C277110AF32AF00991030 /* libz.dylib in Frameworks */,
			);
			runOnlyForDeploymentPostprocessing = 0;
		};
/* End PBXFrameworksBuildPhase section */

/* Begin PBXGroup section */
		08FB7794FE84155DC02AAC07 /* SublerCLI */ = {
			isa = PBXGroup;
			children = (
				08FB7795FE84155DC02AAC07 /* Source */,
				C6859EA2029092E104C91782 /* Documentation */,
				08FB779DFE84155DC02AAC07 /* External Frameworks and Libraries */,
				1AB674ADFE9D54B511CA2CBB /* Products */,
			);
			name = SublerCLI;
			sourceTree = "<group>";
		};
		08FB7795FE84155DC02AAC07 /* Source */ = {
			isa = PBXGroup;
			children = (
				A98ED3150F59E03300885A49 /* UniversalDetector.h */,
				A98ED3120F59E02300885A49 /* lang.h */,
				A98ED3130F59E02300885A49 /* lang.c */,
				A91F633D0FB0C6ED00B96B33 /* RegexKitLite.h */,
				A91F633E0FB0C6ED00B96B33 /* RegexKitLite.m */,
				A90C272010AF31D700991030 /* MatroskaFile.c */,
				A90C272110AF31D700991030 /* MatroskaFile.h */,
				A90C272210AF31D700991030 /* MatroskaParser.c */,
				A90C272310AF31D700991030 /* MatroskaParser.h */,
				A90C272F10AF31FA00991030 /* rational.c */,
				A90C273010AF31FA00991030 /* rational.h */,
				A90C274510AF327500991030 /* mathematics.c */,
				A90C274610AF327500991030 /* mathematics.h */,
				A90C273E10AF325900991030 /* common.h */,
				A98ED2FF0F59E01400885A49 /* mp4v2 wrapper */,
				32A70AAB03705E1F00C91783 /* SublerCLI_Prefix.pch */,
				CB7C2FD41118A236001C2594 /* SublerCLI.mm */,
			);
			name = Source;
			sourceTree = "<group>";
		};
		08FB779DFE84155DC02AAC07 /* External Frameworks and Libraries */ = {
			isa = PBXGroup;
			children = (
				A91F63490FB0C70100B96B33 /* libicucore.dylib */,
				A9726A260F7B89F0008A828C /* AudioToolbox.framework */,
				A94871D60F7914E7008DBC94 /* QuickTime.framework */,
				A94871D10F7914D2008DBC94 /* QTKit.framework */,
				A98ED34A0F59E17A00885A49 /* UniversalDetector.xcodeproj */,
				A98ED3230F59E08D00885A49 /* mp4v2 */,
				A98ED4020F59E28300885A49 /* Cocoa.framework */,
				08FB779EFE84155DC02AAC07 /* Foundation.framework */,
				A90C277010AF32AF00991030 /* libz.dylib */,
			);
			name = "External Frameworks and Libraries";
			sourceTree = "<group>";
		};
		1AB674ADFE9D54B511CA2CBB /* Products */ = {
			isa = PBXGroup;
			children = (
				8DD76FA10486AA7600D96B5E /* SublerCLI */,
			);
			name = Products;
			sourceTree = "<group>";
		};
		A98ED2FF0F59E01400885A49 /* mp4v2 wrapper */ = {
			isa = PBXGroup;
			children = (
				A98ED3000F59E01400885A49 /* MP42ChapterTrack.h */,
				A98ED3010F59E01400885A49 /* MP42ChapterTrack.m */,
				A98ED3020F59E01400885A49 /* MP42File.h */,
				A98ED3030F59E01400885A49 /* MP42File.m */,
				A98ED3040F59E01400885A49 /* MP42Metadata.h */,
				A98ED3050F59E01400885A49 /* MP42Metadata.m */,
				A99530F80F65699A00EC456B /* MP42VideoTrack.m */,
				A99530F90F65699A00EC456B /* MP42VideoTrack.h */,
				A9EAE11C0F6E7FBB002853C9 /* MP42AudioTrack.h */,
				A9EAE11D0F6E7FBB002853C9 /* MP42AudioTrack.m */,
				A98ED3060F59E01400885A49 /* MP42SubtitleTrack.h */,
				A98ED3070F59E01400885A49 /* MP42SubtitleTrack.m */,
				A91F634F0FB0C76300B96B33 /* MP42ClosedCaptionTrack.h */,
				A91F63500FB0C76300B96B33 /* MP42ClosedCaptionTrack.m */,
				A98ED3080F59E01400885A49 /* MP42Track.h */,
				A98ED3090F59E01400885A49 /* MP42Track.m */,
				A98ED30A0F59E01400885A49 /* MP42Utilities.h */,
				A98ED30B0F59E01400885A49 /* MP42Utilities.m */,
				A98ED2FA0F59E00E00885A49 /* SubUtilities.h */,
				A98ED2FC0F59E00E00885A49 /* SubUtilities.m */,
				A9EAE1120F6E7FB1002853C9 /* muxer */,
			);
			name = "mp4v2 wrapper";
			path = "../mp4v2 wrapper";
			sourceTree = SOURCE_ROOT;
		};
		A98ED3230F59E08D00885A49 /* mp4v2 */ = {
			isa = PBXGroup;
			children = (
				A98ED3240F59E08D00885A49 /* libmp4v2.a */,
				A98ED3320F59E08D00885A49 /* mp4v2.h */,
			);
			name = mp4v2;
			path = ../mp4v2;
			sourceTree = SOURCE_ROOT;
		};
		A98ED34B0F59E17A00885A49 /* Products */ = {
			isa = PBXGroup;
			children = (
				A98ED3510F59E17A00885A49 /* UniversalDetector.framework */,
				A98ED3530F59E17A00885A49 /* DetectorTest */,
				A98ED3550F59E17A00885A49 /* libuniversaldetector.a */,
			);
			name = Products;
			sourceTree = "<group>";
		};
		A9EAE1120F6E7FB1002853C9 /* muxer */ = {
			isa = PBXGroup;
			children = (
				A91F633A0FB0C6D800B96B33 /* CCMuxer.h */,
				A91F63390FB0C6D800B96B33 /* CCMuxer.m */,
				A9EAE1130F6E7FB1002853C9 /* AudioMuxer.h */,
				A9EAE1140F6E7FB1002853C9 /* AudioMuxer.m */,
				A9EAE1150F6E7FB1002853C9 /* SubMuxer.h */,
				A9EAE1160F6E7FB1002853C9 /* SubMuxer.m */,
				A9EAE1170F6E7FB1002853C9 /* VideoMuxer.h */,
				A9EAE1180F6E7FB1002853C9 /* VideoMuxer.m */,
				A9AFB6530F8CF1EE0050583E /* ac3.cpp */,
				A9AFB6540F8CF1EE0050583E /* mpeg4ip_bitstream.h */,
				A9AFB6550F8CF1EE0050583E /* h264.cpp */,
				A9AFB6560F8CF1EE0050583E /* aac.cpp */,
				A9AFB6570F8CF1EE0050583E /* mbs.cpp */,
				A9AFB6580F8CF1EE0050583E /* mbs.h */,
			);
			path = muxer;
			sourceTree = "<group>";
		};
		C6859EA2029092E104C91782 /* Documentation */ = {
			isa = PBXGroup;
			children = (
				C6859EA3029092ED04C91782 /* SublerCLI.1 */,
			);
			name = Documentation;
			sourceTree = "<group>";
		};
/* End PBXGroup section */

/* Begin PBXNativeTarget section */
		8DD76F960486AA7600D96B5E /* SublerCLI */ = {
			isa = PBXNativeTarget;
			buildConfigurationList = 1DEB927408733DD40010E9CD /* Build configuration list for PBXNativeTarget "SublerCLI" */;
			buildPhases = (
				8DD76F990486AA7600D96B5E /* Sources */,
				8DD76F9B0486AA7600D96B5E /* Frameworks */,
				8DD76F9E0486AA7600D96B5E /* CopyFiles */,
			);
			buildRules = (
			);
			dependencies = (
				A98ED3FB0F59E23E00885A49 /* PBXTargetDependency */,
			);
			name = SublerCLI;
			productInstallPath = "$(HOME)/bin";
			productName = SublerCLI;
			productReference = 8DD76FA10486AA7600D96B5E /* SublerCLI */;
			productType = "com.apple.product-type.tool";
		};
/* End PBXNativeTarget section */

/* Begin PBXProject section */
		08FB7793FE84155DC02AAC07 /* Project object */ = {
			isa = PBXProject;
			buildConfigurationList = 1DEB927808733DD40010E9CD /* Build configuration list for PBXProject "SublerCLI" */;
			compatibilityVersion = "Xcode 3.1";
			hasScannedForEncodings = 1;
			mainGroup = 08FB7794FE84155DC02AAC07 /* SublerCLI */;
			projectDirPath = "";
			projectReferences = (
				{
					ProductGroup = A98ED34B0F59E17A00885A49 /* Products */;
					ProjectRef = A98ED34A0F59E17A00885A49 /* UniversalDetector.xcodeproj */;
				},
			);
			projectRoot = "";
			targets = (
				8DD76F960486AA7600D96B5E /* SublerCLI */,
			);
		};
/* End PBXProject section */

/* Begin PBXReferenceProxy section */
		A98ED3510F59E17A00885A49 /* UniversalDetector.framework */ = {
			isa = PBXReferenceProxy;
			fileType = wrapper.framework;
			path = UniversalDetector.framework;
			remoteRef = A98ED3500F59E17A00885A49 /* PBXContainerItemProxy */;
			sourceTree = BUILT_PRODUCTS_DIR;
		};
		A98ED3530F59E17A00885A49 /* DetectorTest */ = {
			isa = PBXReferenceProxy;
			fileType = "compiled.mach-o.executable";
			path = DetectorTest;
			remoteRef = A98ED3520F59E17A00885A49 /* PBXContainerItemProxy */;
			sourceTree = BUILT_PRODUCTS_DIR;
		};
		A98ED3550F59E17A00885A49 /* libuniversaldetector.a */ = {
			isa = PBXReferenceProxy;
			fileType = archive.ar;
			path = libuniversaldetector.a;
			remoteRef = A98ED3540F59E17A00885A49 /* PBXContainerItemProxy */;
			sourceTree = BUILT_PRODUCTS_DIR;
		};
/* End PBXReferenceProxy section */

/* Begin PBXSourcesBuildPhase section */
		8DD76F990486AA7600D96B5E /* Sources */ = {
			isa = PBXSourcesBuildPhase;
			buildActionMask = 2147483647;
			files = (
				A98ED2FE0F59E00E00885A49 /* SubUtilities.m in Sources */,
				A98ED30C0F59E01400885A49 /* MP42ChapterTrack.m in Sources */,
				A98ED30D0F59E01400885A49 /* MP42File.m in Sources */,
				A98ED30E0F59E01400885A49 /* MP42Metadata.m in Sources */,
				A98ED30F0F59E01400885A49 /* MP42SubtitleTrack.m in Sources */,
				A98ED3100F59E01400885A49 /* MP42Track.m in Sources */,
				A98ED3110F59E01400885A49 /* MP42Utilities.m in Sources */,
				A98ED3140F59E02300885A49 /* lang.c in Sources */,
				A99530FA0F65699A00EC456B /* MP42VideoTrack.m in Sources */,
				A9EAE1190F6E7FB1002853C9 /* AudioMuxer.m in Sources */,
				A9EAE11A0F6E7FB1002853C9 /* SubMuxer.m in Sources */,
				A9EAE11B0F6E7FB1002853C9 /* VideoMuxer.m in Sources */,
				A9EAE11E0F6E7FBB002853C9 /* MP42AudioTrack.m in Sources */,
				A9AFB6590F8CF1EE0050583E /* ac3.cpp in Sources */,
				A9AFB65A0F8CF1EE0050583E /* h264.cpp in Sources */,
				A9AFB65B0F8CF1EE0050583E /* aac.cpp in Sources */,
				A9AFB65C0F8CF1EE0050583E /* mbs.cpp in Sources */,
				A91F633B0FB0C6D800B96B33 /* CCMuxer.m in Sources */,
				A91F633F0FB0C6ED00B96B33 /* RegexKitLite.m in Sources */,
				A91F63510FB0C76300B96B33 /* MP42ClosedCaptionTrack.m in Sources */,
				A90C272410AF31D700991030 /* MatroskaFile.c in Sources */,
				A90C272510AF31D700991030 /* MatroskaParser.c in Sources */,
				A90C273110AF31FA00991030 /* rational.c in Sources */,
				A90C274710AF327500991030 /* mathematics.c in Sources */,
				CB7C2FD51118A236001C2594 /* SublerCLI.mm in Sources */,
			);
			runOnlyForDeploymentPostprocessing = 0;
		};
/* End PBXSourcesBuildPhase section */

/* Begin PBXTargetDependency section */
		A98ED3FB0F59E23E00885A49 /* PBXTargetDependency */ = {
			isa = PBXTargetDependency;
			name = universaldetector;
			targetProxy = A98ED3FA0F59E23E00885A49 /* PBXContainerItemProxy */;
		};
/* End PBXTargetDependency section */

/* Begin XCBuildConfiguration section */
		1DEB927508733DD40010E9CD /* Debug */ = {
			isa = XCBuildConfiguration;
			buildSettings = {
				ALWAYS_SEARCH_USER_PATHS = NO;
				COPY_PHASE_STRIP = NO;
				GCC_DYNAMIC_NO_PIC = NO;
				GCC_ENABLE_FIX_AND_CONTINUE = YES;
				GCC_MODEL_TUNING = G5;
				GCC_OPTIMIZATION_LEVEL = 0;
				GCC_PRECOMPILE_PREFIX_HEADER = YES;
				GCC_PREFIX_HEADER = SublerCLI_Prefix.pch;
				INSTALL_PATH = /usr/local/bin;
				LIBRARY_SEARCH_PATHS = (
					"$(inherited)",
					"\"$(SRCROOT)/../mp4v2\"",
				);
				PRODUCT_NAME = SublerCLI;
			};
			name = Debug;
		};
		1DEB927608733DD40010E9CD /* Release */ = {
			isa = XCBuildConfiguration;
			buildSettings = {
				ALWAYS_SEARCH_USER_PATHS = NO;
				DEBUG_INFORMATION_FORMAT = "dwarf-with-dsym";
				GCC_MODEL_TUNING = G5;
				GCC_PRECOMPILE_PREFIX_HEADER = YES;
				GCC_PREFIX_HEADER = SublerCLI_Prefix.pch;
				INSTALL_PATH = /usr/local/bin;
				LIBRARY_SEARCH_PATHS = (
					"$(inherited)",
					"\"$(SRCROOT)/../mp4v2\"",
				);
				PRODUCT_NAME = SublerCLI;
			};
			name = Release;
		};
		1DEB927908733DD40010E9CD /* Debug */ = {
			isa = XCBuildConfiguration;
			buildSettings = {
				ARCHS = "$(ARCHS_STANDARD_32_BIT)";
				GCC_C_LANGUAGE_STANDARD = c99;
				GCC_OPTIMIZATION_LEVEL = 0;
				GCC_WARN_ABOUT_RETURN_TYPE = YES;
				GCC_WARN_UNUSED_VARIABLE = YES;
				HEADER_SEARCH_PATHS = "\"$(SRCROOT)/../mp4v2\"";
				ONLY_ACTIVE_ARCH = YES;
				PREBINDING = NO;
				SDKROOT = macosx10.5;
			};
			name = Debug;
		};
		1DEB927A08733DD40010E9CD /* Release */ = {
			isa = XCBuildConfiguration;
			buildSettings = {
				ARCHS = "$(ARCHS_STANDARD_32_BIT)";
				GCC_C_LANGUAGE_STANDARD = c99;
				GCC_WARN_ABOUT_RETURN_TYPE = YES;
				GCC_WARN_UNUSED_VARIABLE = YES;
				HEADER_SEARCH_PATHS = "\"$(SRCROOT)/../mp4v2\"";
				PREBINDING = NO;
				SDKROOT = macosx10.5;
			};
			name = Release;
		};
/* End XCBuildConfiguration section */

/* Begin XCConfigurationList section */
		1DEB927408733DD40010E9CD /* Build configuration list for PBXNativeTarget "SublerCLI" */ = {
			isa = XCConfigurationList;
			buildConfigurations = (
				1DEB927508733DD40010E9CD /* Debug */,
				1DEB927608733DD40010E9CD /* Release */,
			);
			defaultConfigurationIsVisible = 0;
			defaultConfigurationName = Release;
		};
		1DEB927808733DD40010E9CD /* Build configuration list for PBXProject "SublerCLI" */ = {
			isa = XCConfigurationList;
			buildConfigurations = (
				1DEB927908733DD40010E9CD /* Debug */,
				1DEB927A08733DD40010E9CD /* Release */,
			);
			defaultConfigurationIsVisible = 0;
			defaultConfigurationName = Release;
		};
/* End XCConfigurationList section */
	};
	rootObject = 08FB7793FE84155DC02AAC07 /* Project object */;
}
