// !$*UTF8*$!
{
	archiveVersion = 1;
	classes = {
	};
	objectVersion = 45;
	objects = {

/* Begin PBXBuildFile section */
		8DD76F9C0486AA7600D96B5E /* Foundation.framework in Frameworks */ = {isa = PBXBuildFile; fileRef = 08FB779EFE84155DC02AAC07 /* Foundation.framework */; };
		8DD76F9F0486AA7600D96B5E /* SublerCLI.1 in CopyFiles */ = {isa = PBXBuildFile; fileRef = C6859EA3029092ED04C91782 /* SublerCLI.1 */; };
		A905AF1A12CC9842004F9C3E /* downmix.c in Sources */ = {isa = PBXBuildFile; fileRef = A905AF1812CC9842004F9C3E /* downmix.c */; };
		A90C277110AF32AF00991030 /* libz.dylib in Frameworks */ = {isa = PBXBuildFile; fileRef = A90C277010AF32AF00991030 /* libz.dylib */; };
		A91F634A0FB0C70100B96B33 /* libicucore.dylib in Frameworks */ = {isa = PBXBuildFile; fileRef = A91F63490FB0C70100B96B33 /* libicucore.dylib */; };
		A94871D20F7914D2008DBC94 /* QTKit.framework in Frameworks */ = {isa = PBXBuildFile; fileRef = A94871D10F7914D2008DBC94 /* QTKit.framework */; };
		A94871D70F7914E7008DBC94 /* QuickTime.framework in Frameworks */ = {isa = PBXBuildFile; fileRef = A94871D60F7914E7008DBC94 /* QuickTime.framework */; };
		A9726A270F7B89F0008A828C /* AudioToolbox.framework in Frameworks */ = {isa = PBXBuildFile; fileRef = A9726A260F7B89F0008A828C /* AudioToolbox.framework */; };
		A98ED3330F59E08D00885A49 /* libmp4v2.a in Frameworks */ = {isa = PBXBuildFile; fileRef = A98ED3240F59E08D00885A49 /* libmp4v2.a */; };
		A98ED3FC0F59E24A00885A49 /* libuniversaldetector.a in Frameworks */ = {isa = PBXBuildFile; fileRef = A98ED3550F59E17A00885A49 /* libuniversaldetector.a */; };
		A98ED4030F59E28300885A49 /* Cocoa.framework in Frameworks */ = {isa = PBXBuildFile; fileRef = A98ED4020F59E28300885A49 /* Cocoa.framework */; };
		A991318A13F0044B00DCAA12 /* SBOCRWrapper.mm in Sources */ = {isa = PBXBuildFile; fileRef = A991318713F0044B00DCAA12 /* SBOCRWrapper.mm */; };
		A991318B13F0044B00DCAA12 /* SBVobSubConverter.m in Sources */ = {isa = PBXBuildFile; fileRef = A991318913F0044B00DCAA12 /* SBVobSubConverter.m */; };
		A9A9551513F11365002CDC85 /* MP42QTImporter.m in Sources */ = {isa = PBXBuildFile; fileRef = A9A9551413F11365002CDC85 /* MP42QTImporter.m */; };
		A9B46B0312B79EC60040517A /* MP42AACImporter.mm in Sources */ = {isa = PBXBuildFile; fileRef = A9B46ACA12B79EC60040517A /* MP42AACImporter.mm */; };
		A9B46B0412B79EC60040517A /* MP42AC3Importer.m in Sources */ = {isa = PBXBuildFile; fileRef = A9B46ACC12B79EC60040517A /* MP42AC3Importer.m */; };
		A9B46B0512B79EC60040517A /* MP42AudioTrack.m in Sources */ = {isa = PBXBuildFile; fileRef = A9B46ACE12B79EC60040517A /* MP42AudioTrack.m */; };
		A9B46B0612B79EC60040517A /* MP42CCImporter.m in Sources */ = {isa = PBXBuildFile; fileRef = A9B46AD012B79EC60040517A /* MP42CCImporter.m */; };
		A9B46B0712B79EC60040517A /* MP42ChapterTrack.m in Sources */ = {isa = PBXBuildFile; fileRef = A9B46AD212B79EC60040517A /* MP42ChapterTrack.m */; };
		A9B46B0812B79EC60040517A /* MP42ClosedCaptionTrack.m in Sources */ = {isa = PBXBuildFile; fileRef = A9B46AD412B79EC60040517A /* MP42ClosedCaptionTrack.m */; };
		A9B46B0912B79EC60040517A /* MP42File.m in Sources */ = {isa = PBXBuildFile; fileRef = A9B46AD612B79EC60040517A /* MP42File.m */; };
		A9B46B0A12B79EC60040517A /* MP42FileImporter.m in Sources */ = {isa = PBXBuildFile; fileRef = A9B46AD812B79EC60040517A /* MP42FileImporter.m */; };
		A9B46B0B12B79EC60040517A /* MP42H264Importer.mm in Sources */ = {isa = PBXBuildFile; fileRef = A9B46ADA12B79EC60040517A /* MP42H264Importer.mm */; };
		A9B46B0C12B79EC60040517A /* MP42Metadata.m in Sources */ = {isa = PBXBuildFile; fileRef = A9B46ADC12B79EC60040517A /* MP42Metadata.m */; };
		A9B46B0D12B79EC60040517A /* MP42MkvImporter.m in Sources */ = {isa = PBXBuildFile; fileRef = A9B46ADE12B79EC60040517A /* MP42MkvImporter.m */; };
		A9B46B0F12B79EC60040517A /* MP42Mp4Importer.m in Sources */ = {isa = PBXBuildFile; fileRef = A9B46AE212B79EC60040517A /* MP42Mp4Importer.m */; };
		A9B46B1012B79EC60040517A /* MP42Muxer.m in Sources */ = {isa = PBXBuildFile; fileRef = A9B46AE412B79EC60040517A /* MP42Muxer.m */; };
		A9B46B1112B79EC60040517A /* MP42Sample.m in Sources */ = {isa = PBXBuildFile; fileRef = A9B46AE612B79EC60040517A /* MP42Sample.m */; };
		A9B46B1212B79EC60040517A /* MP42SrtImporter.m in Sources */ = {isa = PBXBuildFile; fileRef = A9B46AE812B79EC60040517A /* MP42SrtImporter.m */; };
		A9B46B1312B79EC60040517A /* MP42SubtitleTrack.m in Sources */ = {isa = PBXBuildFile; fileRef = A9B46AEA12B79EC60040517A /* MP42SubtitleTrack.m */; };
		A9B46B1412B79EC60040517A /* MP42Track.m in Sources */ = {isa = PBXBuildFile; fileRef = A9B46AEC12B79EC60040517A /* MP42Track.m */; };
		A9B46B1512B79EC60040517A /* MP42Utilities.m in Sources */ = {isa = PBXBuildFile; fileRef = A9B46AEE12B79EC60040517A /* MP42Utilities.m */; };
		A9B46B1612B79EC60040517A /* MP42VideoTrack.m in Sources */ = {isa = PBXBuildFile; fileRef = A9B46AF012B79EC60040517A /* MP42VideoTrack.m */; };
		A9B46B1812B79EC60040517A /* MatroskaFile.c in Sources */ = {isa = PBXBuildFile; fileRef = A9B46AF412B79EC60040517A /* MatroskaFile.c */; };
		A9B46B1912B79EC60040517A /* MatroskaParser.c in Sources */ = {isa = PBXBuildFile; fileRef = A9B46AF612B79EC60040517A /* MatroskaParser.c */; };
		A9B46B1A12B79EC60040517A /* mbs.cpp in Sources */ = {isa = PBXBuildFile; fileRef = A9B46AF812B79EC60040517A /* mbs.cpp */; };
		A9B46B1C12B79EC60040517A /* SBAudioConverter.m in Sources */ = {isa = PBXBuildFile; fileRef = A9B46AFE12B79EC60040517A /* SBAudioConverter.m */; };
		A9B46B1D12B79EC60040517A /* sfifo.c in Sources */ = {isa = PBXBuildFile; fileRef = A9B46AFF12B79EC60040517A /* sfifo.c */; };
		A9B46B1E12B79EC60040517A /* SubUtilities.m in Sources */ = {isa = PBXBuildFile; fileRef = A9B46B0212B79EC60040517A /* SubUtilities.m */; };
		A9E96CF813892BE300D4B7F0 /* libtesseract_viewer.a in Frameworks */ = {isa = PBXBuildFile; fileRef = A9E96CE713892BE300D4B7F0 /* libtesseract_viewer.a */; };
		A9E96CF913892BE400D4B7F0 /* libtesseract_api.a in Frameworks */ = {isa = PBXBuildFile; fileRef = A9E96CE813892BE300D4B7F0 /* libtesseract_api.a */; };
		A9E96CFA13892BE400D4B7F0 /* libtesseract_ccstruct.a in Frameworks */ = {isa = PBXBuildFile; fileRef = A9E96CE913892BE300D4B7F0 /* libtesseract_ccstruct.a */; };
		A9E96CFB13892BE400D4B7F0 /* libtesseract_ccutil.a in Frameworks */ = {isa = PBXBuildFile; fileRef = A9E96CEA13892BE300D4B7F0 /* libtesseract_ccutil.a */; };
		A9E96CFC13892BE400D4B7F0 /* libtesseract_classify.a in Frameworks */ = {isa = PBXBuildFile; fileRef = A9E96CEB13892BE300D4B7F0 /* libtesseract_classify.a */; };
		A9E96CFD13892BE400D4B7F0 /* libtesseract_cutil.a in Frameworks */ = {isa = PBXBuildFile; fileRef = A9E96CEC13892BE300D4B7F0 /* libtesseract_cutil.a */; };
		A9E96CFE13892BE400D4B7F0 /* libtesseract_dict.a in Frameworks */ = {isa = PBXBuildFile; fileRef = A9E96CED13892BE300D4B7F0 /* libtesseract_dict.a */; };
		A9E96CFF13892BE400D4B7F0 /* libtesseract_image.a in Frameworks */ = {isa = PBXBuildFile; fileRef = A9E96CEE13892BE300D4B7F0 /* libtesseract_image.a */; };
		A9E96D0013892BE400D4B7F0 /* libtesseract_main.a in Frameworks */ = {isa = PBXBuildFile; fileRef = A9E96CEF13892BE300D4B7F0 /* libtesseract_main.a */; };
		A9E96D0113892BE400D4B7F0 /* libtesseract_textord.a in Frameworks */ = {isa = PBXBuildFile; fileRef = A9E96CF013892BE300D4B7F0 /* libtesseract_textord.a */; };
		A9E96D0213892BE400D4B7F0 /* libtesseract_training.a in Frameworks */ = {isa = PBXBuildFile; fileRef = A9E96CF113892BE300D4B7F0 /* libtesseract_training.a */; };
		A9E96D0313892BE400D4B7F0 /* libtesseract_wordrec.a in Frameworks */ = {isa = PBXBuildFile; fileRef = A9E96CF213892BE300D4B7F0 /* libtesseract_wordrec.a */; };
		A9E96D0413892BE400D4B7F0 /* libavcodec.a in Frameworks */ = {isa = PBXBuildFile; fileRef = A9E96CF313892BE300D4B7F0 /* libavcodec.a */; };
		A9E96D0513892BE400D4B7F0 /* libavcore.a in Frameworks */ = {isa = PBXBuildFile; fileRef = A9E96CF413892BE300D4B7F0 /* libavcore.a */; };
		A9E96D0613892BE400D4B7F0 /* libavdevice.a in Frameworks */ = {isa = PBXBuildFile; fileRef = A9E96CF513892BE300D4B7F0 /* libavdevice.a */; };
		A9E96D0713892BE400D4B7F0 /* libavformat.a in Frameworks */ = {isa = PBXBuildFile; fileRef = A9E96CF613892BE300D4B7F0 /* libavformat.a */; };
		A9E96D0813892BE400D4B7F0 /* libavutil.a in Frameworks */ = {isa = PBXBuildFile; fileRef = A9E96CF713892BE300D4B7F0 /* libavutil.a */; };
		CBE9463B12FC5350007E656A /* RegexKitLite.m in Sources */ = {isa = PBXBuildFile; fileRef = CBE9463A12FC5350007E656A /* RegexKitLite.m */; };
		CBE9466412FC543C007E656A /* lang.c in Sources */ = {isa = PBXBuildFile; fileRef = CBE9466312FC543C007E656A /* lang.c */; };
		CBE9467C12FC5510007E656A /* SublerCLI.mm in Sources */ = {isa = PBXBuildFile; fileRef = CBE9467B12FC5510007E656A /* SublerCLI.mm */; };
/* End PBXBuildFile section */

/* Begin PBXContainerItemProxy section */
		A98ED3500F59E17A00885A49 /* PBXContainerItemProxy */ = {
			isa = PBXContainerItemProxy;
			containerPortal = A98ED34A0F59E17A00885A49 /* UniversalDetector.xcodeproj */;
			proxyType = 2;
			remoteGlobalIDString = 8DC2EF5B0486A6940098B216;
			remoteInfo = UniversalDetector;
		};
		A98ED3520F59E17A00885A49 /* PBXContainerItemProxy */ = {
			isa = PBXContainerItemProxy;
			containerPortal = A98ED34A0F59E17A00885A49 /* UniversalDetector.xcodeproj */;
			proxyType = 2;
			remoteGlobalIDString = 1B0DDCAB0A2D0AD10009B697;
			remoteInfo = DetectorTest;
		};
		A98ED3540F59E17A00885A49 /* PBXContainerItemProxy */ = {
			isa = PBXContainerItemProxy;
			containerPortal = A98ED34A0F59E17A00885A49 /* UniversalDetector.xcodeproj */;
			proxyType = 2;
			remoteGlobalIDString = 3DBF4F570BCD396800DA401A;
			remoteInfo = universaldetector;
		};
		A98ED3FA0F59E23E00885A49 /* PBXContainerItemProxy */ = {
			isa = PBXContainerItemProxy;
			containerPortal = A98ED34A0F59E17A00885A49 /* UniversalDetector.xcodeproj */;
			proxyType = 1;
			remoteGlobalIDString = 3DBF4F560BCD396800DA401A;
			remoteInfo = universaldetector;
		};
/* End PBXContainerItemProxy section */

/* Begin PBXCopyFilesBuildPhase section */
		8DD76F9E0486AA7600D96B5E /* CopyFiles */ = {
			isa = PBXCopyFilesBuildPhase;
			buildActionMask = 8;
			dstPath = /usr/share/man/man1/;
			dstSubfolderSpec = 0;
			files = (
				8DD76F9F0486AA7600D96B5E /* SublerCLI.1 in CopyFiles */,
			);
			runOnlyForDeploymentPostprocessing = 1;
		};
/* End PBXCopyFilesBuildPhase section */

/* Begin PBXFileReference section */
		08FB779EFE84155DC02AAC07 /* Foundation.framework */ = {isa = PBXFileReference; lastKnownFileType = wrapper.framework; name = Foundation.framework; path = /System/Library/Frameworks/Foundation.framework; sourceTree = "<absolute>"; };
		8DD76FA10486AA7600D96B5E /* SublerCLI */ = {isa = PBXFileReference; explicitFileType = "compiled.mach-o.executable"; includeInIndex = 0; path = SublerCLI; sourceTree = BUILT_PRODUCTS_DIR; };
		A905AF1812CC9842004F9C3E /* downmix.c */ = {isa = PBXFileReference; fileEncoding = 4; lastKnownFileType = sourcecode.c.c; path = downmix.c; sourceTree = "<group>"; };
		A905AF1912CC9842004F9C3E /* downmix.h */ = {isa = PBXFileReference; fileEncoding = 4; lastKnownFileType = sourcecode.c.h; path = downmix.h; sourceTree = "<group>"; };
		A90C277010AF32AF00991030 /* libz.dylib */ = {isa = PBXFileReference; lastKnownFileType = "compiled.mach-o.dylib"; name = libz.dylib; path = /usr/lib/libz.dylib; sourceTree = "<absolute>"; };
		A91F63490FB0C70100B96B33 /* libicucore.dylib */ = {isa = PBXFileReference; lastKnownFileType = "compiled.mach-o.dylib"; name = libicucore.dylib; path = /usr/lib/libicucore.dylib; sourceTree = "<absolute>"; };
		A94871D10F7914D2008DBC94 /* QTKit.framework */ = {isa = PBXFileReference; lastKnownFileType = wrapper.framework; name = QTKit.framework; path = /System/Library/Frameworks/QTKit.framework; sourceTree = "<absolute>"; };
		A94871D60F7914E7008DBC94 /* QuickTime.framework */ = {isa = PBXFileReference; lastKnownFileType = wrapper.framework; name = QuickTime.framework; path = /System/Library/Frameworks/QuickTime.framework; sourceTree = "<absolute>"; };
		A9726A260F7B89F0008A828C /* AudioToolbox.framework */ = {isa = PBXFileReference; lastKnownFileType = wrapper.framework; name = AudioToolbox.framework; path = /System/Library/Frameworks/AudioToolbox.framework; sourceTree = "<absolute>"; };
		A98ED3240F59E08D00885A49 /* libmp4v2.a */ = {isa = PBXFileReference; lastKnownFileType = archive.ar; path = libmp4v2.a; sourceTree = "<group>"; };
		A98ED3320F59E08D00885A49 /* mp4v2.h */ = {isa = PBXFileReference; fileEncoding = 4; lastKnownFileType = sourcecode.c.h; path = mp4v2.h; sourceTree = "<group>"; };
		A98ED34A0F59E17A00885A49 /* UniversalDetector.xcodeproj */ = {isa = PBXFileReference; lastKnownFileType = "wrapper.pb-project"; name = UniversalDetector.xcodeproj; path = ../UniversalDetector/UniversalDetector.xcodeproj; sourceTree = SOURCE_ROOT; };
		A98ED4020F59E28300885A49 /* Cocoa.framework */ = {isa = PBXFileReference; lastKnownFileType = wrapper.framework; name = Cocoa.framework; path = System/Library/Frameworks/Cocoa.framework; sourceTree = SDKROOT; };
		A991318613F0044B00DCAA12 /* SBOCRWrapper.h */ = {isa = PBXFileReference; fileEncoding = 4; lastKnownFileType = sourcecode.c.h; name = SBOCRWrapper.h; path = ../SBOCRWrapper.h; sourceTree = "<group>"; };
		A991318713F0044B00DCAA12 /* SBOCRWrapper.mm */ = {isa = PBXFileReference; fileEncoding = 4; lastKnownFileType = sourcecode.cpp.objcpp; name = SBOCRWrapper.mm; path = ../SBOCRWrapper.mm; sourceTree = "<group>"; };
		A991318813F0044B00DCAA12 /* SBVobSubConverter.h */ = {isa = PBXFileReference; fileEncoding = 4; lastKnownFileType = sourcecode.c.h; name = SBVobSubConverter.h; path = ../SBVobSubConverter.h; sourceTree = "<group>"; };
		A991318913F0044B00DCAA12 /* SBVobSubConverter.m */ = {isa = PBXFileReference; fileEncoding = 4; lastKnownFileType = sourcecode.c.objc; name = SBVobSubConverter.m; path = ../SBVobSubConverter.m; sourceTree = "<group>"; };
		A9A9551313F11365002CDC85 /* MP42QTImporter.h */ = {isa = PBXFileReference; fileEncoding = 4; lastKnownFileType = sourcecode.c.h; name = MP42QTImporter.h; path = ../MP42QTImporter.h; sourceTree = "<group>"; };
		A9A9551413F11365002CDC85 /* MP42QTImporter.m */ = {isa = PBXFileReference; fileEncoding = 4; lastKnownFileType = sourcecode.c.objc; name = MP42QTImporter.m; path = ../MP42QTImporter.m; sourceTree = "<group>"; };
		A9AC785512FE96E100A72A1E /* SublerCLI_Prefix.pch */ = {isa = PBXFileReference; fileEncoding = 4; lastKnownFileType = sourcecode.c.h; path = SublerCLI_Prefix.pch; sourceTree = "<group>"; };
		A9B46AC912B79EC60040517A /* MP42AACImporter.h */ = {isa = PBXFileReference; fileEncoding = 4; lastKnownFileType = sourcecode.c.h; name = MP42AACImporter.h; path = ../MP42AACImporter.h; sourceTree = "<group>"; };
		A9B46ACA12B79EC60040517A /* MP42AACImporter.mm */ = {isa = PBXFileReference; fileEncoding = 4; lastKnownFileType = sourcecode.cpp.objcpp; name = MP42AACImporter.mm; path = ../MP42AACImporter.mm; sourceTree = "<group>"; };
		A9B46ACB12B79EC60040517A /* MP42AC3Importer.h */ = {isa = PBXFileReference; fileEncoding = 4; lastKnownFileType = sourcecode.c.h; name = MP42AC3Importer.h; path = ../MP42AC3Importer.h; sourceTree = "<group>"; };
		A9B46ACC12B79EC60040517A /* MP42AC3Importer.m */ = {isa = PBXFileReference; fileEncoding = 4; lastKnownFileType = sourcecode.c.objc; name = MP42AC3Importer.m; path = ../MP42AC3Importer.m; sourceTree = "<group>"; };
		A9B46ACD12B79EC60040517A /* MP42AudioTrack.h */ = {isa = PBXFileReference; fileEncoding = 4; lastKnownFileType = sourcecode.c.h; path = MP42AudioTrack.h; sourceTree = "<group>"; };
		A9B46ACE12B79EC60040517A /* MP42AudioTrack.m */ = {isa = PBXFileReference; fileEncoding = 4; lastKnownFileType = sourcecode.c.objc; path = MP42AudioTrack.m; sourceTree = "<group>"; };
		A9B46ACF12B79EC60040517A /* MP42CCImporter.h */ = {isa = PBXFileReference; fileEncoding = 4; lastKnownFileType = sourcecode.c.h; name = MP42CCImporter.h; path = ../MP42CCImporter.h; sourceTree = "<group>"; };
		A9B46AD012B79EC60040517A /* MP42CCImporter.m */ = {isa = PBXFileReference; fileEncoding = 4; lastKnownFileType = sourcecode.c.objc; name = MP42CCImporter.m; path = ../MP42CCImporter.m; sourceTree = "<group>"; };
		A9B46AD112B79EC60040517A /* MP42ChapterTrack.h */ = {isa = PBXFileReference; fileEncoding = 4; lastKnownFileType = sourcecode.c.h; path = MP42ChapterTrack.h; sourceTree = "<group>"; };
		A9B46AD212B79EC60040517A /* MP42ChapterTrack.m */ = {isa = PBXFileReference; fileEncoding = 4; lastKnownFileType = sourcecode.c.objc; path = MP42ChapterTrack.m; sourceTree = "<group>"; };
		A9B46AD312B79EC60040517A /* MP42ClosedCaptionTrack.h */ = {isa = PBXFileReference; fileEncoding = 4; lastKnownFileType = sourcecode.c.h; path = MP42ClosedCaptionTrack.h; sourceTree = "<group>"; };
		A9B46AD412B79EC60040517A /* MP42ClosedCaptionTrack.m */ = {isa = PBXFileReference; fileEncoding = 4; lastKnownFileType = sourcecode.c.objc; path = MP42ClosedCaptionTrack.m; sourceTree = "<group>"; };
		A9B46AD512B79EC60040517A /* MP42File.h */ = {isa = PBXFileReference; fileEncoding = 4; lastKnownFileType = sourcecode.c.h; path = MP42File.h; sourceTree = "<group>"; };
		A9B46AD612B79EC60040517A /* MP42File.m */ = {isa = PBXFileReference; fileEncoding = 4; lastKnownFileType = sourcecode.c.objc; path = MP42File.m; sourceTree = "<group>"; };
		A9B46AD712B79EC60040517A /* MP42FileImporter.h */ = {isa = PBXFileReference; fileEncoding = 4; lastKnownFileType = sourcecode.c.h; name = MP42FileImporter.h; path = ../MP42FileImporter.h; sourceTree = "<group>"; };
		A9B46AD812B79EC60040517A /* MP42FileImporter.m */ = {isa = PBXFileReference; fileEncoding = 4; lastKnownFileType = sourcecode.c.objc; name = MP42FileImporter.m; path = ../MP42FileImporter.m; sourceTree = "<group>"; };
		A9B46AD912B79EC60040517A /* MP42H264Importer.h */ = {isa = PBXFileReference; fileEncoding = 4; lastKnownFileType = sourcecode.c.h; name = MP42H264Importer.h; path = ../MP42H264Importer.h; sourceTree = "<group>"; };
		A9B46ADA12B79EC60040517A /* MP42H264Importer.mm */ = {isa = PBXFileReference; fileEncoding = 4; lastKnownFileType = sourcecode.cpp.objcpp; name = MP42H264Importer.mm; path = ../MP42H264Importer.mm; sourceTree = "<group>"; };
		A9B46ADB12B79EC60040517A /* MP42Metadata.h */ = {isa = PBXFileReference; fileEncoding = 4; lastKnownFileType = sourcecode.c.h; path = MP42Metadata.h; sourceTree = "<group>"; };
		A9B46ADC12B79EC60040517A /* MP42Metadata.m */ = {isa = PBXFileReference; fileEncoding = 4; lastKnownFileType = sourcecode.c.objc; path = MP42Metadata.m; sourceTree = "<group>"; };
		A9B46ADD12B79EC60040517A /* MP42MkvImporter.h */ = {isa = PBXFileReference; fileEncoding = 4; lastKnownFileType = sourcecode.c.h; name = MP42MkvImporter.h; path = ../MP42MkvImporter.h; sourceTree = "<group>"; };
		A9B46ADE12B79EC60040517A /* MP42MkvImporter.m */ = {isa = PBXFileReference; fileEncoding = 4; lastKnownFileType = sourcecode.c.objc; name = MP42MkvImporter.m; path = ../MP42MkvImporter.m; sourceTree = "<group>"; };
		A9B46AE112B79EC60040517A /* MP42Mp4Importer.h */ = {isa = PBXFileReference; fileEncoding = 4; lastKnownFileType = sourcecode.c.h; name = MP42Mp4Importer.h; path = ../MP42Mp4Importer.h; sourceTree = "<group>"; };
		A9B46AE212B79EC60040517A /* MP42Mp4Importer.m */ = {isa = PBXFileReference; fileEncoding = 4; lastKnownFileType = sourcecode.c.objc; name = MP42Mp4Importer.m; path = ../MP42Mp4Importer.m; sourceTree = "<group>"; };
		A9B46AE312B79EC60040517A /* MP42Muxer.h */ = {isa = PBXFileReference; fileEncoding = 4; lastKnownFileType = sourcecode.c.h; name = MP42Muxer.h; path = ../MP42Muxer.h; sourceTree = "<group>"; };
		A9B46AE412B79EC60040517A /* MP42Muxer.m */ = {isa = PBXFileReference; fileEncoding = 4; lastKnownFileType = sourcecode.c.objc; name = MP42Muxer.m; path = ../MP42Muxer.m; sourceTree = "<group>"; };
		A9B46AE512B79EC60040517A /* MP42Sample.h */ = {isa = PBXFileReference; fileEncoding = 4; lastKnownFileType = sourcecode.c.h; name = MP42Sample.h; path = ../MP42Sample.h; sourceTree = "<group>"; };
		A9B46AE612B79EC60040517A /* MP42Sample.m */ = {isa = PBXFileReference; fileEncoding = 4; lastKnownFileType = sourcecode.c.objc; name = MP42Sample.m; path = ../MP42Sample.m; sourceTree = "<group>"; };
		A9B46AE712B79EC60040517A /* MP42SrtImporter.h */ = {isa = PBXFileReference; fileEncoding = 4; lastKnownFileType = sourcecode.c.h; name = MP42SrtImporter.h; path = ../MP42SrtImporter.h; sourceTree = "<group>"; };
		A9B46AE812B79EC60040517A /* MP42SrtImporter.m */ = {isa = PBXFileReference; fileEncoding = 4; lastKnownFileType = sourcecode.c.objc; name = MP42SrtImporter.m; path = ../MP42SrtImporter.m; sourceTree = "<group>"; };
		A9B46AE912B79EC60040517A /* MP42SubtitleTrack.h */ = {isa = PBXFileReference; fileEncoding = 4; lastKnownFileType = sourcecode.c.h; path = MP42SubtitleTrack.h; sourceTree = "<group>"; };
		A9B46AEA12B79EC60040517A /* MP42SubtitleTrack.m */ = {isa = PBXFileReference; fileEncoding = 4; lastKnownFileType = sourcecode.c.objc; path = MP42SubtitleTrack.m; sourceTree = "<group>"; };
		A9B46AEB12B79EC60040517A /* MP42Track.h */ = {isa = PBXFileReference; fileEncoding = 4; lastKnownFileType = sourcecode.c.h; path = MP42Track.h; sourceTree = "<group>"; };
		A9B46AEC12B79EC60040517A /* MP42Track.m */ = {isa = PBXFileReference; fileEncoding = 4; lastKnownFileType = sourcecode.c.objc; path = MP42Track.m; sourceTree = "<group>"; };
		A9B46AED12B79EC60040517A /* MP42Utilities.h */ = {isa = PBXFileReference; fileEncoding = 4; lastKnownFileType = sourcecode.c.h; path = MP42Utilities.h; sourceTree = "<group>"; };
		A9B46AEE12B79EC60040517A /* MP42Utilities.m */ = {isa = PBXFileReference; fileEncoding = 4; lastKnownFileType = sourcecode.c.objc; path = MP42Utilities.m; sourceTree = "<group>"; };
		A9B46AEF12B79EC60040517A /* MP42VideoTrack.h */ = {isa = PBXFileReference; fileEncoding = 4; lastKnownFileType = sourcecode.c.h; path = MP42VideoTrack.h; sourceTree = "<group>"; };
		A9B46AF012B79EC60040517A /* MP42VideoTrack.m */ = {isa = PBXFileReference; fileEncoding = 4; lastKnownFileType = sourcecode.c.objc; path = MP42VideoTrack.m; sourceTree = "<group>"; };
		A9B46AF412B79EC60040517A /* MatroskaFile.c */ = {isa = PBXFileReference; fileEncoding = 4; lastKnownFileType = sourcecode.c.c; path = MatroskaFile.c; sourceTree = "<group>"; };
		A9B46AF512B79EC60040517A /* MatroskaFile.h */ = {isa = PBXFileReference; fileEncoding = 4; lastKnownFileType = sourcecode.c.h; path = MatroskaFile.h; sourceTree = "<group>"; };
		A9B46AF612B79EC60040517A /* MatroskaParser.c */ = {isa = PBXFileReference; fileEncoding = 4; lastKnownFileType = sourcecode.c.c; path = MatroskaParser.c; sourceTree = "<group>"; };
		A9B46AF712B79EC60040517A /* MatroskaParser.h */ = {isa = PBXFileReference; fileEncoding = 4; lastKnownFileType = sourcecode.c.h; path = MatroskaParser.h; sourceTree = "<group>"; };
		A9B46AF812B79EC60040517A /* mbs.cpp */ = {isa = PBXFileReference; fileEncoding = 4; lastKnownFileType = sourcecode.cpp.cpp; path = mbs.cpp; sourceTree = "<group>"; };
		A9B46AF912B79EC60040517A /* mbs.h */ = {isa = PBXFileReference; fileEncoding = 4; lastKnownFileType = sourcecode.c.h; path = mbs.h; sourceTree = "<group>"; };
		A9B46AFA12B79EC60040517A /* mpeg4ip_bitstream.h */ = {isa = PBXFileReference; fileEncoding = 4; lastKnownFileType = sourcecode.c.h; path = mpeg4ip_bitstream.h; sourceTree = "<group>"; };
		A9B46AFD12B79EC60040517A /* SBAudioConverter.h */ = {isa = PBXFileReference; fileEncoding = 4; lastKnownFileType = sourcecode.c.h; path = SBAudioConverter.h; sourceTree = "<group>"; };
		A9B46AFE12B79EC60040517A /* SBAudioConverter.m */ = {isa = PBXFileReference; fileEncoding = 4; lastKnownFileType = sourcecode.c.objc; path = SBAudioConverter.m; sourceTree = "<group>"; };
		A9B46AFF12B79EC60040517A /* sfifo.c */ = {isa = PBXFileReference; fileEncoding = 4; lastKnownFileType = sourcecode.c.c; path = sfifo.c; sourceTree = "<group>"; };
		A9B46B0012B79EC60040517A /* sfifo.h */ = {isa = PBXFileReference; fileEncoding = 4; lastKnownFileType = sourcecode.c.h; path = sfifo.h; sourceTree = "<group>"; };
		A9B46B0112B79EC60040517A /* SubUtilities.h */ = {isa = PBXFileReference; fileEncoding = 4; lastKnownFileType = sourcecode.c.h; path = SubUtilities.h; sourceTree = "<group>"; };
		A9B46B0212B79EC60040517A /* SubUtilities.m */ = {isa = PBXFileReference; fileEncoding = 4; lastKnownFileType = sourcecode.c.objc; path = SubUtilities.m; sourceTree = "<group>"; };
		A9E96CE713892BE300D4B7F0 /* libtesseract_viewer.a */ = {isa = PBXFileReference; lastKnownFileType = archive.ar; name = libtesseract_viewer.a; path = ../Tesseract/lib/libtesseract_viewer.a; sourceTree = SOURCE_ROOT; };
		A9E96CE813892BE300D4B7F0 /* libtesseract_api.a */ = {isa = PBXFileReference; lastKnownFileType = archive.ar; name = libtesseract_api.a; path = ../Tesseract/lib/libtesseract_api.a; sourceTree = SOURCE_ROOT; };
		A9E96CE913892BE300D4B7F0 /* libtesseract_ccstruct.a */ = {isa = PBXFileReference; lastKnownFileType = archive.ar; name = libtesseract_ccstruct.a; path = ../Tesseract/lib/libtesseract_ccstruct.a; sourceTree = SOURCE_ROOT; };
		A9E96CEA13892BE300D4B7F0 /* libtesseract_ccutil.a */ = {isa = PBXFileReference; lastKnownFileType = archive.ar; name = libtesseract_ccutil.a; path = ../Tesseract/lib/libtesseract_ccutil.a; sourceTree = SOURCE_ROOT; };
		A9E96CEB13892BE300D4B7F0 /* libtesseract_classify.a */ = {isa = PBXFileReference; lastKnownFileType = archive.ar; name = libtesseract_classify.a; path = ../Tesseract/lib/libtesseract_classify.a; sourceTree = SOURCE_ROOT; };
		A9E96CEC13892BE300D4B7F0 /* libtesseract_cutil.a */ = {isa = PBXFileReference; lastKnownFileType = archive.ar; name = libtesseract_cutil.a; path = ../Tesseract/lib/libtesseract_cutil.a; sourceTree = SOURCE_ROOT; };
		A9E96CED13892BE300D4B7F0 /* libtesseract_dict.a */ = {isa = PBXFileReference; lastKnownFileType = archive.ar; name = libtesseract_dict.a; path = ../Tesseract/lib/libtesseract_dict.a; sourceTree = SOURCE_ROOT; };
		A9E96CEE13892BE300D4B7F0 /* libtesseract_image.a */ = {isa = PBXFileReference; lastKnownFileType = archive.ar; name = libtesseract_image.a; path = ../Tesseract/lib/libtesseract_image.a; sourceTree = SOURCE_ROOT; };
		A9E96CEF13892BE300D4B7F0 /* libtesseract_main.a */ = {isa = PBXFileReference; lastKnownFileType = archive.ar; name = libtesseract_main.a; path = ../Tesseract/lib/libtesseract_main.a; sourceTree = SOURCE_ROOT; };
		A9E96CF013892BE300D4B7F0 /* libtesseract_textord.a */ = {isa = PBXFileReference; lastKnownFileType = archive.ar; name = libtesseract_textord.a; path = ../Tesseract/lib/libtesseract_textord.a; sourceTree = SOURCE_ROOT; };
		A9E96CF113892BE300D4B7F0 /* libtesseract_training.a */ = {isa = PBXFileReference; lastKnownFileType = archive.ar; name = libtesseract_training.a; path = ../Tesseract/lib/libtesseract_training.a; sourceTree = SOURCE_ROOT; };
		A9E96CF213892BE300D4B7F0 /* libtesseract_wordrec.a */ = {isa = PBXFileReference; lastKnownFileType = archive.ar; name = libtesseract_wordrec.a; path = ../Tesseract/lib/libtesseract_wordrec.a; sourceTree = SOURCE_ROOT; };
		A9E96CF313892BE300D4B7F0 /* libavcodec.a */ = {isa = PBXFileReference; lastKnownFileType = archive.ar; name = libavcodec.a; path = ../ffmpeg/lib/libavcodec.a; sourceTree = SOURCE_ROOT; };
		A9E96CF413892BE300D4B7F0 /* libavcore.a */ = {isa = PBXFileReference; lastKnownFileType = archive.ar; name = libavcore.a; path = ../ffmpeg/lib/libavcore.a; sourceTree = SOURCE_ROOT; };
		A9E96CF513892BE300D4B7F0 /* libavdevice.a */ = {isa = PBXFileReference; lastKnownFileType = archive.ar; name = libavdevice.a; path = ../ffmpeg/lib/libavdevice.a; sourceTree = SOURCE_ROOT; };
		A9E96CF613892BE300D4B7F0 /* libavformat.a */ = {isa = PBXFileReference; lastKnownFileType = archive.ar; name = libavformat.a; path = ../ffmpeg/lib/libavformat.a; sourceTree = SOURCE_ROOT; };
		A9E96CF713892BE300D4B7F0 /* libavutil.a */ = {isa = PBXFileReference; lastKnownFileType = archive.ar; name = libavutil.a; path = ../ffmpeg/lib/libavutil.a; sourceTree = SOURCE_ROOT; };
		C6859EA3029092ED04C91782 /* SublerCLI.1 */ = {isa = PBXFileReference; lastKnownFileType = text.man; path = SublerCLI.1; sourceTree = "<group>"; };
		CBE9463A12FC5350007E656A /* RegexKitLite.m */ = {isa = PBXFileReference; fileEncoding = 4; lastKnownFileType = sourcecode.c.objc; name = RegexKitLite.m; path = ../Others/RegexKitLite.m; sourceTree = "<group>"; };
		CBE9463C12FC535B007E656A /* RegexKitLite.h */ = {isa = PBXFileReference; fileEncoding = 4; lastKnownFileType = sourcecode.c.h; name = RegexKitLite.h; path = ../Others/RegexKitLite.h; sourceTree = "<group>"; };
		CBE9465612FC53FF007E656A /* UniversalDetector.h */ = {isa = PBXFileReference; fileEncoding = 4; lastKnownFileType = sourcecode.c.h; name = UniversalDetector.h; path = ../UniversalDetector/UniversalDetector.h; sourceTree = "<group>"; };
		CBE9466212FC5434007E656A /* lang.h */ = {isa = PBXFileReference; fileEncoding = 4; lastKnownFileType = sourcecode.c.h; name = lang.h; path = ../Others/lang.h; sourceTree = "<group>"; };
		CBE9466312FC543C007E656A /* lang.c */ = {isa = PBXFileReference; fileEncoding = 4; lastKnownFileType = sourcecode.c.c; name = lang.c; path = ../Others/lang.c; sourceTree = "<group>"; };
		CBE9467B12FC5510007E656A /* SublerCLI.mm */ = {isa = PBXFileReference; fileEncoding = 4; lastKnownFileType = sourcecode.cpp.objcpp; path = SublerCLI.mm; sourceTree = "<group>"; };
/* End PBXFileReference section */

/* Begin PBXFrameworksBuildPhase section */
		8DD76F9B0486AA7600D96B5E /* Frameworks */ = {
			isa = PBXFrameworksBuildPhase;
			buildActionMask = 2147483647;
			files = (
				8DD76F9C0486AA7600D96B5E /* Foundation.framework in Frameworks */,
				A98ED3330F59E08D00885A49 /* libmp4v2.a in Frameworks */,
				A98ED3FC0F59E24A00885A49 /* libuniversaldetector.a in Frameworks */,
				A98ED4030F59E28300885A49 /* Cocoa.framework in Frameworks */,
				A94871D20F7914D2008DBC94 /* QTKit.framework in Frameworks */,
				A94871D70F7914E7008DBC94 /* QuickTime.framework in Frameworks */,
				A9726A270F7B89F0008A828C /* AudioToolbox.framework in Frameworks */,
				A91F634A0FB0C70100B96B33 /* libicucore.dylib in Frameworks */,
				A90C277110AF32AF00991030 /* libz.dylib in Frameworks */,
				A9E96CF813892BE300D4B7F0 /* libtesseract_viewer.a in Frameworks */,
				A9E96CF913892BE400D4B7F0 /* libtesseract_api.a in Frameworks */,
				A9E96CFA13892BE400D4B7F0 /* libtesseract_ccstruct.a in Frameworks */,
				A9E96CFB13892BE400D4B7F0 /* libtesseract_ccutil.a in Frameworks */,
				A9E96CFC13892BE400D4B7F0 /* libtesseract_classify.a in Frameworks */,
				A9E96CFD13892BE400D4B7F0 /* libtesseract_cutil.a in Frameworks */,
				A9E96CFE13892BE400D4B7F0 /* libtesseract_dict.a in Frameworks */,
				A9E96CFF13892BE400D4B7F0 /* libtesseract_image.a in Frameworks */,
				A9E96D0013892BE400D4B7F0 /* libtesseract_main.a in Frameworks */,
				A9E96D0113892BE400D4B7F0 /* libtesseract_textord.a in Frameworks */,
				A9E96D0213892BE400D4B7F0 /* libtesseract_training.a in Frameworks */,
				A9E96D0313892BE400D4B7F0 /* libtesseract_wordrec.a in Frameworks */,
				A9E96D0413892BE400D4B7F0 /* libavcodec.a in Frameworks */,
				A9E96D0513892BE400D4B7F0 /* libavcore.a in Frameworks */,
				A9E96D0613892BE400D4B7F0 /* libavdevice.a in Frameworks */,
				A9E96D0713892BE400D4B7F0 /* libavformat.a in Frameworks */,
				A9E96D0813892BE400D4B7F0 /* libavutil.a in Frameworks */,
			);
			runOnlyForDeploymentPostprocessing = 0;
		};
/* End PBXFrameworksBuildPhase section */

/* Begin PBXGroup section */
		08FB7794FE84155DC02AAC07 /* SublerCLI */ = {
			isa = PBXGroup;
			children = (
				08FB7795FE84155DC02AAC07 /* Source */,
				C6859EA2029092E104C91782 /* Documentation */,
				08FB779DFE84155DC02AAC07 /* External Frameworks and Libraries */,
				1AB674ADFE9D54B511CA2CBB /* Products */,
			);
			name = SublerCLI;
			sourceTree = "<group>";
		};
		08FB7795FE84155DC02AAC07 /* Source */ = {
			isa = PBXGroup;
			children = (
				A9AC785512FE96E100A72A1E /* SublerCLI_Prefix.pch */,
				CBE9467B12FC5510007E656A /* SublerCLI.mm */,
				A9B46AC812B79EC60040517A /* mp4v2 wrapper */,
				A9975E6C12B8CD6B00A3EFB6 /* Others */,
			);
			name = Source;
			sourceTree = "<group>";
		};
		08FB779DFE84155DC02AAC07 /* External Frameworks and Libraries */ = {
			isa = PBXGroup;
			children = (
				A91F63490FB0C70100B96B33 /* libicucore.dylib */,
				A9726A260F7B89F0008A828C /* AudioToolbox.framework */,
				A94871D60F7914E7008DBC94 /* QuickTime.framework */,
				A94871D10F7914D2008DBC94 /* QTKit.framework */,
				A98ED34A0F59E17A00885A49 /* UniversalDetector.xcodeproj */,
				A98ED3230F59E08D00885A49 /* mp4v2 */,
				A98ED4020F59E28300885A49 /* Cocoa.framework */,
				08FB779EFE84155DC02AAC07 /* Foundation.framework */,
				A90C277010AF32AF00991030 /* libz.dylib */,
				A9E96CE713892BE300D4B7F0 /* libtesseract_viewer.a */,
				A9E96CE813892BE300D4B7F0 /* libtesseract_api.a */,
				A9E96CE913892BE300D4B7F0 /* libtesseract_ccstruct.a */,
				A9E96CEA13892BE300D4B7F0 /* libtesseract_ccutil.a */,
				A9E96CEB13892BE300D4B7F0 /* libtesseract_classify.a */,
				A9E96CEC13892BE300D4B7F0 /* libtesseract_cutil.a */,
				A9E96CED13892BE300D4B7F0 /* libtesseract_dict.a */,
				A9E96CEE13892BE300D4B7F0 /* libtesseract_image.a */,
				A9E96CEF13892BE300D4B7F0 /* libtesseract_main.a */,
				A9E96CF013892BE300D4B7F0 /* libtesseract_textord.a */,
				A9E96CF113892BE300D4B7F0 /* libtesseract_training.a */,
				A9E96CF213892BE300D4B7F0 /* libtesseract_wordrec.a */,
				A9E96CF313892BE300D4B7F0 /* libavcodec.a */,
				A9E96CF413892BE300D4B7F0 /* libavcore.a */,
				A9E96CF513892BE300D4B7F0 /* libavdevice.a */,
				A9E96CF613892BE300D4B7F0 /* libavformat.a */,
				A9E96CF713892BE300D4B7F0 /* libavutil.a */,
			);
			name = "External Frameworks and Libraries";
			sourceTree = "<group>";
		};
		1AB674ADFE9D54B511CA2CBB /* Products */ = {
			isa = PBXGroup;
			children = (
				8DD76FA10486AA7600D96B5E /* SublerCLI */,
			);
			name = Products;
			sourceTree = "<group>";
		};
		A98ED3230F59E08D00885A49 /* mp4v2 */ = {
			isa = PBXGroup;
			children = (
				A98ED3240F59E08D00885A49 /* libmp4v2.a */,
				A98ED3320F59E08D00885A49 /* mp4v2.h */,
			);
			name = mp4v2;
			path = ../mp4v2;
			sourceTree = SOURCE_ROOT;
		};
		A98ED34B0F59E17A00885A49 /* Products */ = {
			isa = PBXGroup;
			children = (
				A98ED3510F59E17A00885A49 /* UniversalDetector.framework */,
				A98ED3530F59E17A00885A49 /* DetectorTest */,
				A98ED3550F59E17A00885A49 /* libuniversaldetector.a */,
			);
			name = Products;
			sourceTree = "<group>";
		};
		A9975E6C12B8CD6B00A3EFB6 /* Others */ = {
			isa = PBXGroup;
			children = (
				CBE9466312FC543C007E656A /* lang.c */,
				CBE9466212FC5434007E656A /* lang.h */,
				CBE9465612FC53FF007E656A /* UniversalDetector.h */,
				CBE9463C12FC535B007E656A /* RegexKitLite.h */,
				CBE9463A12FC5350007E656A /* RegexKitLite.m */,
			);
			name = Others;
			sourceTree = "<group>";
		};
		A9B46AC812B79EC60040517A /* mp4v2 wrapper */ = {
			isa = PBXGroup;
			children = (
				A9B46AD512B79EC60040517A /* MP42File.h */,
				A9B46AD612B79EC60040517A /* MP42File.m */,
				A9B46ADB12B79EC60040517A /* MP42Metadata.h */,
				A9B46ADC12B79EC60040517A /* MP42Metadata.m */,
				A9B46AEB12B79EC60040517A /* MP42Track.h */,
				A9B46AEC12B79EC60040517A /* MP42Track.m */,
				A9B46AEF12B79EC60040517A /* MP42VideoTrack.h */,
				A9B46AF012B79EC60040517A /* MP42VideoTrack.m */,
				A9B46ACD12B79EC60040517A /* MP42AudioTrack.h */,
				A9B46ACE12B79EC60040517A /* MP42AudioTrack.m */,
				A9B46AD112B79EC60040517A /* MP42ChapterTrack.h */,
				A9B46AD212B79EC60040517A /* MP42ChapterTrack.m */,
				A9B46AD312B79EC60040517A /* MP42ClosedCaptionTrack.h */,
				A9B46AD412B79EC60040517A /* MP42ClosedCaptionTrack.m */,
				A9B46AE912B79EC60040517A /* MP42SubtitleTrack.h */,
				A9B46AEA12B79EC60040517A /* MP42SubtitleTrack.m */,
				A9B46AED12B79EC60040517A /* MP42Utilities.h */,
				A9B46AEE12B79EC60040517A /* MP42Utilities.m */,
				A9B46AF112B79EC60040517A /* muxer */,
				A9B46AFD12B79EC60040517A /* SBAudioConverter.h */,
				A9B46AFE12B79EC60040517A /* SBAudioConverter.m */,
				A9B46AFF12B79EC60040517A /* sfifo.c */,
				A9B46B0012B79EC60040517A /* sfifo.h */,
				A9B46B0112B79EC60040517A /* SubUtilities.h */,
				A9B46B0212B79EC60040517A /* SubUtilities.m */,
			);
			name = "mp4v2 wrapper";
			path = "../mp4v2 wrapper";
			sourceTree = SOURCE_ROOT;
		};
		A9B46AF112B79EC60040517A /* muxer */ = {
			isa = PBXGroup;
			children = (
				A9B46AD712B79EC60040517A /* MP42FileImporter.h */,
				A9B46AD812B79EC60040517A /* MP42FileImporter.m */,
				A9B46AC912B79EC60040517A /* MP42AACImporter.h */,
				A9B46ACA12B79EC60040517A /* MP42AACImporter.mm */,
				A9B46ACB12B79EC60040517A /* MP42AC3Importer.h */,
				A9B46ACC12B79EC60040517A /* MP42AC3Importer.m */,
				A9B46ACF12B79EC60040517A /* MP42CCImporter.h */,
				A9B46AD012B79EC60040517A /* MP42CCImporter.m */,
				A9B46AD912B79EC60040517A /* MP42H264Importer.h */,
				A9B46ADA12B79EC60040517A /* MP42H264Importer.mm */,
				A9B46ADD12B79EC60040517A /* MP42MkvImporter.h */,
				A9B46ADE12B79EC60040517A /* MP42MkvImporter.m */,
				A9A9551313F11365002CDC85 /* MP42QTImporter.h */,
				A9A9551413F11365002CDC85 /* MP42QTImporter.m */,
				A9B46AE112B79EC60040517A /* MP42Mp4Importer.h */,
				A9B46AE212B79EC60040517A /* MP42Mp4Importer.m */,
				A9B46AE312B79EC60040517A /* MP42Muxer.h */,
				A9B46AE412B79EC60040517A /* MP42Muxer.m */,
				A9B46AE512B79EC60040517A /* MP42Sample.h */,
				A9B46AE612B79EC60040517A /* MP42Sample.m */,
				A9B46AE712B79EC60040517A /* MP42SrtImporter.h */,
				A9B46AE812B79EC60040517A /* MP42SrtImporter.m */,
				A991318613F0044B00DCAA12 /* SBOCRWrapper.h */,
				A991318713F0044B00DCAA12 /* SBOCRWrapper.mm */,
				A991318813F0044B00DCAA12 /* SBVobSubConverter.h */,
				A991318913F0044B00DCAA12 /* SBVobSubConverter.m */,
				A9B46AF412B79EC60040517A /* MatroskaFile.c */,
				A9B46AF512B79EC60040517A /* MatroskaFile.h */,
				A9B46AF612B79EC60040517A /* MatroskaParser.c */,
				A9B46AF712B79EC60040517A /* MatroskaParser.h */,
				A9B46AF812B79EC60040517A /* mbs.cpp */,
				A9B46AF912B79EC60040517A /* mbs.h */,
				A9B46AFA12B79EC60040517A /* mpeg4ip_bitstream.h */,
				A905AF1812CC9842004F9C3E /* downmix.c */,
				A905AF1912CC9842004F9C3E /* downmix.h */,
			);
			path = muxer;
			sourceTree = "<group>";
		};
		C6859EA2029092E104C91782 /* Documentation */ = {
			isa = PBXGroup;
			children = (
				C6859EA3029092ED04C91782 /* SublerCLI.1 */,
			);
			name = Documentation;
			sourceTree = "<group>";
		};
/* End PBXGroup section */

/* Begin PBXNativeTarget section */
		8DD76F960486AA7600D96B5E /* SublerCLI */ = {
			isa = PBXNativeTarget;
			buildConfigurationList = 1DEB927408733DD40010E9CD /* Build configuration list for PBXNativeTarget "SublerCLI" */;
			buildPhases = (
				8DD76F990486AA7600D96B5E /* Sources */,
				8DD76F9B0486AA7600D96B5E /* Frameworks */,
				8DD76F9E0486AA7600D96B5E /* CopyFiles */,
			);
			buildRules = (
			);
			dependencies = (
				A98ED3FB0F59E23E00885A49 /* PBXTargetDependency */,
			);
			name = SublerCLI;
			productInstallPath = "$(HOME)/bin";
			productName = SublerCLI;
			productReference = 8DD76FA10486AA7600D96B5E /* SublerCLI */;
			productType = "com.apple.product-type.tool";
		};
/* End PBXNativeTarget section */

/* Begin PBXProject section */
		08FB7793FE84155DC02AAC07 /* Project object */ = {
			isa = PBXProject;
			buildConfigurationList = 1DEB927808733DD40010E9CD /* Build configuration list for PBXProject "SublerCLI" */;
			compatibilityVersion = "Xcode 3.1";
			developmentRegion = English;
			hasScannedForEncodings = 1;
			knownRegions = (
				English,
				Japanese,
				French,
				German,
			);
			mainGroup = 08FB7794FE84155DC02AAC07 /* SublerCLI */;
			projectDirPath = "";
			projectReferences = (
				{
					ProductGroup = A98ED34B0F59E17A00885A49 /* Products */;
					ProjectRef = A98ED34A0F59E17A00885A49 /* UniversalDetector.xcodeproj */;
				},
			);
			projectRoot = "";
			targets = (
				8DD76F960486AA7600D96B5E /* SublerCLI */,
			);
		};
/* End PBXProject section */

/* Begin PBXReferenceProxy section */
		A98ED3510F59E17A00885A49 /* UniversalDetector.framework */ = {
			isa = PBXReferenceProxy;
			fileType = wrapper.framework;
			path = UniversalDetector.framework;
			remoteRef = A98ED3500F59E17A00885A49 /* PBXContainerItemProxy */;
			sourceTree = BUILT_PRODUCTS_DIR;
		};
		A98ED3530F59E17A00885A49 /* DetectorTest */ = {
			isa = PBXReferenceProxy;
			fileType = "compiled.mach-o.executable";
			path = DetectorTest;
			remoteRef = A98ED3520F59E17A00885A49 /* PBXContainerItemProxy */;
			sourceTree = BUILT_PRODUCTS_DIR;
		};
		A98ED3550F59E17A00885A49 /* libuniversaldetector.a */ = {
			isa = PBXReferenceProxy;
			fileType = archive.ar;
			path = libuniversaldetector.a;
			remoteRef = A98ED3540F59E17A00885A49 /* PBXContainerItemProxy */;
			sourceTree = BUILT_PRODUCTS_DIR;
		};
/* End PBXReferenceProxy section */

/* Begin PBXSourcesBuildPhase section */
		8DD76F990486AA7600D96B5E /* Sources */ = {
			isa = PBXSourcesBuildPhase;
			buildActionMask = 2147483647;
			files = (
				A9B46B0312B79EC60040517A /* MP42AACImporter.mm in Sources */,
				A9B46B0412B79EC60040517A /* MP42AC3Importer.m in Sources */,
				A9B46B0512B79EC60040517A /* MP42AudioTrack.m in Sources */,
				A9B46B0612B79EC60040517A /* MP42CCImporter.m in Sources */,
				A9B46B0712B79EC60040517A /* MP42ChapterTrack.m in Sources */,
				A9B46B0812B79EC60040517A /* MP42ClosedCaptionTrack.m in Sources */,
				A9B46B0912B79EC60040517A /* MP42File.m in Sources */,
				A9B46B0A12B79EC60040517A /* MP42FileImporter.m in Sources */,
				A9B46B0B12B79EC60040517A /* MP42H264Importer.mm in Sources */,
				A9B46B0C12B79EC60040517A /* MP42Metadata.m in Sources */,
				A9B46B0D12B79EC60040517A /* MP42MkvImporter.m in Sources */,
				A9B46B0F12B79EC60040517A /* MP42Mp4Importer.m in Sources */,
				A9B46B1012B79EC60040517A /* MP42Muxer.m in Sources */,
				A9B46B1112B79EC60040517A /* MP42Sample.m in Sources */,
				A9B46B1212B79EC60040517A /* MP42SrtImporter.m in Sources */,
				A9B46B1312B79EC60040517A /* MP42SubtitleTrack.m in Sources */,
				A9B46B1412B79EC60040517A /* MP42Track.m in Sources */,
				A9B46B1512B79EC60040517A /* MP42Utilities.m in Sources */,
				A9B46B1612B79EC60040517A /* MP42VideoTrack.m in Sources */,
				A9B46B1812B79EC60040517A /* MatroskaFile.c in Sources */,
				A9B46B1912B79EC60040517A /* MatroskaParser.c in Sources */,
				A9B46B1A12B79EC60040517A /* mbs.cpp in Sources */,
				A9B46B1C12B79EC60040517A /* SBAudioConverter.m in Sources */,
				A9B46B1D12B79EC60040517A /* sfifo.c in Sources */,
				A9B46B1E12B79EC60040517A /* SubUtilities.m in Sources */,
				A905AF1A12CC9842004F9C3E /* downmix.c in Sources */,
				CBE9463B12FC5350007E656A /* RegexKitLite.m in Sources */,
				CBE9466412FC543C007E656A /* lang.c in Sources */,
				CBE9467C12FC5510007E656A /* SublerCLI.mm in Sources */,
				A991318A13F0044B00DCAA12 /* SBOCRWrapper.mm in Sources */,
				A991318B13F0044B00DCAA12 /* SBVobSubConverter.m in Sources */,
				A9A9551513F11365002CDC85 /* MP42QTImporter.m in Sources */,
			);
			runOnlyForDeploymentPostprocessing = 0;
		};
/* End PBXSourcesBuildPhase section */

/* Begin PBXTargetDependency section */
		A98ED3FB0F59E23E00885A49 /* PBXTargetDependency */ = {
			isa = PBXTargetDependency;
			name = universaldetector;
			targetProxy = A98ED3FA0F59E23E00885A49 /* PBXContainerItemProxy */;
		};
/* End PBXTargetDependency section */

/* Begin XCBuildConfiguration section */
		1DEB927508733DD40010E9CD /* Debug */ = {
			isa = XCBuildConfiguration;
			buildSettings = {
				ALWAYS_SEARCH_USER_PATHS = NO;
				COPY_PHASE_STRIP = NO;
				GCC_DYNAMIC_NO_PIC = NO;
				GCC_ENABLE_FIX_AND_CONTINUE = YES;
				GCC_MODEL_TUNING = G5;
				GCC_OPTIMIZATION_LEVEL = 0;
				GCC_PRECOMPILE_PREFIX_HEADER = YES;
				GCC_PREFIX_HEADER = SublerCLI_Prefix.pch;
				HEADER_SEARCH_PATHS = (
					"\"$(SRCROOT)/../mp4v2\"/**",
					"\"$(SRCROOT)/../Tesseract\"/**",
					"\"$(SRCROOT)/../ffmpeg\"/**",
				);
				INSTALL_PATH = /usr/local/bin;
				LIBRARY_SEARCH_PATHS = (
					"$(inherited)",
					"\"$(SRCROOT)/../mp4v2\"",
					"\"$(SRCROOT)/../Tesseract/lib\"",
					"\"$(SRCROOT)/../ffmpeg/lib\"",
				);
				PRODUCT_NAME = SublerCLI;
				SDKROOT = macosx10.6;
				USER_HEADER_SEARCH_PATHS = "\"$(SRCROOT)/../mp4v2\"/** \"$(SRCROOT)/../Tesseract\"/** \"$(SRCROOT)/../ffmpeg\"/**";
			};
			name = Debug;
		};
		1DEB927608733DD40010E9CD /* Release */ = {
			isa = XCBuildConfiguration;
			buildSettings = {
				ALWAYS_SEARCH_USER_PATHS = NO;
				DEBUG_INFORMATION_FORMAT = "dwarf-with-dsym";
				GCC_MODEL_TUNING = G5;
				GCC_PRECOMPILE_PREFIX_HEADER = YES;
				GCC_PREFIX_HEADER = SublerCLI_Prefix.pch;
				HEADER_SEARCH_PATHS = (
					"\"$(SRCROOT)/../mp4v2\"/**",
					"\"$(SRCROOT)/../Tesseract\"/**",
					"\"$(SRCROOT)/../ffmpeg\"/**",
				);
				INSTALL_PATH = /usr/local/bin;
				LIBRARY_SEARCH_PATHS = (
					"$(inherited)",
					"\"$(SRCROOT)/../mp4v2\"",
					"\"$(SRCROOT)/../Tesseract/lib\"",
					"\"$(SRCROOT)/../ffmpeg/lib\"",
				);
				PRODUCT_NAME = SublerCLI;
				SDKROOT = macosx10.6;
				USER_HEADER_SEARCH_PATHS = "\"$(SRCROOT)/../mp4v2\"/** \"$(SRCROOT)/../Tesseract\"/** \"$(SRCROOT)/../ffmpeg\"/**";
			};
			name = Release;
		};
		1DEB927908733DD40010E9CD /* Debug */ = {
			isa = XCBuildConfiguration;
			buildSettings = {
				ARCHS = (
					ppc,
					i386,
				);
				GCC_C_LANGUAGE_STANDARD = c99;
				GCC_OPTIMIZATION_LEVEL = 0;
				GCC_VERSION = com.apple.compilers.llvm.clang.1_0;
				GCC_WARN_ABOUT_RETURN_TYPE = YES;
				GCC_WARN_UNUSED_VARIABLE = YES;
				HEADER_SEARCH_PATHS = (
					"\"$(SRCROOT)/../mp4v2\"/**",
					"\"$(SRCROOT)/Tesseract\"/**",
					"\"$(SRCROOT)/ffmpeg\"/**",
				);
				LIBRARY_SEARCH_PATHS = "\"$(SRCROOT)/../mp4v2\"/**";
				ONLY_ACTIVE_ARCH = YES;
				PREBINDING = NO;
				SDKROOT = macosx10.5;
				USER_HEADER_SEARCH_PATHS = "\"$(SRCROOT)/../mp4v2\"/** \"$(SRCROOT)/Tesseract\"/** \"$(SRCROOT)/ffmpeg\"/**";
				VALID_ARCHS = "i386 x86_64";
			};
			name = Debug;
		};
		1DEB927A08733DD40010E9CD /* Release */ = {
			isa = XCBuildConfiguration;
			buildSettings = {
				ARCHS = "$(ARCHS_STANDARD_32_64_BIT)";
				GCC_C_LANGUAGE_STANDARD = c99;
				GCC_VERSION = com.apple.compilers.llvm.clang.1_0;
				GCC_WARN_ABOUT_RETURN_TYPE = YES;
				GCC_WARN_UNUSED_VARIABLE = YES;
				HEADER_SEARCH_PATHS = (
					"\"$(SRCROOT)/../mp4v2\"/**",
					"\"$(SRCROOT)/Tesseract\"/**",
					"\"$(SRCROOT)/ffmpeg\"/**",
				);
				LIBRARY_SEARCH_PATHS = "\"$(SRCROOT)/../mp4v2\"/**";
				PREBINDING = NO;
				SDKROOT = macosx10.5;
				USER_HEADER_SEARCH_PATHS = "\"$(SRCROOT)/../mp4v2\"/** \"$(SRCROOT)/Tesseract\"/** \"$(SRCROOT)/ffmpeg\"/**";
				VALID_ARCHS = "i386 x86_64";
			};
			name = Release;
		};
/* End XCBuildConfiguration section */

/* Begin XCConfigurationList section */
		1DEB927408733DD40010E9CD /* Build configuration list for PBXNativeTarget "SublerCLI" */ = {
			isa = XCConfigurationList;
			buildConfigurations = (
				1DEB927508733DD40010E9CD /* Debug */,
				1DEB927608733DD40010E9CD /* Release */,
			);
			defaultConfigurationIsVisible = 0;
			defaultConfigurationName = Release;
		};
		1DEB927808733DD40010E9CD /* Build configuration list for PBXProject "SublerCLI" */ = {
			isa = XCConfigurationList;
			buildConfigurations = (
				1DEB927908733DD40010E9CD /* Debug */,
				1DEB927A08733DD40010E9CD /* Release */,
			);
			defaultConfigurationIsVisible = 0;
			defaultConfigurationName = Release;
		};
/* End XCConfigurationList section */
	};
	rootObject = 08FB7793FE84155DC02AAC07 /* Project object */;
}
